
Microsoft Visual Studio Solution File, Format Version 12.00
# Visual Studio Version 17
VisualStudioVersion = 17.2.32630.192
MinimumVisualStudioVersion = 10.0.40219.1
Project("{9A19103F-16F7-4668-BE54-9A1E7A4F7556}") = "R5T.F0000", "R5T.F0000\R5T.F0000.csproj", "{D15DE205-BE89-4A42-8D3D-2C6A0CCAEC35}"
EndProject
Project("{2150E333-8FDC-42A3-9474-1A3956D46DE8}") = "_Dependencies", "_Dependencies", "{0D0FEF2D-829B-4B31-8E32-7C9632A25C10}"
EndProject
Project("{9A19103F-16F7-4668-BE54-9A1E7A4F7556}") = "R5T.T0132", "..\..\R5T.T0132\source\R5T.T0132\R5T.T0132.csproj", "{A218B47B-32F4-468F-9A67-874B0AAA347F}"
EndProject
Project("{9A19103F-16F7-4668-BE54-9A1E7A4F7556}") = "R5T.Z0000", "..\..\R5T.Z0000\source\R5T.Z0000\R5T.Z0000.csproj", "{65E0374F-86E2-41AE-A1EB-E048605F81A8}"
EndProject
Project("{9A19103F-16F7-4668-BE54-9A1E7A4F7556}") = "R5T.T0131", "..\..\R5T.T0131\source\R5T.T0131\R5T.T0131.csproj", "{BC818DC9-45A3-4C99-8961-4262270E36F3}"
EndProject
Project("{9A19103F-16F7-4668-BE54-9A1E7A4F7556}") = "R5T.Y0000", "..\..\R5T.Y0000\source\R5T.Y0000\R5T.Y0000.csproj", "{E5211945-BD5C-45FE-9BB3-A08EE1EB2AD0}"
EndProject
Project("{9A19103F-16F7-4668-BE54-9A1E7A4F7556}") = "R5T.T0142", "..\..\R5T.T0142\source\R5T.T0142\R5T.T0142.csproj", "{F98D834D-084C-481D-95CF-490D0BF61794}"
EndProject
Project("{9A19103F-16F7-4668-BE54-9A1E7A4F7556}") = "R5T.T0143", "..\..\R5T.T0143\source\R5T.T0143\R5T.T0143.csproj", "{AAD24A53-1798-40F0-B041-1113956B46C0}"
EndProject
Project("{9A19103F-16F7-4668-BE54-9A1E7A4F7556}") = "R5T.T0156", "..\..\R5T.T0156\source\R5T.T0156\R5T.T0156.csproj", "{218081ED-900F-4D8C-BA1B-2903A08053D2}"
EndProject
Project("{9A19103F-16F7-4668-BE54-9A1E7A4F7556}") = "R5T.L0053", "..\..\R5T.L0053\source\R5T.L0053\R5T.L0053.csproj", "{C9A59624-5926-47FF-9719-196873DE5E89}"
EndProject
Project("{9A19103F-16F7-4668-BE54-9A1E7A4F7556}") = "R5T.L0066", "..\..\R5T.L0066\source\R5T.L0066\R5T.L0066.csproj", "{F3BDF025-AE50-4129-9C16-F82CC40430E8}"
EndProject
Project("{9A19103F-16F7-4668-BE54-9A1E7A4F7556}") = "R5T.L0071", "..\..\R5T.L0071\source\R5T.L0071\R5T.L0071.csproj", "{7DADBD36-B52A-4C3D-AE3C-A93E5DE10521}"
EndProject
Project("{9A19103F-16F7-4668-BE54-9A1E7A4F7556}") = "R5T.L0089.F000", "..\..\R5T.L0089\source\R5T.L0089.F000\R5T.L0089.F000.csproj", "{5E4EB767-26FF-44B4-A1F5-06786458DF0A}"
EndProject
Project("{9A19103F-16F7-4668-BE54-9A1E7A4F7556}") = "R5T.L0089.T000", "..\..\R5T.L0089\source\R5T.L0089.T000\R5T.L0089.T000.csproj", "{0815E624-6285-4E8F-968D-D3500962441A}"
EndProject
Project("{9A19103F-16F7-4668-BE54-9A1E7A4F7556}") = "R5T.L0089", "..\..\R5T.L0089\source\R5T.L0089\R5T.L0089.csproj", "{53F4030A-402A-41C3-93E2-E51888D77885}"
EndProject
Project("{9A19103F-16F7-4668-BE54-9A1E7A4F7556}") = "R5T.T0221", "..\..\R5T.T0221\source\R5T.T0221\R5T.T0221.csproj", "{378B41F0-5730-4081-B363-0F3C8EEC084D}"
EndProject
Project("{9A19103F-16F7-4668-BE54-9A1E7A4F7556}") = "R5T.Y0006", "..\..\R5T.Y0006\source\R5T.Y0006\R5T.Y0006.csproj", "{9880A968-1DBE-4088-B1CB-A83F632DEFEA}"
EndProject
Project("{9A19103F-16F7-4668-BE54-9A1E7A4F7556}") = "R5T.Z0010.Platform", "..\..\R5T.Z0010\source\R5T.Z0010.Platform\R5T.Z0010.Platform.csproj", "{C4678F81-C0E4-419B-9043-FDCDC818A02F}"
EndProject
Project("{9A19103F-16F7-4668-BE54-9A1E7A4F7556}") = "R5T.T0241", "..\..\R5T.T0241\source\R5T.T0241\R5T.T0241.csproj", "{5C4351D4-D04D-4254-BBE7-DC1A33596AD5}"
EndProject
Project("{9A19103F-16F7-4668-BE54-9A1E7A4F7556}") = "R5T.T0251", "..\..\R5T.T0251\source\R5T.T0251\R5T.T0251.csproj", "{B7631608-BA33-4143-AD3A-0B3988B2B1DE}"
EndProject
Project("{9A19103F-16F7-4668-BE54-9A1E7A4F7556}") = "R5T.Z0072.Z000", "..\..\R5T.Z0072\source\R5T.Z0072.Z000\R5T.Z0072.Z000.csproj", "{62F4A8B7-DACE-49AB-AB6F-DEE161142F46}"
EndProject
Project("{9A19103F-16F7-4668-BE54-9A1E7A4F7556}") = "R5T.Z0072.Z002", "..\..\R5T.Z0072\source\R5T.Z0072.Z002\R5T.Z0072.Z002.csproj", "{1AD296B7-6FB5-4DA8-9831-DB0FB81A74FF}"
EndProject
Project("{9A19103F-16F7-4668-BE54-9A1E7A4F7556}") = "F10Y.L0000", "..\..\..\Functionairy\F10Y.L0000\source\F10Y.L0000\F10Y.L0000.csproj", "{1D17E792-99F5-4F15-8458-BCF8CEC7386A}"
EndProject
Project("{9A19103F-16F7-4668-BE54-9A1E7A4F7556}") = "F10Y.L0001.L000", "..\..\..\Functionairy\F10Y.L0001\source\F10Y.L0001.L000\F10Y.L0001.L000.csproj", "{1E35B968-9BF4-44EB-842B-5F9C396B1F04}"
EndProject
Project("{9A19103F-16F7-4668-BE54-9A1E7A4F7556}") = "F10Y.L0001.L001", "..\..\..\Functionairy\F10Y.L0001\source\F10Y.L0001.L001\F10Y.L0001.L001.csproj", "{099B3EF2-76FD-4494-A10C-FA5D7153BB58}"
EndProject
Project("{9A19103F-16F7-4668-BE54-9A1E7A4F7556}") = "F10Y.L0001.L002", "..\..\..\Functionairy\F10Y.L0001\source\F10Y.L0001.L002\F10Y.L0001.L002.csproj", "{F913ACC9-1E5C-4E10-9468-C83C7118CA3F}"
EndProject
Project("{9A19103F-16F7-4668-BE54-9A1E7A4F7556}") = "F10Y.L0001.L003", "..\..\..\Functionairy\F10Y.L0001\source\F10Y.L0001.L003\F10Y.L0001.L003.csproj", "{16917EC0-5280-4567-8E40-328EE758D6BA}"
EndProject
Project("{9A19103F-16F7-4668-BE54-9A1E7A4F7556}") = "F10Y.L0001.T000", "..\..\..\Functionairy\F10Y.L0001\source\F10Y.L0001.T000\F10Y.L0001.T000.csproj", "{6B02F413-D1B9-4825-B429-2740B7D48546}"
EndProject
Project("{9A19103F-16F7-4668-BE54-9A1E7A4F7556}") = "F10Y.L0001.X000", "..\..\..\Functionairy\F10Y.L0001\source\F10Y.L0001.X000\F10Y.L0001.X000.csproj", "{90F1D945-027D-4F79-AC7B-9348BDB97A00}"
EndProject
Project("{9A19103F-16F7-4668-BE54-9A1E7A4F7556}") = "F10Y.L0001.Z000", "..\..\..\Functionairy\F10Y.L0001\source\F10Y.L0001.Z000\F10Y.L0001.Z000.csproj", "{15A30514-B138-42E1-B28C-C417DC659C8D}"
EndProject
Project("{9A19103F-16F7-4668-BE54-9A1E7A4F7556}") = "F10Y.L0001", "..\..\..\Functionairy\F10Y.L0001\source\F10Y.L0001\F10Y.L0001.csproj", "{59A4EA0D-8996-4EF1-B979-BC4D9FB67B62}"
EndProject
Project("{9A19103F-16F7-4668-BE54-9A1E7A4F7556}") = "F10Y.L0003.L001", "..\..\..\Functionairy\F10Y.L0003\source\F10Y.L0003.L001\F10Y.L0003.L001.csproj", "{80EA07F5-BFD0-4E5E-BE93-057DAF2975CB}"
EndProject
Project("{9A19103F-16F7-4668-BE54-9A1E7A4F7556}") = "F10Y.L0003", "..\..\..\Functionairy\F10Y.L0003\source\F10Y.L0003\F10Y.L0003.csproj", "{32726DCF-EEB7-4A28-8542-EECBD50EB2B5}"
EndProject
Project("{9A19103F-16F7-4668-BE54-9A1E7A4F7556}") = "F10Y.L0005.L001", "..\..\..\Functionairy\F10Y.L0005\source\F10Y.L0005.L001\F10Y.L0005.L001.csproj", "{E0765342-E5D9-4468-9CC5-5D1482A62022}"
EndProject
Project("{9A19103F-16F7-4668-BE54-9A1E7A4F7556}") = "F10Y.L0005.L002", "..\..\..\Functionairy\F10Y.L0005\source\F10Y.L0005.L002\F10Y.L0005.L002.csproj", "{E676F490-4038-4BFB-993E-3604B16C87AE}"
EndProject
Project("{9A19103F-16F7-4668-BE54-9A1E7A4F7556}") = "F10Y.L0005.T000", "..\..\..\Functionairy\F10Y.L0005\source\F10Y.L0005.T000\F10Y.L0005.T000.csproj", "{17942F8D-3D12-42CC-9B87-8A7FC3AAA344}"
EndProject
Project("{9A19103F-16F7-4668-BE54-9A1E7A4F7556}") = "F10Y.L0005.T001", "..\..\..\Functionairy\F10Y.L0005\source\F10Y.L0005.T001\F10Y.L0005.T001.csproj", "{DA562E86-434A-48C5-86F3-23293D2E88BC}"
EndProject
Project("{9A19103F-16F7-4668-BE54-9A1E7A4F7556}") = "F10Y.L0005.T002", "..\..\..\Functionairy\F10Y.L0005\source\F10Y.L0005.T002\F10Y.L0005.T002.csproj", "{73CF3075-DDB5-41D0-B43F-9F26594E17D7}"
EndProject
Project("{9A19103F-16F7-4668-BE54-9A1E7A4F7556}") = "F10Y.L0005", "..\..\..\Functionairy\F10Y.L0005\source\F10Y.L0005\F10Y.L0005.csproj", "{0B01A38C-96CD-4480-9E77-7C9B241E597C}"
EndProject
Project("{9A19103F-16F7-4668-BE54-9A1E7A4F7556}") = "F10Y.NG0008", "..\..\..\Functionairy\F10Y.NG0008\source\F10Y.NG0008\F10Y.NG0008.csproj", "{8582C6C0-4377-4678-B302-339BCF63D877}"
EndProject
Project("{9A19103F-16F7-4668-BE54-9A1E7A4F7556}") = "F10Y.NG0009", "..\..\..\Functionairy\F10Y.NG0009\source\F10Y.NG0009\F10Y.NG0009.csproj", "{67BF6171-E1A9-4339-BA0F-7A4D42DE552F}"
EndProject
Project("{9A19103F-16F7-4668-BE54-9A1E7A4F7556}") = "F10Y.T0000", "..\..\..\Functionairy\F10Y.T0000\source\F10Y.T0000\F10Y.T0000.csproj", "{1433E873-1756-4B85-B121-F292C628C5B7}"
EndProject
Project("{9A19103F-16F7-4668-BE54-9A1E7A4F7556}") = "F10Y.T0001", "..\..\..\Functionairy\F10Y.T0001\source\F10Y.T0001\F10Y.T0001.csproj", "{D7CE6275-086F-4582-8FEB-2FC8AAADFA88}"
EndProject
Project("{9A19103F-16F7-4668-BE54-9A1E7A4F7556}") = "F10Y.T0002", "..\..\..\Functionairy\F10Y.T0002\source\F10Y.T0002\F10Y.T0002.csproj", "{4925AAEE-A5C1-4666-8363-40169884C540}"
EndProject
Project("{9A19103F-16F7-4668-BE54-9A1E7A4F7556}") = "F10Y.T0003", "..\..\..\Functionairy\F10Y.T0003\source\F10Y.T0003\F10Y.T0003.csproj", "{826121EE-CCFB-4515-A87F-A1E5FE10014B}"
EndProject
Project("{9A19103F-16F7-4668-BE54-9A1E7A4F7556}") = "F10Y.T0004", "..\..\..\Functionairy\F10Y.T0004\source\F10Y.T0004\F10Y.T0004.csproj", "{72A73156-CA6B-4E79-90F5-75684D5FC35E}"
EndProject
Project("{9A19103F-16F7-4668-BE54-9A1E7A4F7556}") = "F10Y.T0009", "..\..\..\Functionairy\F10Y.T0009\source\F10Y.T0009\F10Y.T0009.csproj", "{70F4B330-14FE-40A6-B1A3-D9CE3BD25322}"
EndProject
Project("{9A19103F-16F7-4668-BE54-9A1E7A4F7556}") = "F10Y.T0011", "..\..\..\Functionairy\F10Y.T0011\source\F10Y.T0011\F10Y.T0011.csproj", "{F395EC24-CE57-4F91-AAF8-F2D6D5A4353D}"
EndProject
Project("{9A19103F-16F7-4668-BE54-9A1E7A4F7556}") = "F10Y.T0016", "..\..\..\Functionairy\F10Y.T0016\source\F10Y.T0016\F10Y.T0016.csproj", "{EA1C2119-07DE-49E4-B261-BBCF4BC83807}"
EndProject
Project("{9A19103F-16F7-4668-BE54-9A1E7A4F7556}") = "F10Y.Y0000", "..\..\..\Functionairy\F10Y.Y0000\source\F10Y.Y0000\F10Y.Y0000.csproj", "{16E58353-17F6-4D64-9E2E-E52BE26494C8}"
EndProject
Global
	GlobalSection(NestedProjects) = preSolution
		{A218B47B-32F4-468F-9A67-874B0AAA347F} = {0D0FEF2D-829B-4B31-8E32-7C9632A25C10}
		{65E0374F-86E2-41AE-A1EB-E048605F81A8} = {0D0FEF2D-829B-4B31-8E32-7C9632A25C10}
		{BC818DC9-45A3-4C99-8961-4262270E36F3} = {0D0FEF2D-829B-4B31-8E32-7C9632A25C10}
		{E5211945-BD5C-45FE-9BB3-A08EE1EB2AD0} = {0D0FEF2D-829B-4B31-8E32-7C9632A25C10}
		{F98D834D-084C-481D-95CF-490D0BF61794} = {0D0FEF2D-829B-4B31-8E32-7C9632A25C10}
		{AAD24A53-1798-40F0-B041-1113956B46C0} = {0D0FEF2D-829B-4B31-8E32-7C9632A25C10}
		{218081ED-900F-4D8C-BA1B-2903A08053D2} = {0D0FEF2D-829B-4B31-8E32-7C9632A25C10}
		{C9A59624-5926-47FF-9719-196873DE5E89} = {0D0FEF2D-829B-4B31-8E32-7C9632A25C10}
		{F3BDF025-AE50-4129-9C16-F82CC40430E8} = {0D0FEF2D-829B-4B31-8E32-7C9632A25C10}
		{7DADBD36-B52A-4C3D-AE3C-A93E5DE10521} = {0D0FEF2D-829B-4B31-8E32-7C9632A25C10}
		{5E4EB767-26FF-44B4-A1F5-06786458DF0A} = {0D0FEF2D-829B-4B31-8E32-7C9632A25C10}
		{0815E624-6285-4E8F-968D-D3500962441A} = {0D0FEF2D-829B-4B31-8E32-7C9632A25C10}
		{53F4030A-402A-41C3-93E2-E51888D77885} = {0D0FEF2D-829B-4B31-8E32-7C9632A25C10}
		{378B41F0-5730-4081-B363-0F3C8EEC084D} = {0D0FEF2D-829B-4B31-8E32-7C9632A25C10}
		{9880A968-1DBE-4088-B1CB-A83F632DEFEA} = {0D0FEF2D-829B-4B31-8E32-7C9632A25C10}
		{C4678F81-C0E4-419B-9043-FDCDC818A02F} = {0D0FEF2D-829B-4B31-8E32-7C9632A25C10}
		{5C4351D4-D04D-4254-BBE7-DC1A33596AD5} = {0D0FEF2D-829B-4B31-8E32-7C9632A25C10}
		{B7631608-BA33-4143-AD3A-0B3988B2B1DE} = {0D0FEF2D-829B-4B31-8E32-7C9632A25C10}
		{62F4A8B7-DACE-49AB-AB6F-DEE161142F46} = {0D0FEF2D-829B-4B31-8E32-7C9632A25C10}
		{1AD296B7-6FB5-4DA8-9831-DB0FB81A74FF} = {0D0FEF2D-829B-4B31-8E32-7C9632A25C10}
		{1D17E792-99F5-4F15-8458-BCF8CEC7386A} = {0D0FEF2D-829B-4B31-8E32-7C9632A25C10}
		{1E35B968-9BF4-44EB-842B-5F9C396B1F04} = {0D0FEF2D-829B-4B31-8E32-7C9632A25C10}
		{099B3EF2-76FD-4494-A10C-FA5D7153BB58} = {0D0FEF2D-829B-4B31-8E32-7C9632A25C10}
		{F913ACC9-1E5C-4E10-9468-C83C7118CA3F} = {0D0FEF2D-829B-4B31-8E32-7C9632A25C10}
		{16917EC0-5280-4567-8E40-328EE758D6BA} = {0D0FEF2D-829B-4B31-8E32-7C9632A25C10}
		{6B02F413-D1B9-4825-B429-2740B7D48546} = {0D0FEF2D-829B-4B31-8E32-7C9632A25C10}
		{90F1D945-027D-4F79-AC7B-9348BDB97A00} = {0D0FEF2D-829B-4B31-8E32-7C9632A25C10}
		{15A30514-B138-42E1-B28C-C417DC659C8D} = {0D0FEF2D-829B-4B31-8E32-7C9632A25C10}
		{59A4EA0D-8996-4EF1-B979-BC4D9FB67B62} = {0D0FEF2D-829B-4B31-8E32-7C9632A25C10}
		{80EA07F5-BFD0-4E5E-BE93-057DAF2975CB} = {0D0FEF2D-829B-4B31-8E32-7C9632A25C10}
		{32726DCF-EEB7-4A28-8542-EECBD50EB2B5} = {0D0FEF2D-829B-4B31-8E32-7C9632A25C10}
		{E0765342-E5D9-4468-9CC5-5D1482A62022} = {0D0FEF2D-829B-4B31-8E32-7C9632A25C10}
		{E676F490-4038-4BFB-993E-3604B16C87AE} = {0D0FEF2D-829B-4B31-8E32-7C9632A25C10}
		{17942F8D-3D12-42CC-9B87-8A7FC3AAA344} = {0D0FEF2D-829B-4B31-8E32-7C9632A25C10}
		{DA562E86-434A-48C5-86F3-23293D2E88BC} = {0D0FEF2D-829B-4B31-8E32-7C9632A25C10}
		{73CF3075-DDB5-41D0-B43F-9F26594E17D7} = {0D0FEF2D-829B-4B31-8E32-7C9632A25C10}
		{0B01A38C-96CD-4480-9E77-7C9B241E597C} = {0D0FEF2D-829B-4B31-8E32-7C9632A25C10}
		{8582C6C0-4377-4678-B302-339BCF63D877} = {0D0FEF2D-829B-4B31-8E32-7C9632A25C10}
		{67BF6171-E1A9-4339-BA0F-7A4D42DE552F} = {0D0FEF2D-829B-4B31-8E32-7C9632A25C10}
		{1433E873-1756-4B85-B121-F292C628C5B7} = {0D0FEF2D-829B-4B31-8E32-7C9632A25C10}
		{D7CE6275-086F-4582-8FEB-2FC8AAADFA88} = {0D0FEF2D-829B-4B31-8E32-7C9632A25C10}
		{4925AAEE-A5C1-4666-8363-40169884C540} = {0D0FEF2D-829B-4B31-8E32-7C9632A25C10}
		{826121EE-CCFB-4515-A87F-A1E5FE10014B} = {0D0FEF2D-829B-4B31-8E32-7C9632A25C10}
		{72A73156-CA6B-4E79-90F5-75684D5FC35E} = {0D0FEF2D-829B-4B31-8E32-7C9632A25C10}
		{70F4B330-14FE-40A6-B1A3-D9CE3BD25322} = {0D0FEF2D-829B-4B31-8E32-7C9632A25C10}
		{F395EC24-CE57-4F91-AAF8-F2D6D5A4353D} = {0D0FEF2D-829B-4B31-8E32-7C9632A25C10}
		{EA1C2119-07DE-49E4-B261-BBCF4BC83807} = {0D0FEF2D-829B-4B31-8E32-7C9632A25C10}
		{16E58353-17F6-4D64-9E2E-E52BE26494C8} = {0D0FEF2D-829B-4B31-8E32-7C9632A25C10}
	EndGlobalSection
	GlobalSection(SolutionConfigurationPlatforms) = preSolution
		Debug|Any CPU = Debug|Any CPU
		Debug|x64 = Debug|x64
		Debug|x86 = Debug|x86
		Release|Any CPU = Release|Any CPU
		Release|x64 = Release|x64
		Release|x86 = Release|x86
	EndGlobalSection
	GlobalSection(ProjectConfigurationPlatforms) = postSolution
		{D15DE205-BE89-4A42-8D3D-2C6A0CCAEC35}.Debug|Any CPU.ActiveCfg = Debug|Any CPU
		{D15DE205-BE89-4A42-8D3D-2C6A0CCAEC35}.Debug|Any CPU.Build.0 = Debug|Any CPU
		{D15DE205-BE89-4A42-8D3D-2C6A0CCAEC35}.Debug|x64.ActiveCfg = Debug|Any CPU
		{D15DE205-BE89-4A42-8D3D-2C6A0CCAEC35}.Debug|x64.Build.0 = Debug|Any CPU
		{D15DE205-BE89-4A42-8D3D-2C6A0CCAEC35}.Debug|x86.ActiveCfg = Debug|Any CPU
		{D15DE205-BE89-4A42-8D3D-2C6A0CCAEC35}.Debug|x86.Build.0 = Debug|Any CPU
		{D15DE205-BE89-4A42-8D3D-2C6A0CCAEC35}.Release|Any CPU.ActiveCfg = Release|Any CPU
		{D15DE205-BE89-4A42-8D3D-2C6A0CCAEC35}.Release|Any CPU.Build.0 = Release|Any CPU
		{D15DE205-BE89-4A42-8D3D-2C6A0CCAEC35}.Release|x64.ActiveCfg = Release|Any CPU
		{D15DE205-BE89-4A42-8D3D-2C6A0CCAEC35}.Release|x64.Build.0 = Release|Any CPU
		{D15DE205-BE89-4A42-8D3D-2C6A0CCAEC35}.Release|x86.ActiveCfg = Release|Any CPU
		{D15DE205-BE89-4A42-8D3D-2C6A0CCAEC35}.Release|x86.Build.0 = Release|Any CPU
		{A218B47B-32F4-468F-9A67-874B0AAA347F}.Debug|Any CPU.ActiveCfg = Debug|Any CPU
		{A218B47B-32F4-468F-9A67-874B0AAA347F}.Debug|Any CPU.Build.0 = Debug|Any CPU
		{A218B47B-32F4-468F-9A67-874B0AAA347F}.Debug|x64.ActiveCfg = Debug|Any CPU
		{A218B47B-32F4-468F-9A67-874B0AAA347F}.Debug|x64.Build.0 = Debug|Any CPU
		{A218B47B-32F4-468F-9A67-874B0AAA347F}.Debug|x86.ActiveCfg = Debug|Any CPU
		{A218B47B-32F4-468F-9A67-874B0AAA347F}.Debug|x86.Build.0 = Debug|Any CPU
		{A218B47B-32F4-468F-9A67-874B0AAA347F}.Release|Any CPU.ActiveCfg = Release|Any CPU
		{A218B47B-32F4-468F-9A67-874B0AAA347F}.Release|Any CPU.Build.0 = Release|Any CPU
		{A218B47B-32F4-468F-9A67-874B0AAA347F}.Release|x64.ActiveCfg = Release|Any CPU
		{A218B47B-32F4-468F-9A67-874B0AAA347F}.Release|x64.Build.0 = Release|Any CPU
		{A218B47B-32F4-468F-9A67-874B0AAA347F}.Release|x86.ActiveCfg = Release|Any CPU
		{A218B47B-32F4-468F-9A67-874B0AAA347F}.Release|x86.Build.0 = Release|Any CPU
		{65E0374F-86E2-41AE-A1EB-E048605F81A8}.Debug|Any CPU.ActiveCfg = Debug|Any CPU
		{65E0374F-86E2-41AE-A1EB-E048605F81A8}.Debug|Any CPU.Build.0 = Debug|Any CPU
		{65E0374F-86E2-41AE-A1EB-E048605F81A8}.Debug|x64.ActiveCfg = Debug|Any CPU
		{65E0374F-86E2-41AE-A1EB-E048605F81A8}.Debug|x64.Build.0 = Debug|Any CPU
		{65E0374F-86E2-41AE-A1EB-E048605F81A8}.Debug|x86.ActiveCfg = Debug|Any CPU
		{65E0374F-86E2-41AE-A1EB-E048605F81A8}.Debug|x86.Build.0 = Debug|Any CPU
		{65E0374F-86E2-41AE-A1EB-E048605F81A8}.Release|Any CPU.ActiveCfg = Release|Any CPU
		{65E0374F-86E2-41AE-A1EB-E048605F81A8}.Release|Any CPU.Build.0 = Release|Any CPU
		{65E0374F-86E2-41AE-A1EB-E048605F81A8}.Release|x64.ActiveCfg = Release|Any CPU
		{65E0374F-86E2-41AE-A1EB-E048605F81A8}.Release|x64.Build.0 = Release|Any CPU
		{65E0374F-86E2-41AE-A1EB-E048605F81A8}.Release|x86.ActiveCfg = Release|Any CPU
		{65E0374F-86E2-41AE-A1EB-E048605F81A8}.Release|x86.Build.0 = Release|Any CPU
		{BC818DC9-45A3-4C99-8961-4262270E36F3}.Debug|Any CPU.ActiveCfg = Debug|Any CPU
		{BC818DC9-45A3-4C99-8961-4262270E36F3}.Debug|Any CPU.Build.0 = Debug|Any CPU
		{BC818DC9-45A3-4C99-8961-4262270E36F3}.Debug|x64.ActiveCfg = Debug|Any CPU
		{BC818DC9-45A3-4C99-8961-4262270E36F3}.Debug|x64.Build.0 = Debug|Any CPU
		{BC818DC9-45A3-4C99-8961-4262270E36F3}.Debug|x86.ActiveCfg = Debug|Any CPU
		{BC818DC9-45A3-4C99-8961-4262270E36F3}.Debug|x86.Build.0 = Debug|Any CPU
		{BC818DC9-45A3-4C99-8961-4262270E36F3}.Release|Any CPU.ActiveCfg = Release|Any CPU
		{BC818DC9-45A3-4C99-8961-4262270E36F3}.Release|Any CPU.Build.0 = Release|Any CPU
		{BC818DC9-45A3-4C99-8961-4262270E36F3}.Release|x64.ActiveCfg = Release|Any CPU
		{BC818DC9-45A3-4C99-8961-4262270E36F3}.Release|x64.Build.0 = Release|Any CPU
		{BC818DC9-45A3-4C99-8961-4262270E36F3}.Release|x86.ActiveCfg = Release|Any CPU
		{BC818DC9-45A3-4C99-8961-4262270E36F3}.Release|x86.Build.0 = Release|Any CPU
		{E5211945-BD5C-45FE-9BB3-A08EE1EB2AD0}.Debug|Any CPU.ActiveCfg = Debug|Any CPU
		{E5211945-BD5C-45FE-9BB3-A08EE1EB2AD0}.Debug|Any CPU.Build.0 = Debug|Any CPU
		{E5211945-BD5C-45FE-9BB3-A08EE1EB2AD0}.Debug|x64.ActiveCfg = Debug|Any CPU
		{E5211945-BD5C-45FE-9BB3-A08EE1EB2AD0}.Debug|x64.Build.0 = Debug|Any CPU
		{E5211945-BD5C-45FE-9BB3-A08EE1EB2AD0}.Debug|x86.ActiveCfg = Debug|Any CPU
		{E5211945-BD5C-45FE-9BB3-A08EE1EB2AD0}.Debug|x86.Build.0 = Debug|Any CPU
		{E5211945-BD5C-45FE-9BB3-A08EE1EB2AD0}.Release|Any CPU.ActiveCfg = Release|Any CPU
		{E5211945-BD5C-45FE-9BB3-A08EE1EB2AD0}.Release|Any CPU.Build.0 = Release|Any CPU
		{E5211945-BD5C-45FE-9BB3-A08EE1EB2AD0}.Release|x64.ActiveCfg = Release|Any CPU
		{E5211945-BD5C-45FE-9BB3-A08EE1EB2AD0}.Release|x64.Build.0 = Release|Any CPU
		{E5211945-BD5C-45FE-9BB3-A08EE1EB2AD0}.Release|x86.ActiveCfg = Release|Any CPU
		{E5211945-BD5C-45FE-9BB3-A08EE1EB2AD0}.Release|x86.Build.0 = Release|Any CPU
		{F98D834D-084C-481D-95CF-490D0BF61794}.Debug|Any CPU.ActiveCfg = Debug|Any CPU
		{F98D834D-084C-481D-95CF-490D0BF61794}.Debug|Any CPU.Build.0 = Debug|Any CPU
		{F98D834D-084C-481D-95CF-490D0BF61794}.Debug|x64.ActiveCfg = Debug|Any CPU
		{F98D834D-084C-481D-95CF-490D0BF61794}.Debug|x64.Build.0 = Debug|Any CPU
		{F98D834D-084C-481D-95CF-490D0BF61794}.Debug|x86.ActiveCfg = Debug|Any CPU
		{F98D834D-084C-481D-95CF-490D0BF61794}.Debug|x86.Build.0 = Debug|Any CPU
		{F98D834D-084C-481D-95CF-490D0BF61794}.Release|Any CPU.ActiveCfg = Release|Any CPU
		{F98D834D-084C-481D-95CF-490D0BF61794}.Release|Any CPU.Build.0 = Release|Any CPU
		{F98D834D-084C-481D-95CF-490D0BF61794}.Release|x64.ActiveCfg = Release|Any CPU
		{F98D834D-084C-481D-95CF-490D0BF61794}.Release|x64.Build.0 = Release|Any CPU
		{F98D834D-084C-481D-95CF-490D0BF61794}.Release|x86.ActiveCfg = Release|Any CPU
		{F98D834D-084C-481D-95CF-490D0BF61794}.Release|x86.Build.0 = Release|Any CPU
		{AAD24A53-1798-40F0-B041-1113956B46C0}.Debug|Any CPU.ActiveCfg = Debug|Any CPU
		{AAD24A53-1798-40F0-B041-1113956B46C0}.Debug|Any CPU.Build.0 = Debug|Any CPU
		{AAD24A53-1798-40F0-B041-1113956B46C0}.Debug|x64.ActiveCfg = Debug|Any CPU
		{AAD24A53-1798-40F0-B041-1113956B46C0}.Debug|x64.Build.0 = Debug|Any CPU
		{AAD24A53-1798-40F0-B041-1113956B46C0}.Debug|x86.ActiveCfg = Debug|Any CPU
		{AAD24A53-1798-40F0-B041-1113956B46C0}.Debug|x86.Build.0 = Debug|Any CPU
		{AAD24A53-1798-40F0-B041-1113956B46C0}.Release|Any CPU.ActiveCfg = Release|Any CPU
		{AAD24A53-1798-40F0-B041-1113956B46C0}.Release|Any CPU.Build.0 = Release|Any CPU
		{AAD24A53-1798-40F0-B041-1113956B46C0}.Release|x64.ActiveCfg = Release|Any CPU
		{AAD24A53-1798-40F0-B041-1113956B46C0}.Release|x64.Build.0 = Release|Any CPU
		{AAD24A53-1798-40F0-B041-1113956B46C0}.Release|x86.ActiveCfg = Release|Any CPU
		{AAD24A53-1798-40F0-B041-1113956B46C0}.Release|x86.Build.0 = Release|Any CPU
		{218081ED-900F-4D8C-BA1B-2903A08053D2}.Debug|Any CPU.ActiveCfg = Debug|Any CPU
		{218081ED-900F-4D8C-BA1B-2903A08053D2}.Debug|Any CPU.Build.0 = Debug|Any CPU
		{218081ED-900F-4D8C-BA1B-2903A08053D2}.Debug|x64.ActiveCfg = Debug|Any CPU
		{218081ED-900F-4D8C-BA1B-2903A08053D2}.Debug|x64.Build.0 = Debug|Any CPU
		{218081ED-900F-4D8C-BA1B-2903A08053D2}.Debug|x86.ActiveCfg = Debug|Any CPU
		{218081ED-900F-4D8C-BA1B-2903A08053D2}.Debug|x86.Build.0 = Debug|Any CPU
		{218081ED-900F-4D8C-BA1B-2903A08053D2}.Release|Any CPU.ActiveCfg = Release|Any CPU
		{218081ED-900F-4D8C-BA1B-2903A08053D2}.Release|Any CPU.Build.0 = Release|Any CPU
		{218081ED-900F-4D8C-BA1B-2903A08053D2}.Release|x64.ActiveCfg = Release|Any CPU
		{218081ED-900F-4D8C-BA1B-2903A08053D2}.Release|x64.Build.0 = Release|Any CPU
		{218081ED-900F-4D8C-BA1B-2903A08053D2}.Release|x86.ActiveCfg = Release|Any CPU
		{218081ED-900F-4D8C-BA1B-2903A08053D2}.Release|x86.Build.0 = Release|Any CPU
		{C9A59624-5926-47FF-9719-196873DE5E89}.Debug|Any CPU.ActiveCfg = Debug|Any CPU
		{C9A59624-5926-47FF-9719-196873DE5E89}.Debug|Any CPU.Build.0 = Debug|Any CPU
		{C9A59624-5926-47FF-9719-196873DE5E89}.Debug|x64.ActiveCfg = Debug|Any CPU
		{C9A59624-5926-47FF-9719-196873DE5E89}.Debug|x64.Build.0 = Debug|Any CPU
		{C9A59624-5926-47FF-9719-196873DE5E89}.Debug|x86.ActiveCfg = Debug|Any CPU
		{C9A59624-5926-47FF-9719-196873DE5E89}.Debug|x86.Build.0 = Debug|Any CPU
		{C9A59624-5926-47FF-9719-196873DE5E89}.Release|Any CPU.ActiveCfg = Release|Any CPU
		{C9A59624-5926-47FF-9719-196873DE5E89}.Release|Any CPU.Build.0 = Release|Any CPU
		{C9A59624-5926-47FF-9719-196873DE5E89}.Release|x64.ActiveCfg = Release|Any CPU
		{C9A59624-5926-47FF-9719-196873DE5E89}.Release|x64.Build.0 = Release|Any CPU
		{C9A59624-5926-47FF-9719-196873DE5E89}.Release|x86.ActiveCfg = Release|Any CPU
		{C9A59624-5926-47FF-9719-196873DE5E89}.Release|x86.Build.0 = Release|Any CPU
		{F3BDF025-AE50-4129-9C16-F82CC40430E8}.Debug|Any CPU.ActiveCfg = Debug|Any CPU
		{F3BDF025-AE50-4129-9C16-F82CC40430E8}.Debug|Any CPU.Build.0 = Debug|Any CPU
		{F3BDF025-AE50-4129-9C16-F82CC40430E8}.Debug|x64.ActiveCfg = Debug|Any CPU
		{F3BDF025-AE50-4129-9C16-F82CC40430E8}.Debug|x64.Build.0 = Debug|Any CPU
		{F3BDF025-AE50-4129-9C16-F82CC40430E8}.Debug|x86.ActiveCfg = Debug|Any CPU
		{F3BDF025-AE50-4129-9C16-F82CC40430E8}.Debug|x86.Build.0 = Debug|Any CPU
		{F3BDF025-AE50-4129-9C16-F82CC40430E8}.Release|Any CPU.ActiveCfg = Release|Any CPU
		{F3BDF025-AE50-4129-9C16-F82CC40430E8}.Release|Any CPU.Build.0 = Release|Any CPU
		{F3BDF025-AE50-4129-9C16-F82CC40430E8}.Release|x64.ActiveCfg = Release|Any CPU
		{F3BDF025-AE50-4129-9C16-F82CC40430E8}.Release|x64.Build.0 = Release|Any CPU
		{F3BDF025-AE50-4129-9C16-F82CC40430E8}.Release|x86.ActiveCfg = Release|Any CPU
		{F3BDF025-AE50-4129-9C16-F82CC40430E8}.Release|x86.Build.0 = Release|Any CPU
		{7DADBD36-B52A-4C3D-AE3C-A93E5DE10521}.Debug|Any CPU.ActiveCfg = Debug|Any CPU
		{7DADBD36-B52A-4C3D-AE3C-A93E5DE10521}.Debug|Any CPU.Build.0 = Debug|Any CPU
		{7DADBD36-B52A-4C3D-AE3C-A93E5DE10521}.Debug|x64.ActiveCfg = Debug|Any CPU
		{7DADBD36-B52A-4C3D-AE3C-A93E5DE10521}.Debug|x64.Build.0 = Debug|Any CPU
		{7DADBD36-B52A-4C3D-AE3C-A93E5DE10521}.Debug|x86.ActiveCfg = Debug|Any CPU
		{7DADBD36-B52A-4C3D-AE3C-A93E5DE10521}.Debug|x86.Build.0 = Debug|Any CPU
		{7DADBD36-B52A-4C3D-AE3C-A93E5DE10521}.Release|Any CPU.ActiveCfg = Release|Any CPU
		{7DADBD36-B52A-4C3D-AE3C-A93E5DE10521}.Release|Any CPU.Build.0 = Release|Any CPU
		{7DADBD36-B52A-4C3D-AE3C-A93E5DE10521}.Release|x64.ActiveCfg = Release|Any CPU
		{7DADBD36-B52A-4C3D-AE3C-A93E5DE10521}.Release|x64.Build.0 = Release|Any CPU
		{7DADBD36-B52A-4C3D-AE3C-A93E5DE10521}.Release|x86.ActiveCfg = Release|Any CPU
		{7DADBD36-B52A-4C3D-AE3C-A93E5DE10521}.Release|x86.Build.0 = Release|Any CPU
		{5E4EB767-26FF-44B4-A1F5-06786458DF0A}.Debug|Any CPU.ActiveCfg = Debug|Any CPU
		{5E4EB767-26FF-44B4-A1F5-06786458DF0A}.Debug|Any CPU.Build.0 = Debug|Any CPU
		{5E4EB767-26FF-44B4-A1F5-06786458DF0A}.Debug|x64.ActiveCfg = Debug|Any CPU
		{5E4EB767-26FF-44B4-A1F5-06786458DF0A}.Debug|x64.Build.0 = Debug|Any CPU
		{5E4EB767-26FF-44B4-A1F5-06786458DF0A}.Debug|x86.ActiveCfg = Debug|Any CPU
		{5E4EB767-26FF-44B4-A1F5-06786458DF0A}.Debug|x86.Build.0 = Debug|Any CPU
		{5E4EB767-26FF-44B4-A1F5-06786458DF0A}.Release|Any CPU.ActiveCfg = Release|Any CPU
		{5E4EB767-26FF-44B4-A1F5-06786458DF0A}.Release|Any CPU.Build.0 = Release|Any CPU
		{5E4EB767-26FF-44B4-A1F5-06786458DF0A}.Release|x64.ActiveCfg = Release|Any CPU
		{5E4EB767-26FF-44B4-A1F5-06786458DF0A}.Release|x64.Build.0 = Release|Any CPU
		{5E4EB767-26FF-44B4-A1F5-06786458DF0A}.Release|x86.ActiveCfg = Release|Any CPU
		{5E4EB767-26FF-44B4-A1F5-06786458DF0A}.Release|x86.Build.0 = Release|Any CPU
		{0815E624-6285-4E8F-968D-D3500962441A}.Debug|Any CPU.ActiveCfg = Debug|Any CPU
		{0815E624-6285-4E8F-968D-D3500962441A}.Debug|Any CPU.Build.0 = Debug|Any CPU
		{0815E624-6285-4E8F-968D-D3500962441A}.Debug|x64.ActiveCfg = Debug|Any CPU
		{0815E624-6285-4E8F-968D-D3500962441A}.Debug|x64.Build.0 = Debug|Any CPU
		{0815E624-6285-4E8F-968D-D3500962441A}.Debug|x86.ActiveCfg = Debug|Any CPU
		{0815E624-6285-4E8F-968D-D3500962441A}.Debug|x86.Build.0 = Debug|Any CPU
		{0815E624-6285-4E8F-968D-D3500962441A}.Release|Any CPU.ActiveCfg = Release|Any CPU
		{0815E624-6285-4E8F-968D-D3500962441A}.Release|Any CPU.Build.0 = Release|Any CPU
		{0815E624-6285-4E8F-968D-D3500962441A}.Release|x64.ActiveCfg = Release|Any CPU
		{0815E624-6285-4E8F-968D-D3500962441A}.Release|x64.Build.0 = Release|Any CPU
		{0815E624-6285-4E8F-968D-D3500962441A}.Release|x86.ActiveCfg = Release|Any CPU
		{0815E624-6285-4E8F-968D-D3500962441A}.Release|x86.Build.0 = Release|Any CPU
		{53F4030A-402A-41C3-93E2-E51888D77885}.Debug|Any CPU.ActiveCfg = Debug|Any CPU
		{53F4030A-402A-41C3-93E2-E51888D77885}.Debug|Any CPU.Build.0 = Debug|Any CPU
		{53F4030A-402A-41C3-93E2-E51888D77885}.Debug|x64.ActiveCfg = Debug|Any CPU
		{53F4030A-402A-41C3-93E2-E51888D77885}.Debug|x64.Build.0 = Debug|Any CPU
		{53F4030A-402A-41C3-93E2-E51888D77885}.Debug|x86.ActiveCfg = Debug|Any CPU
		{53F4030A-402A-41C3-93E2-E51888D77885}.Debug|x86.Build.0 = Debug|Any CPU
		{53F4030A-402A-41C3-93E2-E51888D77885}.Release|Any CPU.ActiveCfg = Release|Any CPU
		{53F4030A-402A-41C3-93E2-E51888D77885}.Release|Any CPU.Build.0 = Release|Any CPU
		{53F4030A-402A-41C3-93E2-E51888D77885}.Release|x64.ActiveCfg = Release|Any CPU
		{53F4030A-402A-41C3-93E2-E51888D77885}.Release|x64.Build.0 = Release|Any CPU
		{53F4030A-402A-41C3-93E2-E51888D77885}.Release|x86.ActiveCfg = Release|Any CPU
		{53F4030A-402A-41C3-93E2-E51888D77885}.Release|x86.Build.0 = Release|Any CPU
		{378B41F0-5730-4081-B363-0F3C8EEC084D}.Debug|Any CPU.ActiveCfg = Debug|Any CPU
		{378B41F0-5730-4081-B363-0F3C8EEC084D}.Debug|Any CPU.Build.0 = Debug|Any CPU
		{378B41F0-5730-4081-B363-0F3C8EEC084D}.Debug|x64.ActiveCfg = Debug|Any CPU
		{378B41F0-5730-4081-B363-0F3C8EEC084D}.Debug|x64.Build.0 = Debug|Any CPU
		{378B41F0-5730-4081-B363-0F3C8EEC084D}.Debug|x86.ActiveCfg = Debug|Any CPU
		{378B41F0-5730-4081-B363-0F3C8EEC084D}.Debug|x86.Build.0 = Debug|Any CPU
		{378B41F0-5730-4081-B363-0F3C8EEC084D}.Release|Any CPU.ActiveCfg = Release|Any CPU
		{378B41F0-5730-4081-B363-0F3C8EEC084D}.Release|Any CPU.Build.0 = Release|Any CPU
		{378B41F0-5730-4081-B363-0F3C8EEC084D}.Release|x64.ActiveCfg = Release|Any CPU
		{378B41F0-5730-4081-B363-0F3C8EEC084D}.Release|x64.Build.0 = Release|Any CPU
		{378B41F0-5730-4081-B363-0F3C8EEC084D}.Release|x86.ActiveCfg = Release|Any CPU
		{378B41F0-5730-4081-B363-0F3C8EEC084D}.Release|x86.Build.0 = Release|Any CPU
		{9880A968-1DBE-4088-B1CB-A83F632DEFEA}.Debug|Any CPU.ActiveCfg = Debug|Any CPU
		{9880A968-1DBE-4088-B1CB-A83F632DEFEA}.Debug|Any CPU.Build.0 = Debug|Any CPU
		{9880A968-1DBE-4088-B1CB-A83F632DEFEA}.Debug|x64.ActiveCfg = Debug|Any CPU
		{9880A968-1DBE-4088-B1CB-A83F632DEFEA}.Debug|x64.Build.0 = Debug|Any CPU
		{9880A968-1DBE-4088-B1CB-A83F632DEFEA}.Debug|x86.ActiveCfg = Debug|Any CPU
		{9880A968-1DBE-4088-B1CB-A83F632DEFEA}.Debug|x86.Build.0 = Debug|Any CPU
		{9880A968-1DBE-4088-B1CB-A83F632DEFEA}.Release|Any CPU.ActiveCfg = Release|Any CPU
		{9880A968-1DBE-4088-B1CB-A83F632DEFEA}.Release|Any CPU.Build.0 = Release|Any CPU
		{9880A968-1DBE-4088-B1CB-A83F632DEFEA}.Release|x64.ActiveCfg = Release|Any CPU
		{9880A968-1DBE-4088-B1CB-A83F632DEFEA}.Release|x64.Build.0 = Release|Any CPU
		{9880A968-1DBE-4088-B1CB-A83F632DEFEA}.Release|x86.ActiveCfg = Release|Any CPU
		{9880A968-1DBE-4088-B1CB-A83F632DEFEA}.Release|x86.Build.0 = Release|Any CPU
		{C4678F81-C0E4-419B-9043-FDCDC818A02F}.Debug|Any CPU.ActiveCfg = Debug|Any CPU
		{C4678F81-C0E4-419B-9043-FDCDC818A02F}.Debug|Any CPU.Build.0 = Debug|Any CPU
		{C4678F81-C0E4-419B-9043-FDCDC818A02F}.Debug|x64.ActiveCfg = Debug|Any CPU
		{C4678F81-C0E4-419B-9043-FDCDC818A02F}.Debug|x64.Build.0 = Debug|Any CPU
		{C4678F81-C0E4-419B-9043-FDCDC818A02F}.Debug|x86.ActiveCfg = Debug|Any CPU
		{C4678F81-C0E4-419B-9043-FDCDC818A02F}.Debug|x86.Build.0 = Debug|Any CPU
		{C4678F81-C0E4-419B-9043-FDCDC818A02F}.Release|Any CPU.ActiveCfg = Release|Any CPU
		{C4678F81-C0E4-419B-9043-FDCDC818A02F}.Release|Any CPU.Build.0 = Release|Any CPU
		{C4678F81-C0E4-419B-9043-FDCDC818A02F}.Release|x64.ActiveCfg = Release|Any CPU
		{C4678F81-C0E4-419B-9043-FDCDC818A02F}.Release|x64.Build.0 = Release|Any CPU
		{C4678F81-C0E4-419B-9043-FDCDC818A02F}.Release|x86.ActiveCfg = Release|Any CPU
		{C4678F81-C0E4-419B-9043-FDCDC818A02F}.Release|x86.Build.0 = Release|Any CPU
		{5C4351D4-D04D-4254-BBE7-DC1A33596AD5}.Debug|Any CPU.ActiveCfg = Debug|Any CPU
		{5C4351D4-D04D-4254-BBE7-DC1A33596AD5}.Debug|Any CPU.Build.0 = Debug|Any CPU
		{5C4351D4-D04D-4254-BBE7-DC1A33596AD5}.Debug|x64.ActiveCfg = Debug|Any CPU
		{5C4351D4-D04D-4254-BBE7-DC1A33596AD5}.Debug|x64.Build.0 = Debug|Any CPU
		{5C4351D4-D04D-4254-BBE7-DC1A33596AD5}.Debug|x86.ActiveCfg = Debug|Any CPU
		{5C4351D4-D04D-4254-BBE7-DC1A33596AD5}.Debug|x86.Build.0 = Debug|Any CPU
		{5C4351D4-D04D-4254-BBE7-DC1A33596AD5}.Release|Any CPU.ActiveCfg = Release|Any CPU
		{5C4351D4-D04D-4254-BBE7-DC1A33596AD5}.Release|Any CPU.Build.0 = Release|Any CPU
		{5C4351D4-D04D-4254-BBE7-DC1A33596AD5}.Release|x64.ActiveCfg = Release|Any CPU
		{5C4351D4-D04D-4254-BBE7-DC1A33596AD5}.Release|x64.Build.0 = Release|Any CPU
		{5C4351D4-D04D-4254-BBE7-DC1A33596AD5}.Release|x86.ActiveCfg = Release|Any CPU
		{5C4351D4-D04D-4254-BBE7-DC1A33596AD5}.Release|x86.Build.0 = Release|Any CPU
		{B7631608-BA33-4143-AD3A-0B3988B2B1DE}.Debug|Any CPU.ActiveCfg = Debug|Any CPU
		{B7631608-BA33-4143-AD3A-0B3988B2B1DE}.Debug|Any CPU.Build.0 = Debug|Any CPU
		{B7631608-BA33-4143-AD3A-0B3988B2B1DE}.Debug|x64.ActiveCfg = Debug|Any CPU
		{B7631608-BA33-4143-AD3A-0B3988B2B1DE}.Debug|x64.Build.0 = Debug|Any CPU
		{B7631608-BA33-4143-AD3A-0B3988B2B1DE}.Debug|x86.ActiveCfg = Debug|Any CPU
		{B7631608-BA33-4143-AD3A-0B3988B2B1DE}.Debug|x86.Build.0 = Debug|Any CPU
		{B7631608-BA33-4143-AD3A-0B3988B2B1DE}.Release|Any CPU.ActiveCfg = Release|Any CPU
		{B7631608-BA33-4143-AD3A-0B3988B2B1DE}.Release|Any CPU.Build.0 = Release|Any CPU
		{B7631608-BA33-4143-AD3A-0B3988B2B1DE}.Release|x64.ActiveCfg = Release|Any CPU
		{B7631608-BA33-4143-AD3A-0B3988B2B1DE}.Release|x64.Build.0 = Release|Any CPU
		{B7631608-BA33-4143-AD3A-0B3988B2B1DE}.Release|x86.ActiveCfg = Release|Any CPU
		{B7631608-BA33-4143-AD3A-0B3988B2B1DE}.Release|x86.Build.0 = Release|Any CPU
		{62F4A8B7-DACE-49AB-AB6F-DEE161142F46}.Debug|Any CPU.ActiveCfg = Debug|Any CPU
		{62F4A8B7-DACE-49AB-AB6F-DEE161142F46}.Debug|Any CPU.Build.0 = Debug|Any CPU
		{62F4A8B7-DACE-49AB-AB6F-DEE161142F46}.Debug|x64.ActiveCfg = Debug|Any CPU
		{62F4A8B7-DACE-49AB-AB6F-DEE161142F46}.Debug|x64.Build.0 = Debug|Any CPU
		{62F4A8B7-DACE-49AB-AB6F-DEE161142F46}.Debug|x86.ActiveCfg = Debug|Any CPU
		{62F4A8B7-DACE-49AB-AB6F-DEE161142F46}.Debug|x86.Build.0 = Debug|Any CPU
		{62F4A8B7-DACE-49AB-AB6F-DEE161142F46}.Release|Any CPU.ActiveCfg = Release|Any CPU
		{62F4A8B7-DACE-49AB-AB6F-DEE161142F46}.Release|Any CPU.Build.0 = Release|Any CPU
		{62F4A8B7-DACE-49AB-AB6F-DEE161142F46}.Release|x64.ActiveCfg = Release|Any CPU
		{62F4A8B7-DACE-49AB-AB6F-DEE161142F46}.Release|x64.Build.0 = Release|Any CPU
		{62F4A8B7-DACE-49AB-AB6F-DEE161142F46}.Release|x86.ActiveCfg = Release|Any CPU
		{62F4A8B7-DACE-49AB-AB6F-DEE161142F46}.Release|x86.Build.0 = Release|Any CPU
		{1AD296B7-6FB5-4DA8-9831-DB0FB81A74FF}.Debug|Any CPU.ActiveCfg = Debug|Any CPU
		{1AD296B7-6FB5-4DA8-9831-DB0FB81A74FF}.Debug|Any CPU.Build.0 = Debug|Any CPU
		{1AD296B7-6FB5-4DA8-9831-DB0FB81A74FF}.Debug|x64.ActiveCfg = Debug|Any CPU
		{1AD296B7-6FB5-4DA8-9831-DB0FB81A74FF}.Debug|x64.Build.0 = Debug|Any CPU
		{1AD296B7-6FB5-4DA8-9831-DB0FB81A74FF}.Debug|x86.ActiveCfg = Debug|Any CPU
		{1AD296B7-6FB5-4DA8-9831-DB0FB81A74FF}.Debug|x86.Build.0 = Debug|Any CPU
		{1AD296B7-6FB5-4DA8-9831-DB0FB81A74FF}.Release|Any CPU.ActiveCfg = Release|Any CPU
		{1AD296B7-6FB5-4DA8-9831-DB0FB81A74FF}.Release|Any CPU.Build.0 = Release|Any CPU
		{1AD296B7-6FB5-4DA8-9831-DB0FB81A74FF}.Release|x64.ActiveCfg = Release|Any CPU
		{1AD296B7-6FB5-4DA8-9831-DB0FB81A74FF}.Release|x64.Build.0 = Release|Any CPU
		{1AD296B7-6FB5-4DA8-9831-DB0FB81A74FF}.Release|x86.ActiveCfg = Release|Any CPU
		{1AD296B7-6FB5-4DA8-9831-DB0FB81A74FF}.Release|x86.Build.0 = Release|Any CPU
		{1D17E792-99F5-4F15-8458-BCF8CEC7386A}.Debug|Any CPU.ActiveCfg = Debug|Any CPU
		{1D17E792-99F5-4F15-8458-BCF8CEC7386A}.Debug|Any CPU.Build.0 = Debug|Any CPU
		{1D17E792-99F5-4F15-8458-BCF8CEC7386A}.Debug|x64.ActiveCfg = Debug|Any CPU
		{1D17E792-99F5-4F15-8458-BCF8CEC7386A}.Debug|x64.Build.0 = Debug|Any CPU
		{1D17E792-99F5-4F15-8458-BCF8CEC7386A}.Debug|x86.ActiveCfg = Debug|Any CPU
		{1D17E792-99F5-4F15-8458-BCF8CEC7386A}.Debug|x86.Build.0 = Debug|Any CPU
		{1D17E792-99F5-4F15-8458-BCF8CEC7386A}.Release|Any CPU.ActiveCfg = Release|Any CPU
		{1D17E792-99F5-4F15-8458-BCF8CEC7386A}.Release|Any CPU.Build.0 = Release|Any CPU
		{1D17E792-99F5-4F15-8458-BCF8CEC7386A}.Release|x64.ActiveCfg = Release|Any CPU
		{1D17E792-99F5-4F15-8458-BCF8CEC7386A}.Release|x64.Build.0 = Release|Any CPU
		{1D17E792-99F5-4F15-8458-BCF8CEC7386A}.Release|x86.ActiveCfg = Release|Any CPU
		{1D17E792-99F5-4F15-8458-BCF8CEC7386A}.Release|x86.Build.0 = Release|Any CPU
		{1E35B968-9BF4-44EB-842B-5F9C396B1F04}.Debug|Any CPU.ActiveCfg = Debug|Any CPU
		{1E35B968-9BF4-44EB-842B-5F9C396B1F04}.Debug|Any CPU.Build.0 = Debug|Any CPU
		{1E35B968-9BF4-44EB-842B-5F9C396B1F04}.Debug|x64.ActiveCfg = Debug|Any CPU
		{1E35B968-9BF4-44EB-842B-5F9C396B1F04}.Debug|x64.Build.0 = Debug|Any CPU
		{1E35B968-9BF4-44EB-842B-5F9C396B1F04}.Debug|x86.ActiveCfg = Debug|Any CPU
		{1E35B968-9BF4-44EB-842B-5F9C396B1F04}.Debug|x86.Build.0 = Debug|Any CPU
		{1E35B968-9BF4-44EB-842B-5F9C396B1F04}.Release|Any CPU.ActiveCfg = Release|Any CPU
		{1E35B968-9BF4-44EB-842B-5F9C396B1F04}.Release|Any CPU.Build.0 = Release|Any CPU
		{1E35B968-9BF4-44EB-842B-5F9C396B1F04}.Release|x64.ActiveCfg = Release|Any CPU
		{1E35B968-9BF4-44EB-842B-5F9C396B1F04}.Release|x64.Build.0 = Release|Any CPU
		{1E35B968-9BF4-44EB-842B-5F9C396B1F04}.Release|x86.ActiveCfg = Release|Any CPU
		{1E35B968-9BF4-44EB-842B-5F9C396B1F04}.Release|x86.Build.0 = Release|Any CPU
		{099B3EF2-76FD-4494-A10C-FA5D7153BB58}.Debug|Any CPU.ActiveCfg = Debug|Any CPU
		{099B3EF2-76FD-4494-A10C-FA5D7153BB58}.Debug|Any CPU.Build.0 = Debug|Any CPU
		{099B3EF2-76FD-4494-A10C-FA5D7153BB58}.Debug|x64.ActiveCfg = Debug|Any CPU
		{099B3EF2-76FD-4494-A10C-FA5D7153BB58}.Debug|x64.Build.0 = Debug|Any CPU
		{099B3EF2-76FD-4494-A10C-FA5D7153BB58}.Debug|x86.ActiveCfg = Debug|Any CPU
		{099B3EF2-76FD-4494-A10C-FA5D7153BB58}.Debug|x86.Build.0 = Debug|Any CPU
		{099B3EF2-76FD-4494-A10C-FA5D7153BB58}.Release|Any CPU.ActiveCfg = Release|Any CPU
		{099B3EF2-76FD-4494-A10C-FA5D7153BB58}.Release|Any CPU.Build.0 = Release|Any CPU
		{099B3EF2-76FD-4494-A10C-FA5D7153BB58}.Release|x64.ActiveCfg = Release|Any CPU
		{099B3EF2-76FD-4494-A10C-FA5D7153BB58}.Release|x64.Build.0 = Release|Any CPU
		{099B3EF2-76FD-4494-A10C-FA5D7153BB58}.Release|x86.ActiveCfg = Release|Any CPU
		{099B3EF2-76FD-4494-A10C-FA5D7153BB58}.Release|x86.Build.0 = Release|Any CPU
		{F913ACC9-1E5C-4E10-9468-C83C7118CA3F}.Debug|Any CPU.ActiveCfg = Debug|Any CPU
		{F913ACC9-1E5C-4E10-9468-C83C7118CA3F}.Debug|Any CPU.Build.0 = Debug|Any CPU
		{F913ACC9-1E5C-4E10-9468-C83C7118CA3F}.Debug|x64.ActiveCfg = Debug|Any CPU
		{F913ACC9-1E5C-4E10-9468-C83C7118CA3F}.Debug|x64.Build.0 = Debug|Any CPU
		{F913ACC9-1E5C-4E10-9468-C83C7118CA3F}.Debug|x86.ActiveCfg = Debug|Any CPU
		{F913ACC9-1E5C-4E10-9468-C83C7118CA3F}.Debug|x86.Build.0 = Debug|Any CPU
		{F913ACC9-1E5C-4E10-9468-C83C7118CA3F}.Release|Any CPU.ActiveCfg = Release|Any CPU
		{F913ACC9-1E5C-4E10-9468-C83C7118CA3F}.Release|Any CPU.Build.0 = Release|Any CPU
		{F913ACC9-1E5C-4E10-9468-C83C7118CA3F}.Release|x64.ActiveCfg = Release|Any CPU
		{F913ACC9-1E5C-4E10-9468-C83C7118CA3F}.Release|x64.Build.0 = Release|Any CPU
		{F913ACC9-1E5C-4E10-9468-C83C7118CA3F}.Release|x86.ActiveCfg = Release|Any CPU
		{F913ACC9-1E5C-4E10-9468-C83C7118CA3F}.Release|x86.Build.0 = Release|Any CPU
		{16917EC0-5280-4567-8E40-328EE758D6BA}.Debug|Any CPU.ActiveCfg = Debug|Any CPU
		{16917EC0-5280-4567-8E40-328EE758D6BA}.Debug|Any CPU.Build.0 = Debug|Any CPU
		{16917EC0-5280-4567-8E40-328EE758D6BA}.Debug|x64.ActiveCfg = Debug|Any CPU
		{16917EC0-5280-4567-8E40-328EE758D6BA}.Debug|x64.Build.0 = Debug|Any CPU
		{16917EC0-5280-4567-8E40-328EE758D6BA}.Debug|x86.ActiveCfg = Debug|Any CPU
		{16917EC0-5280-4567-8E40-328EE758D6BA}.Debug|x86.Build.0 = Debug|Any CPU
		{16917EC0-5280-4567-8E40-328EE758D6BA}.Release|Any CPU.ActiveCfg = Release|Any CPU
		{16917EC0-5280-4567-8E40-328EE758D6BA}.Release|Any CPU.Build.0 = Release|Any CPU
		{16917EC0-5280-4567-8E40-328EE758D6BA}.Release|x64.ActiveCfg = Release|Any CPU
		{16917EC0-5280-4567-8E40-328EE758D6BA}.Release|x64.Build.0 = Release|Any CPU
		{16917EC0-5280-4567-8E40-328EE758D6BA}.Release|x86.ActiveCfg = Release|Any CPU
		{16917EC0-5280-4567-8E40-328EE758D6BA}.Release|x86.Build.0 = Release|Any CPU
		{6B02F413-D1B9-4825-B429-2740B7D48546}.Debug|Any CPU.ActiveCfg = Debug|Any CPU
		{6B02F413-D1B9-4825-B429-2740B7D48546}.Debug|Any CPU.Build.0 = Debug|Any CPU
		{6B02F413-D1B9-4825-B429-2740B7D48546}.Debug|x64.ActiveCfg = Debug|Any CPU
		{6B02F413-D1B9-4825-B429-2740B7D48546}.Debug|x64.Build.0 = Debug|Any CPU
		{6B02F413-D1B9-4825-B429-2740B7D48546}.Debug|x86.ActiveCfg = Debug|Any CPU
		{6B02F413-D1B9-4825-B429-2740B7D48546}.Debug|x86.Build.0 = Debug|Any CPU
		{6B02F413-D1B9-4825-B429-2740B7D48546}.Release|Any CPU.ActiveCfg = Release|Any CPU
		{6B02F413-D1B9-4825-B429-2740B7D48546}.Release|Any CPU.Build.0 = Release|Any CPU
		{6B02F413-D1B9-4825-B429-2740B7D48546}.Release|x64.ActiveCfg = Release|Any CPU
		{6B02F413-D1B9-4825-B429-2740B7D48546}.Release|x64.Build.0 = Release|Any CPU
		{6B02F413-D1B9-4825-B429-2740B7D48546}.Release|x86.ActiveCfg = Release|Any CPU
		{6B02F413-D1B9-4825-B429-2740B7D48546}.Release|x86.Build.0 = Release|Any CPU
		{90F1D945-027D-4F79-AC7B-9348BDB97A00}.Debug|Any CPU.ActiveCfg = Debug|Any CPU
		{90F1D945-027D-4F79-AC7B-9348BDB97A00}.Debug|Any CPU.Build.0 = Debug|Any CPU
		{90F1D945-027D-4F79-AC7B-9348BDB97A00}.Debug|x64.ActiveCfg = Debug|Any CPU
		{90F1D945-027D-4F79-AC7B-9348BDB97A00}.Debug|x64.Build.0 = Debug|Any CPU
		{90F1D945-027D-4F79-AC7B-9348BDB97A00}.Debug|x86.ActiveCfg = Debug|Any CPU
		{90F1D945-027D-4F79-AC7B-9348BDB97A00}.Debug|x86.Build.0 = Debug|Any CPU
		{90F1D945-027D-4F79-AC7B-9348BDB97A00}.Release|Any CPU.ActiveCfg = Release|Any CPU
		{90F1D945-027D-4F79-AC7B-9348BDB97A00}.Release|Any CPU.Build.0 = Release|Any CPU
		{90F1D945-027D-4F79-AC7B-9348BDB97A00}.Release|x64.ActiveCfg = Release|Any CPU
		{90F1D945-027D-4F79-AC7B-9348BDB97A00}.Release|x64.Build.0 = Release|Any CPU
		{90F1D945-027D-4F79-AC7B-9348BDB97A00}.Release|x86.ActiveCfg = Release|Any CPU
		{90F1D945-027D-4F79-AC7B-9348BDB97A00}.Release|x86.Build.0 = Release|Any CPU
		{15A30514-B138-42E1-B28C-C417DC659C8D}.Debug|Any CPU.ActiveCfg = Debug|Any CPU
		{15A30514-B138-42E1-B28C-C417DC659C8D}.Debug|Any CPU.Build.0 = Debug|Any CPU
		{15A30514-B138-42E1-B28C-C417DC659C8D}.Debug|x64.ActiveCfg = Debug|Any CPU
		{15A30514-B138-42E1-B28C-C417DC659C8D}.Debug|x64.Build.0 = Debug|Any CPU
		{15A30514-B138-42E1-B28C-C417DC659C8D}.Debug|x86.ActiveCfg = Debug|Any CPU
		{15A30514-B138-42E1-B28C-C417DC659C8D}.Debug|x86.Build.0 = Debug|Any CPU
		{15A30514-B138-42E1-B28C-C417DC659C8D}.Release|Any CPU.ActiveCfg = Release|Any CPU
		{15A30514-B138-42E1-B28C-C417DC659C8D}.Release|Any CPU.Build.0 = Release|Any CPU
		{15A30514-B138-42E1-B28C-C417DC659C8D}.Release|x64.ActiveCfg = Release|Any CPU
		{15A30514-B138-42E1-B28C-C417DC659C8D}.Release|x64.Build.0 = Release|Any CPU
		{15A30514-B138-42E1-B28C-C417DC659C8D}.Release|x86.ActiveCfg = Release|Any CPU
		{15A30514-B138-42E1-B28C-C417DC659C8D}.Release|x86.Build.0 = Release|Any CPU
		{59A4EA0D-8996-4EF1-B979-BC4D9FB67B62}.Debug|Any CPU.ActiveCfg = Debug|Any CPU
		{59A4EA0D-8996-4EF1-B979-BC4D9FB67B62}.Debug|Any CPU.Build.0 = Debug|Any CPU
		{59A4EA0D-8996-4EF1-B979-BC4D9FB67B62}.Debug|x64.ActiveCfg = Debug|Any CPU
		{59A4EA0D-8996-4EF1-B979-BC4D9FB67B62}.Debug|x64.Build.0 = Debug|Any CPU
		{59A4EA0D-8996-4EF1-B979-BC4D9FB67B62}.Debug|x86.ActiveCfg = Debug|Any CPU
		{59A4EA0D-8996-4EF1-B979-BC4D9FB67B62}.Debug|x86.Build.0 = Debug|Any CPU
		{59A4EA0D-8996-4EF1-B979-BC4D9FB67B62}.Release|Any CPU.ActiveCfg = Release|Any CPU
		{59A4EA0D-8996-4EF1-B979-BC4D9FB67B62}.Release|Any CPU.Build.0 = Release|Any CPU
		{59A4EA0D-8996-4EF1-B979-BC4D9FB67B62}.Release|x64.ActiveCfg = Release|Any CPU
		{59A4EA0D-8996-4EF1-B979-BC4D9FB67B62}.Release|x64.Build.0 = Release|Any CPU
		{59A4EA0D-8996-4EF1-B979-BC4D9FB67B62}.Release|x86.ActiveCfg = Release|Any CPU
		{59A4EA0D-8996-4EF1-B979-BC4D9FB67B62}.Release|x86.Build.0 = Release|Any CPU
		{80EA07F5-BFD0-4E5E-BE93-057DAF2975CB}.Debug|Any CPU.ActiveCfg = Debug|Any CPU
		{80EA07F5-BFD0-4E5E-BE93-057DAF2975CB}.Debug|Any CPU.Build.0 = Debug|Any CPU
		{80EA07F5-BFD0-4E5E-BE93-057DAF2975CB}.Debug|x64.ActiveCfg = Debug|Any CPU
		{80EA07F5-BFD0-4E5E-BE93-057DAF2975CB}.Debug|x64.Build.0 = Debug|Any CPU
		{80EA07F5-BFD0-4E5E-BE93-057DAF2975CB}.Debug|x86.ActiveCfg = Debug|Any CPU
		{80EA07F5-BFD0-4E5E-BE93-057DAF2975CB}.Debug|x86.Build.0 = Debug|Any CPU
		{80EA07F5-BFD0-4E5E-BE93-057DAF2975CB}.Release|Any CPU.ActiveCfg = Release|Any CPU
		{80EA07F5-BFD0-4E5E-BE93-057DAF2975CB}.Release|Any CPU.Build.0 = Release|Any CPU
		{80EA07F5-BFD0-4E5E-BE93-057DAF2975CB}.Release|x64.ActiveCfg = Release|Any CPU
		{80EA07F5-BFD0-4E5E-BE93-057DAF2975CB}.Release|x64.Build.0 = Release|Any CPU
		{80EA07F5-BFD0-4E5E-BE93-057DAF2975CB}.Release|x86.ActiveCfg = Release|Any CPU
		{80EA07F5-BFD0-4E5E-BE93-057DAF2975CB}.Release|x86.Build.0 = Release|Any CPU
		{32726DCF-EEB7-4A28-8542-EECBD50EB2B5}.Debug|Any CPU.ActiveCfg = Debug|Any CPU
		{32726DCF-EEB7-4A28-8542-EECBD50EB2B5}.Debug|Any CPU.Build.0 = Debug|Any CPU
		{32726DCF-EEB7-4A28-8542-EECBD50EB2B5}.Debug|x64.ActiveCfg = Debug|Any CPU
		{32726DCF-EEB7-4A28-8542-EECBD50EB2B5}.Debug|x64.Build.0 = Debug|Any CPU
		{32726DCF-EEB7-4A28-8542-EECBD50EB2B5}.Debug|x86.ActiveCfg = Debug|Any CPU
		{32726DCF-EEB7-4A28-8542-EECBD50EB2B5}.Debug|x86.Build.0 = Debug|Any CPU
		{32726DCF-EEB7-4A28-8542-EECBD50EB2B5}.Release|Any CPU.ActiveCfg = Release|Any CPU
		{32726DCF-EEB7-4A28-8542-EECBD50EB2B5}.Release|Any CPU.Build.0 = Release|Any CPU
		{32726DCF-EEB7-4A28-8542-EECBD50EB2B5}.Release|x64.ActiveCfg = Release|Any CPU
		{32726DCF-EEB7-4A28-8542-EECBD50EB2B5}.Release|x64.Build.0 = Release|Any CPU
		{32726DCF-EEB7-4A28-8542-EECBD50EB2B5}.Release|x86.ActiveCfg = Release|Any CPU
		{32726DCF-EEB7-4A28-8542-EECBD50EB2B5}.Release|x86.Build.0 = Release|Any CPU
		{E0765342-E5D9-4468-9CC5-5D1482A62022}.Debug|Any CPU.ActiveCfg = Debug|Any CPU
		{E0765342-E5D9-4468-9CC5-5D1482A62022}.Debug|Any CPU.Build.0 = Debug|Any CPU
		{E0765342-E5D9-4468-9CC5-5D1482A62022}.Debug|x64.ActiveCfg = Debug|Any CPU
		{E0765342-E5D9-4468-9CC5-5D1482A62022}.Debug|x64.Build.0 = Debug|Any CPU
		{E0765342-E5D9-4468-9CC5-5D1482A62022}.Debug|x86.ActiveCfg = Debug|Any CPU
		{E0765342-E5D9-4468-9CC5-5D1482A62022}.Debug|x86.Build.0 = Debug|Any CPU
		{E0765342-E5D9-4468-9CC5-5D1482A62022}.Release|Any CPU.ActiveCfg = Release|Any CPU
		{E0765342-E5D9-4468-9CC5-5D1482A62022}.Release|Any CPU.Build.0 = Release|Any CPU
		{E0765342-E5D9-4468-9CC5-5D1482A62022}.Release|x64.ActiveCfg = Release|Any CPU
		{E0765342-E5D9-4468-9CC5-5D1482A62022}.Release|x64.Build.0 = Release|Any CPU
		{E0765342-E5D9-4468-9CC5-5D1482A62022}.Release|x86.ActiveCfg = Release|Any CPU
		{E0765342-E5D9-4468-9CC5-5D1482A62022}.Release|x86.Build.0 = Release|Any CPU
		{E676F490-4038-4BFB-993E-3604B16C87AE}.Debug|Any CPU.ActiveCfg = Debug|Any CPU
		{E676F490-4038-4BFB-993E-3604B16C87AE}.Debug|Any CPU.Build.0 = Debug|Any CPU
		{E676F490-4038-4BFB-993E-3604B16C87AE}.Debug|x64.ActiveCfg = Debug|Any CPU
		{E676F490-4038-4BFB-993E-3604B16C87AE}.Debug|x64.Build.0 = Debug|Any CPU
		{E676F490-4038-4BFB-993E-3604B16C87AE}.Debug|x86.ActiveCfg = Debug|Any CPU
		{E676F490-4038-4BFB-993E-3604B16C87AE}.Debug|x86.Build.0 = Debug|Any CPU
		{E676F490-4038-4BFB-993E-3604B16C87AE}.Release|Any CPU.ActiveCfg = Release|Any CPU
		{E676F490-4038-4BFB-993E-3604B16C87AE}.Release|Any CPU.Build.0 = Release|Any CPU
		{E676F490-4038-4BFB-993E-3604B16C87AE}.Release|x64.ActiveCfg = Release|Any CPU
		{E676F490-4038-4BFB-993E-3604B16C87AE}.Release|x64.Build.0 = Release|Any CPU
		{E676F490-4038-4BFB-993E-3604B16C87AE}.Release|x86.ActiveCfg = Release|Any CPU
		{E676F490-4038-4BFB-993E-3604B16C87AE}.Release|x86.Build.0 = Release|Any CPU
		{17942F8D-3D12-42CC-9B87-8A7FC3AAA344}.Debug|Any CPU.ActiveCfg = Debug|Any CPU
		{17942F8D-3D12-42CC-9B87-8A7FC3AAA344}.Debug|Any CPU.Build.0 = Debug|Any CPU
		{17942F8D-3D12-42CC-9B87-8A7FC3AAA344}.Debug|x64.ActiveCfg = Debug|Any CPU
		{17942F8D-3D12-42CC-9B87-8A7FC3AAA344}.Debug|x64.Build.0 = Debug|Any CPU
		{17942F8D-3D12-42CC-9B87-8A7FC3AAA344}.Debug|x86.ActiveCfg = Debug|Any CPU
		{17942F8D-3D12-42CC-9B87-8A7FC3AAA344}.Debug|x86.Build.0 = Debug|Any CPU
		{17942F8D-3D12-42CC-9B87-8A7FC3AAA344}.Release|Any CPU.ActiveCfg = Release|Any CPU
		{17942F8D-3D12-42CC-9B87-8A7FC3AAA344}.Release|Any CPU.Build.0 = Release|Any CPU
		{17942F8D-3D12-42CC-9B87-8A7FC3AAA344}.Release|x64.ActiveCfg = Release|Any CPU
		{17942F8D-3D12-42CC-9B87-8A7FC3AAA344}.Release|x64.Build.0 = Release|Any CPU
		{17942F8D-3D12-42CC-9B87-8A7FC3AAA344}.Release|x86.ActiveCfg = Release|Any CPU
		{17942F8D-3D12-42CC-9B87-8A7FC3AAA344}.Release|x86.Build.0 = Release|Any CPU
		{DA562E86-434A-48C5-86F3-23293D2E88BC}.Debug|Any CPU.ActiveCfg = Debug|Any CPU
		{DA562E86-434A-48C5-86F3-23293D2E88BC}.Debug|Any CPU.Build.0 = Debug|Any CPU
		{DA562E86-434A-48C5-86F3-23293D2E88BC}.Debug|x64.ActiveCfg = Debug|Any CPU
		{DA562E86-434A-48C5-86F3-23293D2E88BC}.Debug|x64.Build.0 = Debug|Any CPU
		{DA562E86-434A-48C5-86F3-23293D2E88BC}.Debug|x86.ActiveCfg = Debug|Any CPU
		{DA562E86-434A-48C5-86F3-23293D2E88BC}.Debug|x86.Build.0 = Debug|Any CPU
		{DA562E86-434A-48C5-86F3-23293D2E88BC}.Release|Any CPU.ActiveCfg = Release|Any CPU
		{DA562E86-434A-48C5-86F3-23293D2E88BC}.Release|Any CPU.Build.0 = Release|Any CPU
		{DA562E86-434A-48C5-86F3-23293D2E88BC}.Release|x64.ActiveCfg = Release|Any CPU
		{DA562E86-434A-48C5-86F3-23293D2E88BC}.Release|x64.Build.0 = Release|Any CPU
		{DA562E86-434A-48C5-86F3-23293D2E88BC}.Release|x86.ActiveCfg = Release|Any CPU
		{DA562E86-434A-48C5-86F3-23293D2E88BC}.Release|x86.Build.0 = Release|Any CPU
		{73CF3075-DDB5-41D0-B43F-9F26594E17D7}.Debug|Any CPU.ActiveCfg = Debug|Any CPU
		{73CF3075-DDB5-41D0-B43F-9F26594E17D7}.Debug|Any CPU.Build.0 = Debug|Any CPU
		{73CF3075-DDB5-41D0-B43F-9F26594E17D7}.Debug|x64.ActiveCfg = Debug|Any CPU
		{73CF3075-DDB5-41D0-B43F-9F26594E17D7}.Debug|x64.Build.0 = Debug|Any CPU
		{73CF3075-DDB5-41D0-B43F-9F26594E17D7}.Debug|x86.ActiveCfg = Debug|Any CPU
		{73CF3075-DDB5-41D0-B43F-9F26594E17D7}.Debug|x86.Build.0 = Debug|Any CPU
		{73CF3075-DDB5-41D0-B43F-9F26594E17D7}.Release|Any CPU.ActiveCfg = Release|Any CPU
		{73CF3075-DDB5-41D0-B43F-9F26594E17D7}.Release|Any CPU.Build.0 = Release|Any CPU
		{73CF3075-DDB5-41D0-B43F-9F26594E17D7}.Release|x64.ActiveCfg = Release|Any CPU
		{73CF3075-DDB5-41D0-B43F-9F26594E17D7}.Release|x64.Build.0 = Release|Any CPU
		{73CF3075-DDB5-41D0-B43F-9F26594E17D7}.Release|x86.ActiveCfg = Release|Any CPU
		{73CF3075-DDB5-41D0-B43F-9F26594E17D7}.Release|x86.Build.0 = Release|Any CPU
		{0B01A38C-96CD-4480-9E77-7C9B241E597C}.Debug|Any CPU.ActiveCfg = Debug|Any CPU
		{0B01A38C-96CD-4480-9E77-7C9B241E597C}.Debug|Any CPU.Build.0 = Debug|Any CPU
		{0B01A38C-96CD-4480-9E77-7C9B241E597C}.Debug|x64.ActiveCfg = Debug|Any CPU
		{0B01A38C-96CD-4480-9E77-7C9B241E597C}.Debug|x64.Build.0 = Debug|Any CPU
		{0B01A38C-96CD-4480-9E77-7C9B241E597C}.Debug|x86.ActiveCfg = Debug|Any CPU
		{0B01A38C-96CD-4480-9E77-7C9B241E597C}.Debug|x86.Build.0 = Debug|Any CPU
		{0B01A38C-96CD-4480-9E77-7C9B241E597C}.Release|Any CPU.ActiveCfg = Release|Any CPU
		{0B01A38C-96CD-4480-9E77-7C9B241E597C}.Release|Any CPU.Build.0 = Release|Any CPU
		{0B01A38C-96CD-4480-9E77-7C9B241E597C}.Release|x64.ActiveCfg = Release|Any CPU
		{0B01A38C-96CD-4480-9E77-7C9B241E597C}.Release|x64.Build.0 = Release|Any CPU
		{0B01A38C-96CD-4480-9E77-7C9B241E597C}.Release|x86.ActiveCfg = Release|Any CPU
		{0B01A38C-96CD-4480-9E77-7C9B241E597C}.Release|x86.Build.0 = Release|Any CPU
		{8582C6C0-4377-4678-B302-339BCF63D877}.Debug|Any CPU.ActiveCfg = Debug|Any CPU
		{8582C6C0-4377-4678-B302-339BCF63D877}.Debug|Any CPU.Build.0 = Debug|Any CPU
		{8582C6C0-4377-4678-B302-339BCF63D877}.Debug|x64.ActiveCfg = Debug|Any CPU
		{8582C6C0-4377-4678-B302-339BCF63D877}.Debug|x64.Build.0 = Debug|Any CPU
		{8582C6C0-4377-4678-B302-339BCF63D877}.Debug|x86.ActiveCfg = Debug|Any CPU
		{8582C6C0-4377-4678-B302-339BCF63D877}.Debug|x86.Build.0 = Debug|Any CPU
		{8582C6C0-4377-4678-B302-339BCF63D877}.Release|Any CPU.ActiveCfg = Release|Any CPU
		{8582C6C0-4377-4678-B302-339BCF63D877}.Release|Any CPU.Build.0 = Release|Any CPU
		{8582C6C0-4377-4678-B302-339BCF63D877}.Release|x64.ActiveCfg = Release|Any CPU
		{8582C6C0-4377-4678-B302-339BCF63D877}.Release|x64.Build.0 = Release|Any CPU
		{8582C6C0-4377-4678-B302-339BCF63D877}.Release|x86.ActiveCfg = Release|Any CPU
		{8582C6C0-4377-4678-B302-339BCF63D877}.Release|x86.Build.0 = Release|Any CPU
		{67BF6171-E1A9-4339-BA0F-7A4D42DE552F}.Debug|Any CPU.ActiveCfg = Debug|Any CPU
		{67BF6171-E1A9-4339-BA0F-7A4D42DE552F}.Debug|Any CPU.Build.0 = Debug|Any CPU
		{67BF6171-E1A9-4339-BA0F-7A4D42DE552F}.Debug|x64.ActiveCfg = Debug|Any CPU
		{67BF6171-E1A9-4339-BA0F-7A4D42DE552F}.Debug|x64.Build.0 = Debug|Any CPU
		{67BF6171-E1A9-4339-BA0F-7A4D42DE552F}.Debug|x86.ActiveCfg = Debug|Any CPU
		{67BF6171-E1A9-4339-BA0F-7A4D42DE552F}.Debug|x86.Build.0 = Debug|Any CPU
		{67BF6171-E1A9-4339-BA0F-7A4D42DE552F}.Release|Any CPU.ActiveCfg = Release|Any CPU
		{67BF6171-E1A9-4339-BA0F-7A4D42DE552F}.Release|Any CPU.Build.0 = Release|Any CPU
		{67BF6171-E1A9-4339-BA0F-7A4D42DE552F}.Release|x64.ActiveCfg = Release|Any CPU
		{67BF6171-E1A9-4339-BA0F-7A4D42DE552F}.Release|x64.Build.0 = Release|Any CPU
		{67BF6171-E1A9-4339-BA0F-7A4D42DE552F}.Release|x86.ActiveCfg = Release|Any CPU
		{67BF6171-E1A9-4339-BA0F-7A4D42DE552F}.Release|x86.Build.0 = Release|Any CPU
		{1433E873-1756-4B85-B121-F292C628C5B7}.Debug|Any CPU.ActiveCfg = Debug|Any CPU
		{1433E873-1756-4B85-B121-F292C628C5B7}.Debug|Any CPU.Build.0 = Debug|Any CPU
		{1433E873-1756-4B85-B121-F292C628C5B7}.Debug|x64.ActiveCfg = Debug|Any CPU
		{1433E873-1756-4B85-B121-F292C628C5B7}.Debug|x64.Build.0 = Debug|Any CPU
		{1433E873-1756-4B85-B121-F292C628C5B7}.Debug|x86.ActiveCfg = Debug|Any CPU
		{1433E873-1756-4B85-B121-F292C628C5B7}.Debug|x86.Build.0 = Debug|Any CPU
		{1433E873-1756-4B85-B121-F292C628C5B7}.Release|Any CPU.ActiveCfg = Release|Any CPU
		{1433E873-1756-4B85-B121-F292C628C5B7}.Release|Any CPU.Build.0 = Release|Any CPU
		{1433E873-1756-4B85-B121-F292C628C5B7}.Release|x64.ActiveCfg = Release|Any CPU
		{1433E873-1756-4B85-B121-F292C628C5B7}.Release|x64.Build.0 = Release|Any CPU
		{1433E873-1756-4B85-B121-F292C628C5B7}.Release|x86.ActiveCfg = Release|Any CPU
		{1433E873-1756-4B85-B121-F292C628C5B7}.Release|x86.Build.0 = Release|Any CPU
		{D7CE6275-086F-4582-8FEB-2FC8AAADFA88}.Debug|Any CPU.ActiveCfg = Debug|Any CPU
		{D7CE6275-086F-4582-8FEB-2FC8AAADFA88}.Debug|Any CPU.Build.0 = Debug|Any CPU
		{D7CE6275-086F-4582-8FEB-2FC8AAADFA88}.Debug|x64.ActiveCfg = Debug|Any CPU
		{D7CE6275-086F-4582-8FEB-2FC8AAADFA88}.Debug|x64.Build.0 = Debug|Any CPU
		{D7CE6275-086F-4582-8FEB-2FC8AAADFA88}.Debug|x86.ActiveCfg = Debug|Any CPU
		{D7CE6275-086F-4582-8FEB-2FC8AAADFA88}.Debug|x86.Build.0 = Debug|Any CPU
		{D7CE6275-086F-4582-8FEB-2FC8AAADFA88}.Release|Any CPU.ActiveCfg = Release|Any CPU
		{D7CE6275-086F-4582-8FEB-2FC8AAADFA88}.Release|Any CPU.Build.0 = Release|Any CPU
		{D7CE6275-086F-4582-8FEB-2FC8AAADFA88}.Release|x64.ActiveCfg = Release|Any CPU
		{D7CE6275-086F-4582-8FEB-2FC8AAADFA88}.Release|x64.Build.0 = Release|Any CPU
		{D7CE6275-086F-4582-8FEB-2FC8AAADFA88}.Release|x86.ActiveCfg = Release|Any CPU
		{D7CE6275-086F-4582-8FEB-2FC8AAADFA88}.Release|x86.Build.0 = Release|Any CPU
		{4925AAEE-A5C1-4666-8363-40169884C540}.Debug|Any CPU.ActiveCfg = Debug|Any CPU
		{4925AAEE-A5C1-4666-8363-40169884C540}.Debug|Any CPU.Build.0 = Debug|Any CPU
		{4925AAEE-A5C1-4666-8363-40169884C540}.Debug|x64.ActiveCfg = Debug|Any CPU
		{4925AAEE-A5C1-4666-8363-40169884C540}.Debug|x64.Build.0 = Debug|Any CPU
		{4925AAEE-A5C1-4666-8363-40169884C540}.Debug|x86.ActiveCfg = Debug|Any CPU
		{4925AAEE-A5C1-4666-8363-40169884C540}.Debug|x86.Build.0 = Debug|Any CPU
		{4925AAEE-A5C1-4666-8363-40169884C540}.Release|Any CPU.ActiveCfg = Release|Any CPU
		{4925AAEE-A5C1-4666-8363-40169884C540}.Release|Any CPU.Build.0 = Release|Any CPU
		{4925AAEE-A5C1-4666-8363-40169884C540}.Release|x64.ActiveCfg = Release|Any CPU
		{4925AAEE-A5C1-4666-8363-40169884C540}.Release|x64.Build.0 = Release|Any CPU
		{4925AAEE-A5C1-4666-8363-40169884C540}.Release|x86.ActiveCfg = Release|Any CPU
		{4925AAEE-A5C1-4666-8363-40169884C540}.Release|x86.Build.0 = Release|Any CPU
		{826121EE-CCFB-4515-A87F-A1E5FE10014B}.Debug|Any CPU.ActiveCfg = Debug|Any CPU
		{826121EE-CCFB-4515-A87F-A1E5FE10014B}.Debug|Any CPU.Build.0 = Debug|Any CPU
		{826121EE-CCFB-4515-A87F-A1E5FE10014B}.Debug|x64.ActiveCfg = Debug|Any CPU
		{826121EE-CCFB-4515-A87F-A1E5FE10014B}.Debug|x64.Build.0 = Debug|Any CPU
		{826121EE-CCFB-4515-A87F-A1E5FE10014B}.Debug|x86.ActiveCfg = Debug|Any CPU
		{826121EE-CCFB-4515-A87F-A1E5FE10014B}.Debug|x86.Build.0 = Debug|Any CPU
		{826121EE-CCFB-4515-A87F-A1E5FE10014B}.Release|Any CPU.ActiveCfg = Release|Any CPU
		{826121EE-CCFB-4515-A87F-A1E5FE10014B}.Release|Any CPU.Build.0 = Release|Any CPU
		{826121EE-CCFB-4515-A87F-A1E5FE10014B}.Release|x64.ActiveCfg = Release|Any CPU
		{826121EE-CCFB-4515-A87F-A1E5FE10014B}.Release|x64.Build.0 = Release|Any CPU
		{826121EE-CCFB-4515-A87F-A1E5FE10014B}.Release|x86.ActiveCfg = Release|Any CPU
		{826121EE-CCFB-4515-A87F-A1E5FE10014B}.Release|x86.Build.0 = Release|Any CPU
		{72A73156-CA6B-4E79-90F5-75684D5FC35E}.Debug|Any CPU.ActiveCfg = Debug|Any CPU
		{72A73156-CA6B-4E79-90F5-75684D5FC35E}.Debug|Any CPU.Build.0 = Debug|Any CPU
		{72A73156-CA6B-4E79-90F5-75684D5FC35E}.Debug|x64.ActiveCfg = Debug|Any CPU
		{72A73156-CA6B-4E79-90F5-75684D5FC35E}.Debug|x64.Build.0 = Debug|Any CPU
		{72A73156-CA6B-4E79-90F5-75684D5FC35E}.Debug|x86.ActiveCfg = Debug|Any CPU
		{72A73156-CA6B-4E79-90F5-75684D5FC35E}.Debug|x86.Build.0 = Debug|Any CPU
		{72A73156-CA6B-4E79-90F5-75684D5FC35E}.Release|Any CPU.ActiveCfg = Release|Any CPU
		{72A73156-CA6B-4E79-90F5-75684D5FC35E}.Release|Any CPU.Build.0 = Release|Any CPU
		{72A73156-CA6B-4E79-90F5-75684D5FC35E}.Release|x64.ActiveCfg = Release|Any CPU
		{72A73156-CA6B-4E79-90F5-75684D5FC35E}.Release|x64.Build.0 = Release|Any CPU
		{72A73156-CA6B-4E79-90F5-75684D5FC35E}.Release|x86.ActiveCfg = Release|Any CPU
		{72A73156-CA6B-4E79-90F5-75684D5FC35E}.Release|x86.Build.0 = Release|Any CPU
		{70F4B330-14FE-40A6-B1A3-D9CE3BD25322}.Debug|Any CPU.ActiveCfg = Debug|Any CPU
		{70F4B330-14FE-40A6-B1A3-D9CE3BD25322}.Debug|Any CPU.Build.0 = Debug|Any CPU
		{70F4B330-14FE-40A6-B1A3-D9CE3BD25322}.Debug|x64.ActiveCfg = Debug|Any CPU
		{70F4B330-14FE-40A6-B1A3-D9CE3BD25322}.Debug|x64.Build.0 = Debug|Any CPU
		{70F4B330-14FE-40A6-B1A3-D9CE3BD25322}.Debug|x86.ActiveCfg = Debug|Any CPU
		{70F4B330-14FE-40A6-B1A3-D9CE3BD25322}.Debug|x86.Build.0 = Debug|Any CPU
		{70F4B330-14FE-40A6-B1A3-D9CE3BD25322}.Release|Any CPU.ActiveCfg = Release|Any CPU
		{70F4B330-14FE-40A6-B1A3-D9CE3BD25322}.Release|Any CPU.Build.0 = Release|Any CPU
		{70F4B330-14FE-40A6-B1A3-D9CE3BD25322}.Release|x64.ActiveCfg = Release|Any CPU
		{70F4B330-14FE-40A6-B1A3-D9CE3BD25322}.Release|x64.Build.0 = Release|Any CPU
		{70F4B330-14FE-40A6-B1A3-D9CE3BD25322}.Release|x86.ActiveCfg = Release|Any CPU
		{70F4B330-14FE-40A6-B1A3-D9CE3BD25322}.Release|x86.Build.0 = Release|Any CPU
		{F395EC24-CE57-4F91-AAF8-F2D6D5A4353D}.Debug|Any CPU.ActiveCfg = Debug|Any CPU
		{F395EC24-CE57-4F91-AAF8-F2D6D5A4353D}.Debug|Any CPU.Build.0 = Debug|Any CPU
		{F395EC24-CE57-4F91-AAF8-F2D6D5A4353D}.Debug|x64.ActiveCfg = Debug|Any CPU
		{F395EC24-CE57-4F91-AAF8-F2D6D5A4353D}.Debug|x64.Build.0 = Debug|Any CPU
		{F395EC24-CE57-4F91-AAF8-F2D6D5A4353D}.Debug|x86.ActiveCfg = Debug|Any CPU
		{F395EC24-CE57-4F91-AAF8-F2D6D5A4353D}.Debug|x86.Build.0 = Debug|Any CPU
		{F395EC24-CE57-4F91-AAF8-F2D6D5A4353D}.Release|Any CPU.ActiveCfg = Release|Any CPU
		{F395EC24-CE57-4F91-AAF8-F2D6D5A4353D}.Release|Any CPU.Build.0 = Release|Any CPU
		{F395EC24-CE57-4F91-AAF8-F2D6D5A4353D}.Release|x64.ActiveCfg = Release|Any CPU
		{F395EC24-CE57-4F91-AAF8-F2D6D5A4353D}.Release|x64.Build.0 = Release|Any CPU
		{F395EC24-CE57-4F91-AAF8-F2D6D5A4353D}.Release|x86.ActiveCfg = Release|Any CPU
		{F395EC24-CE57-4F91-AAF8-F2D6D5A4353D}.Release|x86.Build.0 = Release|Any CPU
		{EA1C2119-07DE-49E4-B261-BBCF4BC83807}.Debug|Any CPU.ActiveCfg = Debug|Any CPU
		{EA1C2119-07DE-49E4-B261-BBCF4BC83807}.Debug|Any CPU.Build.0 = Debug|Any CPU
		{EA1C2119-07DE-49E4-B261-BBCF4BC83807}.Debug|x64.ActiveCfg = Debug|Any CPU
		{EA1C2119-07DE-49E4-B261-BBCF4BC83807}.Debug|x64.Build.0 = Debug|Any CPU
		{EA1C2119-07DE-49E4-B261-BBCF4BC83807}.Debug|x86.ActiveCfg = Debug|Any CPU
		{EA1C2119-07DE-49E4-B261-BBCF4BC83807}.Debug|x86.Build.0 = Debug|Any CPU
		{EA1C2119-07DE-49E4-B261-BBCF4BC83807}.Release|Any CPU.ActiveCfg = Release|Any CPU
		{EA1C2119-07DE-49E4-B261-BBCF4BC83807}.Release|Any CPU.Build.0 = Release|Any CPU
		{EA1C2119-07DE-49E4-B261-BBCF4BC83807}.Release|x64.ActiveCfg = Release|Any CPU
		{EA1C2119-07DE-49E4-B261-BBCF4BC83807}.Release|x64.Build.0 = Release|Any CPU
		{EA1C2119-07DE-49E4-B261-BBCF4BC83807}.Release|x86.ActiveCfg = Release|Any CPU
		{EA1C2119-07DE-49E4-B261-BBCF4BC83807}.Release|x86.Build.0 = Release|Any CPU
		{16E58353-17F6-4D64-9E2E-E52BE26494C8}.Debug|Any CPU.ActiveCfg = Debug|Any CPU
		{16E58353-17F6-4D64-9E2E-E52BE26494C8}.Debug|Any CPU.Build.0 = Debug|Any CPU
		{16E58353-17F6-4D64-9E2E-E52BE26494C8}.Debug|x64.ActiveCfg = Debug|Any CPU
		{16E58353-17F6-4D64-9E2E-E52BE26494C8}.Debug|x64.Build.0 = Debug|Any CPU
		{16E58353-17F6-4D64-9E2E-E52BE26494C8}.Debug|x86.ActiveCfg = Debug|Any CPU
		{16E58353-17F6-4D64-9E2E-E52BE26494C8}.Debug|x86.Build.0 = Debug|Any CPU
		{16E58353-17F6-4D64-9E2E-E52BE26494C8}.Release|Any CPU.ActiveCfg = Release|Any CPU
		{16E58353-17F6-4D64-9E2E-E52BE26494C8}.Release|Any CPU.Build.0 = Release|Any CPU
		{16E58353-17F6-4D64-9E2E-E52BE26494C8}.Release|x64.ActiveCfg = Release|Any CPU
		{16E58353-17F6-4D64-9E2E-E52BE26494C8}.Release|x64.Build.0 = Release|Any CPU
		{16E58353-17F6-4D64-9E2E-E52BE26494C8}.Release|x86.ActiveCfg = Release|Any CPU
		{16E58353-17F6-4D64-9E2E-E52BE26494C8}.Release|x86.Build.0 = Release|Any CPU
	EndGlobalSection
	GlobalSection(SolutionProperties) = preSolution
		HideSolutionNode = FALSE
	EndGlobalSection
	GlobalSection(ExtensibilityGlobals) = postSolution
		SolutionGuid = {C7264B90-C9AE-4D0E-8DC2-B8DF3202D756}
	EndGlobalSection
EndGlobal
