
Microsoft Visual Studio Solution File, Format Version 12.00
# Visual Studio Version 17
VisualStudioVersion = 17.2.32630.192
MinimumVisualStudioVersion = 10.0.40219.1
Project("{9A19103F-16F7-4668-BE54-9A1E7A4F7556}") = "R5T.F0000", "R5T.F0000\R5T.F0000.csproj", "{67A86141-BFFF-4445-A1E2-9A47A02104DD}"
EndProject
Project("{2150E333-8FDC-42A3-9474-1A3956D46DE8}") = "_Dependencies", "_Dependencies", "{7E6F86FD-4945-46D3-8898-1338D64F57F6}"
EndProject
Project("{9A19103F-16F7-4668-BE54-9A1E7A4F7556}") = "R5T.T0141", "..\..\R5T.T0141\source\R5T.T0141\R5T.T0141.csproj", "{7927FFE0-AF14-4964-90C2-7E05CC780857}"
EndProject
Project("{9A19103F-16F7-4668-BE54-9A1E7A4F7556}") = "R5T.Z0004", "..\..\R5T.Z0004\source\R5T.Z0004\R5T.Z0004.csproj", "{72352392-2BB9-4616-BFD9-057471E89A7D}"
EndProject
Project("{9A19103F-16F7-4668-BE54-9A1E7A4F7556}") = "R5T.F0000.Q000", "R5T.F0000.Q000\R5T.F0000.Q000.csproj", "{D006A428-882D-430D-BAEA-C33FFE954E94}"
EndProject
Project("{9A19103F-16F7-4668-BE54-9A1E7A4F7556}") = "R5T.T0132", "..\..\R5T.T0132\source\R5T.T0132\R5T.T0132.csproj", "{0FBCF231-17DB-4F7C-80DB-51A66AB3B152}"
EndProject
Project("{9A19103F-16F7-4668-BE54-9A1E7A4F7556}") = "R5T.T0143", "..\..\R5T.T0143\source\R5T.T0143\R5T.T0143.csproj", "{9C1DF6F5-7DD6-4D93-ACA4-1350BC5C7EA7}"
EndProject
Project("{9A19103F-16F7-4668-BE54-9A1E7A4F7556}") = "R5T.Z0000", "..\..\R5T.Z0000\source\R5T.Z0000\R5T.Z0000.csproj", "{B79A6C12-605A-4061-9481-9921B8508A8F}"
EndProject
Project("{9A19103F-16F7-4668-BE54-9A1E7A4F7556}") = "R5T.T0131", "..\..\R5T.T0131\source\R5T.T0131\R5T.T0131.csproj", "{DBCB7AFF-84D7-47AC-AC44-E326A95330A3}"
EndProject
Project("{9A19103F-16F7-4668-BE54-9A1E7A4F7556}") = "R5T.Y0000", "..\..\R5T.Y0000\source\R5T.Y0000\R5T.Y0000.csproj", "{9CBAD073-B0AE-4306-ABE4-2947D86114F0}"
EndProject
Project("{9A19103F-16F7-4668-BE54-9A1E7A4F7556}") = "R5T.T0142", "..\..\R5T.T0142\source\R5T.T0142\R5T.T0142.csproj", "{EF9CC35D-7382-42DF-87C6-7192735DAEFF}"
EndProject
Project("{9A19103F-16F7-4668-BE54-9A1E7A4F7556}") = "R5T.T0156", "..\..\R5T.T0156\source\R5T.T0156\R5T.T0156.csproj", "{855F0E24-5ABE-4E26-9A1F-A17DD1A64A8F}"
EndProject
Project("{9A19103F-16F7-4668-BE54-9A1E7A4F7556}") = "R5T.L0053", "..\..\R5T.L0053\source\R5T.L0053\R5T.L0053.csproj", "{EA7F0333-3792-44F7-945E-DD9F477D4325}"
EndProject
Project("{9A19103F-16F7-4668-BE54-9A1E7A4F7556}") = "R5T.L0066", "..\..\R5T.L0066\source\R5T.L0066\R5T.L0066.csproj", "{2E0A84A7-CEC0-406E-8744-FBD5BFD70169}"
EndProject
Project("{9A19103F-16F7-4668-BE54-9A1E7A4F7556}") = "R5T.L0071", "..\..\R5T.L0071\source\R5T.L0071\R5T.L0071.csproj", "{7018ACA4-7187-4938-BCDF-00A57673A8D4}"
EndProject
Project("{9A19103F-16F7-4668-BE54-9A1E7A4F7556}") = "R5T.L0089.F000", "..\..\R5T.L0089\source\R5T.L0089.F000\R5T.L0089.F000.csproj", "{9B57C615-1645-4079-90FD-B1941147745F}"
EndProject
Project("{9A19103F-16F7-4668-BE54-9A1E7A4F7556}") = "R5T.L0089.T000", "..\..\R5T.L0089\source\R5T.L0089.T000\R5T.L0089.T000.csproj", "{4C41D0CF-9B35-4DDE-B307-BBC38366144B}"
EndProject
Project("{9A19103F-16F7-4668-BE54-9A1E7A4F7556}") = "R5T.L0089", "..\..\R5T.L0089\source\R5T.L0089\R5T.L0089.csproj", "{04C9FAC7-85AC-499F-8550-D40629546CA3}"
EndProject
Project("{9A19103F-16F7-4668-BE54-9A1E7A4F7556}") = "R5T.T0221", "..\..\R5T.T0221\source\R5T.T0221\R5T.T0221.csproj", "{02839F85-358A-41DF-99A0-0480AF21018A}"
EndProject
Project("{9A19103F-16F7-4668-BE54-9A1E7A4F7556}") = "R5T.Y0006", "..\..\R5T.Y0006\source\R5T.Y0006\R5T.Y0006.csproj", "{C6832EC4-9947-4E87-B915-0D78C047E062}"
EndProject
Project("{9A19103F-16F7-4668-BE54-9A1E7A4F7556}") = "R5T.Z0010.Platform", "..\..\R5T.Z0010\source\R5T.Z0010.Platform\R5T.Z0010.Platform.csproj", "{0F99A5BD-3B42-455F-93AA-06C1A2F1CD2F}"
EndProject
Global
	GlobalSection(NestedProjects) = preSolution
		{7927FFE0-AF14-4964-90C2-7E05CC780857} = {7E6F86FD-4945-46D3-8898-1338D64F57F6}
		{72352392-2BB9-4616-BFD9-057471E89A7D} = {7E6F86FD-4945-46D3-8898-1338D64F57F6}
		{0FBCF231-17DB-4F7C-80DB-51A66AB3B152} = {7E6F86FD-4945-46D3-8898-1338D64F57F6}
		{9C1DF6F5-7DD6-4D93-ACA4-1350BC5C7EA7} = {7E6F86FD-4945-46D3-8898-1338D64F57F6}
		{B79A6C12-605A-4061-9481-9921B8508A8F} = {7E6F86FD-4945-46D3-8898-1338D64F57F6}
		{DBCB7AFF-84D7-47AC-AC44-E326A95330A3} = {7E6F86FD-4945-46D3-8898-1338D64F57F6}
		{9CBAD073-B0AE-4306-ABE4-2947D86114F0} = {7E6F86FD-4945-46D3-8898-1338D64F57F6}
		{EF9CC35D-7382-42DF-87C6-7192735DAEFF} = {7E6F86FD-4945-46D3-8898-1338D64F57F6}
		{855F0E24-5ABE-4E26-9A1F-A17DD1A64A8F} = {7E6F86FD-4945-46D3-8898-1338D64F57F6}
		{EA7F0333-3792-44F7-945E-DD9F477D4325} = {7E6F86FD-4945-46D3-8898-1338D64F57F6}
		{2E0A84A7-CEC0-406E-8744-FBD5BFD70169} = {7E6F86FD-4945-46D3-8898-1338D64F57F6}
		{7018ACA4-7187-4938-BCDF-00A57673A8D4} = {7E6F86FD-4945-46D3-8898-1338D64F57F6}
		{9B57C615-1645-4079-90FD-B1941147745F} = {7E6F86FD-4945-46D3-8898-1338D64F57F6}
		{4C41D0CF-9B35-4DDE-B307-BBC38366144B} = {7E6F86FD-4945-46D3-8898-1338D64F57F6}
		{04C9FAC7-85AC-499F-8550-D40629546CA3} = {7E6F86FD-4945-46D3-8898-1338D64F57F6}
		{02839F85-358A-41DF-99A0-0480AF21018A} = {7E6F86FD-4945-46D3-8898-1338D64F57F6}
		{C6832EC4-9947-4E87-B915-0D78C047E062} = {7E6F86FD-4945-46D3-8898-1338D64F57F6}
		{0F99A5BD-3B42-455F-93AA-06C1A2F1CD2F} = {7E6F86FD-4945-46D3-8898-1338D64F57F6}
	EndGlobalSection
	GlobalSection(SolutionConfigurationPlatforms) = preSolution
		Debug|Any CPU = Debug|Any CPU
		Debug|x64 = Debug|x64
		Debug|x86 = Debug|x86
		Release|Any CPU = Release|Any CPU
		Release|x64 = Release|x64
		Release|x86 = Release|x86
	EndGlobalSection
	GlobalSection(ProjectConfigurationPlatforms) = postSolution
		{67A86141-BFFF-4445-A1E2-9A47A02104DD}.Debug|Any CPU.ActiveCfg = Debug|Any CPU
		{67A86141-BFFF-4445-A1E2-9A47A02104DD}.Debug|Any CPU.Build.0 = Debug|Any CPU
		{67A86141-BFFF-4445-A1E2-9A47A02104DD}.Debug|x64.ActiveCfg = Debug|Any CPU
		{67A86141-BFFF-4445-A1E2-9A47A02104DD}.Debug|x64.Build.0 = Debug|Any CPU
		{67A86141-BFFF-4445-A1E2-9A47A02104DD}.Debug|x86.ActiveCfg = Debug|Any CPU
		{67A86141-BFFF-4445-A1E2-9A47A02104DD}.Debug|x86.Build.0 = Debug|Any CPU
		{67A86141-BFFF-4445-A1E2-9A47A02104DD}.Release|Any CPU.ActiveCfg = Release|Any CPU
		{67A86141-BFFF-4445-A1E2-9A47A02104DD}.Release|Any CPU.Build.0 = Release|Any CPU
		{67A86141-BFFF-4445-A1E2-9A47A02104DD}.Release|x64.ActiveCfg = Release|Any CPU
		{67A86141-BFFF-4445-A1E2-9A47A02104DD}.Release|x64.Build.0 = Release|Any CPU
		{67A86141-BFFF-4445-A1E2-9A47A02104DD}.Release|x86.ActiveCfg = Release|Any CPU
		{67A86141-BFFF-4445-A1E2-9A47A02104DD}.Release|x86.Build.0 = Release|Any CPU
		{7927FFE0-AF14-4964-90C2-7E05CC780857}.Debug|Any CPU.ActiveCfg = Debug|Any CPU
		{7927FFE0-AF14-4964-90C2-7E05CC780857}.Debug|Any CPU.Build.0 = Debug|Any CPU
		{7927FFE0-AF14-4964-90C2-7E05CC780857}.Debug|x64.ActiveCfg = Debug|Any CPU
		{7927FFE0-AF14-4964-90C2-7E05CC780857}.Debug|x64.Build.0 = Debug|Any CPU
		{7927FFE0-AF14-4964-90C2-7E05CC780857}.Debug|x86.ActiveCfg = Debug|Any CPU
		{7927FFE0-AF14-4964-90C2-7E05CC780857}.Debug|x86.Build.0 = Debug|Any CPU
		{7927FFE0-AF14-4964-90C2-7E05CC780857}.Release|Any CPU.ActiveCfg = Release|Any CPU
		{7927FFE0-AF14-4964-90C2-7E05CC780857}.Release|Any CPU.Build.0 = Release|Any CPU
		{7927FFE0-AF14-4964-90C2-7E05CC780857}.Release|x64.ActiveCfg = Release|Any CPU
		{7927FFE0-AF14-4964-90C2-7E05CC780857}.Release|x64.Build.0 = Release|Any CPU
		{7927FFE0-AF14-4964-90C2-7E05CC780857}.Release|x86.ActiveCfg = Release|Any CPU
		{7927FFE0-AF14-4964-90C2-7E05CC780857}.Release|x86.Build.0 = Release|Any CPU
		{72352392-2BB9-4616-BFD9-057471E89A7D}.Debug|Any CPU.ActiveCfg = Debug|Any CPU
		{72352392-2BB9-4616-BFD9-057471E89A7D}.Debug|Any CPU.Build.0 = Debug|Any CPU
		{72352392-2BB9-4616-BFD9-057471E89A7D}.Debug|x64.ActiveCfg = Debug|Any CPU
		{72352392-2BB9-4616-BFD9-057471E89A7D}.Debug|x64.Build.0 = Debug|Any CPU
		{72352392-2BB9-4616-BFD9-057471E89A7D}.Debug|x86.ActiveCfg = Debug|Any CPU
		{72352392-2BB9-4616-BFD9-057471E89A7D}.Debug|x86.Build.0 = Debug|Any CPU
		{72352392-2BB9-4616-BFD9-057471E89A7D}.Release|Any CPU.ActiveCfg = Release|Any CPU
		{72352392-2BB9-4616-BFD9-057471E89A7D}.Release|Any CPU.Build.0 = Release|Any CPU
		{72352392-2BB9-4616-BFD9-057471E89A7D}.Release|x64.ActiveCfg = Release|Any CPU
		{72352392-2BB9-4616-BFD9-057471E89A7D}.Release|x64.Build.0 = Release|Any CPU
		{72352392-2BB9-4616-BFD9-057471E89A7D}.Release|x86.ActiveCfg = Release|Any CPU
		{72352392-2BB9-4616-BFD9-057471E89A7D}.Release|x86.Build.0 = Release|Any CPU
		{D006A428-882D-430D-BAEA-C33FFE954E94}.Debug|Any CPU.ActiveCfg = Debug|Any CPU
		{D006A428-882D-430D-BAEA-C33FFE954E94}.Debug|Any CPU.Build.0 = Debug|Any CPU
		{D006A428-882D-430D-BAEA-C33FFE954E94}.Debug|x64.ActiveCfg = Debug|Any CPU
		{D006A428-882D-430D-BAEA-C33FFE954E94}.Debug|x64.Build.0 = Debug|Any CPU
		{D006A428-882D-430D-BAEA-C33FFE954E94}.Debug|x86.ActiveCfg = Debug|Any CPU
		{D006A428-882D-430D-BAEA-C33FFE954E94}.Debug|x86.Build.0 = Debug|Any CPU
		{D006A428-882D-430D-BAEA-C33FFE954E94}.Release|Any CPU.ActiveCfg = Release|Any CPU
		{D006A428-882D-430D-BAEA-C33FFE954E94}.Release|Any CPU.Build.0 = Release|Any CPU
		{D006A428-882D-430D-BAEA-C33FFE954E94}.Release|x64.ActiveCfg = Release|Any CPU
		{D006A428-882D-430D-BAEA-C33FFE954E94}.Release|x64.Build.0 = Release|Any CPU
		{D006A428-882D-430D-BAEA-C33FFE954E94}.Release|x86.ActiveCfg = Release|Any CPU
		{D006A428-882D-430D-BAEA-C33FFE954E94}.Release|x86.Build.0 = Release|Any CPU
		{0FBCF231-17DB-4F7C-80DB-51A66AB3B152}.Debug|Any CPU.ActiveCfg = Debug|Any CPU
		{0FBCF231-17DB-4F7C-80DB-51A66AB3B152}.Debug|Any CPU.Build.0 = Debug|Any CPU
		{0FBCF231-17DB-4F7C-80DB-51A66AB3B152}.Debug|x64.ActiveCfg = Debug|Any CPU
		{0FBCF231-17DB-4F7C-80DB-51A66AB3B152}.Debug|x64.Build.0 = Debug|Any CPU
		{0FBCF231-17DB-4F7C-80DB-51A66AB3B152}.Debug|x86.ActiveCfg = Debug|Any CPU
		{0FBCF231-17DB-4F7C-80DB-51A66AB3B152}.Debug|x86.Build.0 = Debug|Any CPU
		{0FBCF231-17DB-4F7C-80DB-51A66AB3B152}.Release|Any CPU.ActiveCfg = Release|Any CPU
		{0FBCF231-17DB-4F7C-80DB-51A66AB3B152}.Release|Any CPU.Build.0 = Release|Any CPU
		{0FBCF231-17DB-4F7C-80DB-51A66AB3B152}.Release|x64.ActiveCfg = Release|Any CPU
		{0FBCF231-17DB-4F7C-80DB-51A66AB3B152}.Release|x64.Build.0 = Release|Any CPU
		{0FBCF231-17DB-4F7C-80DB-51A66AB3B152}.Release|x86.ActiveCfg = Release|Any CPU
		{0FBCF231-17DB-4F7C-80DB-51A66AB3B152}.Release|x86.Build.0 = Release|Any CPU
		{9C1DF6F5-7DD6-4D93-ACA4-1350BC5C7EA7}.Debug|Any CPU.ActiveCfg = Debug|Any CPU
		{9C1DF6F5-7DD6-4D93-ACA4-1350BC5C7EA7}.Debug|Any CPU.Build.0 = Debug|Any CPU
		{9C1DF6F5-7DD6-4D93-ACA4-1350BC5C7EA7}.Debug|x64.ActiveCfg = Debug|Any CPU
		{9C1DF6F5-7DD6-4D93-ACA4-1350BC5C7EA7}.Debug|x64.Build.0 = Debug|Any CPU
		{9C1DF6F5-7DD6-4D93-ACA4-1350BC5C7EA7}.Debug|x86.ActiveCfg = Debug|Any CPU
		{9C1DF6F5-7DD6-4D93-ACA4-1350BC5C7EA7}.Debug|x86.Build.0 = Debug|Any CPU
		{9C1DF6F5-7DD6-4D93-ACA4-1350BC5C7EA7}.Release|Any CPU.ActiveCfg = Release|Any CPU
		{9C1DF6F5-7DD6-4D93-ACA4-1350BC5C7EA7}.Release|Any CPU.Build.0 = Release|Any CPU
		{9C1DF6F5-7DD6-4D93-ACA4-1350BC5C7EA7}.Release|x64.ActiveCfg = Release|Any CPU
		{9C1DF6F5-7DD6-4D93-ACA4-1350BC5C7EA7}.Release|x64.Build.0 = Release|Any CPU
		{9C1DF6F5-7DD6-4D93-ACA4-1350BC5C7EA7}.Release|x86.ActiveCfg = Release|Any CPU
		{9C1DF6F5-7DD6-4D93-ACA4-1350BC5C7EA7}.Release|x86.Build.0 = Release|Any CPU
		{B79A6C12-605A-4061-9481-9921B8508A8F}.Debug|Any CPU.ActiveCfg = Debug|Any CPU
		{B79A6C12-605A-4061-9481-9921B8508A8F}.Debug|Any CPU.Build.0 = Debug|Any CPU
		{B79A6C12-605A-4061-9481-9921B8508A8F}.Debug|x64.ActiveCfg = Debug|Any CPU
		{B79A6C12-605A-4061-9481-9921B8508A8F}.Debug|x64.Build.0 = Debug|Any CPU
		{B79A6C12-605A-4061-9481-9921B8508A8F}.Debug|x86.ActiveCfg = Debug|Any CPU
		{B79A6C12-605A-4061-9481-9921B8508A8F}.Debug|x86.Build.0 = Debug|Any CPU
		{B79A6C12-605A-4061-9481-9921B8508A8F}.Release|Any CPU.ActiveCfg = Release|Any CPU
		{B79A6C12-605A-4061-9481-9921B8508A8F}.Release|Any CPU.Build.0 = Release|Any CPU
		{B79A6C12-605A-4061-9481-9921B8508A8F}.Release|x64.ActiveCfg = Release|Any CPU
		{B79A6C12-605A-4061-9481-9921B8508A8F}.Release|x64.Build.0 = Release|Any CPU
		{B79A6C12-605A-4061-9481-9921B8508A8F}.Release|x86.ActiveCfg = Release|Any CPU
		{B79A6C12-605A-4061-9481-9921B8508A8F}.Release|x86.Build.0 = Release|Any CPU
		{DBCB7AFF-84D7-47AC-AC44-E326A95330A3}.Debug|Any CPU.ActiveCfg = Debug|Any CPU
		{DBCB7AFF-84D7-47AC-AC44-E326A95330A3}.Debug|Any CPU.Build.0 = Debug|Any CPU
		{DBCB7AFF-84D7-47AC-AC44-E326A95330A3}.Debug|x64.ActiveCfg = Debug|Any CPU
		{DBCB7AFF-84D7-47AC-AC44-E326A95330A3}.Debug|x64.Build.0 = Debug|Any CPU
		{DBCB7AFF-84D7-47AC-AC44-E326A95330A3}.Debug|x86.ActiveCfg = Debug|Any CPU
		{DBCB7AFF-84D7-47AC-AC44-E326A95330A3}.Debug|x86.Build.0 = Debug|Any CPU
		{DBCB7AFF-84D7-47AC-AC44-E326A95330A3}.Release|Any CPU.ActiveCfg = Release|Any CPU
		{DBCB7AFF-84D7-47AC-AC44-E326A95330A3}.Release|Any CPU.Build.0 = Release|Any CPU
		{DBCB7AFF-84D7-47AC-AC44-E326A95330A3}.Release|x64.ActiveCfg = Release|Any CPU
		{DBCB7AFF-84D7-47AC-AC44-E326A95330A3}.Release|x64.Build.0 = Release|Any CPU
		{DBCB7AFF-84D7-47AC-AC44-E326A95330A3}.Release|x86.ActiveCfg = Release|Any CPU
		{DBCB7AFF-84D7-47AC-AC44-E326A95330A3}.Release|x86.Build.0 = Release|Any CPU
		{9CBAD073-B0AE-4306-ABE4-2947D86114F0}.Debug|Any CPU.ActiveCfg = Debug|Any CPU
		{9CBAD073-B0AE-4306-ABE4-2947D86114F0}.Debug|Any CPU.Build.0 = Debug|Any CPU
		{9CBAD073-B0AE-4306-ABE4-2947D86114F0}.Debug|x64.ActiveCfg = Debug|Any CPU
		{9CBAD073-B0AE-4306-ABE4-2947D86114F0}.Debug|x64.Build.0 = Debug|Any CPU
		{9CBAD073-B0AE-4306-ABE4-2947D86114F0}.Debug|x86.ActiveCfg = Debug|Any CPU
		{9CBAD073-B0AE-4306-ABE4-2947D86114F0}.Debug|x86.Build.0 = Debug|Any CPU
		{9CBAD073-B0AE-4306-ABE4-2947D86114F0}.Release|Any CPU.ActiveCfg = Release|Any CPU
		{9CBAD073-B0AE-4306-ABE4-2947D86114F0}.Release|Any CPU.Build.0 = Release|Any CPU
		{9CBAD073-B0AE-4306-ABE4-2947D86114F0}.Release|x64.ActiveCfg = Release|Any CPU
		{9CBAD073-B0AE-4306-ABE4-2947D86114F0}.Release|x64.Build.0 = Release|Any CPU
		{9CBAD073-B0AE-4306-ABE4-2947D86114F0}.Release|x86.ActiveCfg = Release|Any CPU
		{9CBAD073-B0AE-4306-ABE4-2947D86114F0}.Release|x86.Build.0 = Release|Any CPU
		{EF9CC35D-7382-42DF-87C6-7192735DAEFF}.Debug|Any CPU.ActiveCfg = Debug|Any CPU
		{EF9CC35D-7382-42DF-87C6-7192735DAEFF}.Debug|Any CPU.Build.0 = Debug|Any CPU
		{EF9CC35D-7382-42DF-87C6-7192735DAEFF}.Debug|x64.ActiveCfg = Debug|Any CPU
		{EF9CC35D-7382-42DF-87C6-7192735DAEFF}.Debug|x64.Build.0 = Debug|Any CPU
		{EF9CC35D-7382-42DF-87C6-7192735DAEFF}.Debug|x86.ActiveCfg = Debug|Any CPU
		{EF9CC35D-7382-42DF-87C6-7192735DAEFF}.Debug|x86.Build.0 = Debug|Any CPU
		{EF9CC35D-7382-42DF-87C6-7192735DAEFF}.Release|Any CPU.ActiveCfg = Release|Any CPU
		{EF9CC35D-7382-42DF-87C6-7192735DAEFF}.Release|Any CPU.Build.0 = Release|Any CPU
		{EF9CC35D-7382-42DF-87C6-7192735DAEFF}.Release|x64.ActiveCfg = Release|Any CPU
		{EF9CC35D-7382-42DF-87C6-7192735DAEFF}.Release|x64.Build.0 = Release|Any CPU
		{EF9CC35D-7382-42DF-87C6-7192735DAEFF}.Release|x86.ActiveCfg = Release|Any CPU
		{EF9CC35D-7382-42DF-87C6-7192735DAEFF}.Release|x86.Build.0 = Release|Any CPU
		{855F0E24-5ABE-4E26-9A1F-A17DD1A64A8F}.Debug|Any CPU.ActiveCfg = Debug|Any CPU
		{855F0E24-5ABE-4E26-9A1F-A17DD1A64A8F}.Debug|Any CPU.Build.0 = Debug|Any CPU
		{855F0E24-5ABE-4E26-9A1F-A17DD1A64A8F}.Debug|x64.ActiveCfg = Debug|Any CPU
		{855F0E24-5ABE-4E26-9A1F-A17DD1A64A8F}.Debug|x64.Build.0 = Debug|Any CPU
		{855F0E24-5ABE-4E26-9A1F-A17DD1A64A8F}.Debug|x86.ActiveCfg = Debug|Any CPU
		{855F0E24-5ABE-4E26-9A1F-A17DD1A64A8F}.Debug|x86.Build.0 = Debug|Any CPU
		{855F0E24-5ABE-4E26-9A1F-A17DD1A64A8F}.Release|Any CPU.ActiveCfg = Release|Any CPU
		{855F0E24-5ABE-4E26-9A1F-A17DD1A64A8F}.Release|Any CPU.Build.0 = Release|Any CPU
		{855F0E24-5ABE-4E26-9A1F-A17DD1A64A8F}.Release|x64.ActiveCfg = Release|Any CPU
		{855F0E24-5ABE-4E26-9A1F-A17DD1A64A8F}.Release|x64.Build.0 = Release|Any CPU
		{855F0E24-5ABE-4E26-9A1F-A17DD1A64A8F}.Release|x86.ActiveCfg = Release|Any CPU
		{855F0E24-5ABE-4E26-9A1F-A17DD1A64A8F}.Release|x86.Build.0 = Release|Any CPU
		{EA7F0333-3792-44F7-945E-DD9F477D4325}.Debug|Any CPU.ActiveCfg = Debug|Any CPU
		{EA7F0333-3792-44F7-945E-DD9F477D4325}.Debug|Any CPU.Build.0 = Debug|Any CPU
		{EA7F0333-3792-44F7-945E-DD9F477D4325}.Debug|x64.ActiveCfg = Debug|Any CPU
		{EA7F0333-3792-44F7-945E-DD9F477D4325}.Debug|x64.Build.0 = Debug|Any CPU
		{EA7F0333-3792-44F7-945E-DD9F477D4325}.Debug|x86.ActiveCfg = Debug|Any CPU
		{EA7F0333-3792-44F7-945E-DD9F477D4325}.Debug|x86.Build.0 = Debug|Any CPU
		{EA7F0333-3792-44F7-945E-DD9F477D4325}.Release|Any CPU.ActiveCfg = Release|Any CPU
		{EA7F0333-3792-44F7-945E-DD9F477D4325}.Release|Any CPU.Build.0 = Release|Any CPU
		{EA7F0333-3792-44F7-945E-DD9F477D4325}.Release|x64.ActiveCfg = Release|Any CPU
		{EA7F0333-3792-44F7-945E-DD9F477D4325}.Release|x64.Build.0 = Release|Any CPU
		{EA7F0333-3792-44F7-945E-DD9F477D4325}.Release|x86.ActiveCfg = Release|Any CPU
		{EA7F0333-3792-44F7-945E-DD9F477D4325}.Release|x86.Build.0 = Release|Any CPU
		{2E0A84A7-CEC0-406E-8744-FBD5BFD70169}.Debug|Any CPU.ActiveCfg = Debug|Any CPU
		{2E0A84A7-CEC0-406E-8744-FBD5BFD70169}.Debug|Any CPU.Build.0 = Debug|Any CPU
		{2E0A84A7-CEC0-406E-8744-FBD5BFD70169}.Debug|x64.ActiveCfg = Debug|Any CPU
		{2E0A84A7-CEC0-406E-8744-FBD5BFD70169}.Debug|x64.Build.0 = Debug|Any CPU
		{2E0A84A7-CEC0-406E-8744-FBD5BFD70169}.Debug|x86.ActiveCfg = Debug|Any CPU
		{2E0A84A7-CEC0-406E-8744-FBD5BFD70169}.Debug|x86.Build.0 = Debug|Any CPU
		{2E0A84A7-CEC0-406E-8744-FBD5BFD70169}.Release|Any CPU.ActiveCfg = Release|Any CPU
		{2E0A84A7-CEC0-406E-8744-FBD5BFD70169}.Release|Any CPU.Build.0 = Release|Any CPU
		{2E0A84A7-CEC0-406E-8744-FBD5BFD70169}.Release|x64.ActiveCfg = Release|Any CPU
		{2E0A84A7-CEC0-406E-8744-FBD5BFD70169}.Release|x64.Build.0 = Release|Any CPU
		{2E0A84A7-CEC0-406E-8744-FBD5BFD70169}.Release|x86.ActiveCfg = Release|Any CPU
		{2E0A84A7-CEC0-406E-8744-FBD5BFD70169}.Release|x86.Build.0 = Release|Any CPU
		{7018ACA4-7187-4938-BCDF-00A57673A8D4}.Debug|Any CPU.ActiveCfg = Debug|Any CPU
		{7018ACA4-7187-4938-BCDF-00A57673A8D4}.Debug|Any CPU.Build.0 = Debug|Any CPU
		{7018ACA4-7187-4938-BCDF-00A57673A8D4}.Debug|x64.ActiveCfg = Debug|Any CPU
		{7018ACA4-7187-4938-BCDF-00A57673A8D4}.Debug|x64.Build.0 = Debug|Any CPU
		{7018ACA4-7187-4938-BCDF-00A57673A8D4}.Debug|x86.ActiveCfg = Debug|Any CPU
		{7018ACA4-7187-4938-BCDF-00A57673A8D4}.Debug|x86.Build.0 = Debug|Any CPU
		{7018ACA4-7187-4938-BCDF-00A57673A8D4}.Release|Any CPU.ActiveCfg = Release|Any CPU
		{7018ACA4-7187-4938-BCDF-00A57673A8D4}.Release|Any CPU.Build.0 = Release|Any CPU
		{7018ACA4-7187-4938-BCDF-00A57673A8D4}.Release|x64.ActiveCfg = Release|Any CPU
		{7018ACA4-7187-4938-BCDF-00A57673A8D4}.Release|x64.Build.0 = Release|Any CPU
		{7018ACA4-7187-4938-BCDF-00A57673A8D4}.Release|x86.ActiveCfg = Release|Any CPU
		{7018ACA4-7187-4938-BCDF-00A57673A8D4}.Release|x86.Build.0 = Release|Any CPU
		{9B57C615-1645-4079-90FD-B1941147745F}.Debug|Any CPU.ActiveCfg = Debug|Any CPU
		{9B57C615-1645-4079-90FD-B1941147745F}.Debug|Any CPU.Build.0 = Debug|Any CPU
		{9B57C615-1645-4079-90FD-B1941147745F}.Debug|x64.ActiveCfg = Debug|Any CPU
		{9B57C615-1645-4079-90FD-B1941147745F}.Debug|x64.Build.0 = Debug|Any CPU
		{9B57C615-1645-4079-90FD-B1941147745F}.Debug|x86.ActiveCfg = Debug|Any CPU
		{9B57C615-1645-4079-90FD-B1941147745F}.Debug|x86.Build.0 = Debug|Any CPU
		{9B57C615-1645-4079-90FD-B1941147745F}.Release|Any CPU.ActiveCfg = Release|Any CPU
		{9B57C615-1645-4079-90FD-B1941147745F}.Release|Any CPU.Build.0 = Release|Any CPU
		{9B57C615-1645-4079-90FD-B1941147745F}.Release|x64.ActiveCfg = Release|Any CPU
		{9B57C615-1645-4079-90FD-B1941147745F}.Release|x64.Build.0 = Release|Any CPU
		{9B57C615-1645-4079-90FD-B1941147745F}.Release|x86.ActiveCfg = Release|Any CPU
		{9B57C615-1645-4079-90FD-B1941147745F}.Release|x86.Build.0 = Release|Any CPU
		{4C41D0CF-9B35-4DDE-B307-BBC38366144B}.Debug|Any CPU.ActiveCfg = Debug|Any CPU
		{4C41D0CF-9B35-4DDE-B307-BBC38366144B}.Debug|Any CPU.Build.0 = Debug|Any CPU
		{4C41D0CF-9B35-4DDE-B307-BBC38366144B}.Debug|x64.ActiveCfg = Debug|Any CPU
		{4C41D0CF-9B35-4DDE-B307-BBC38366144B}.Debug|x64.Build.0 = Debug|Any CPU
		{4C41D0CF-9B35-4DDE-B307-BBC38366144B}.Debug|x86.ActiveCfg = Debug|Any CPU
		{4C41D0CF-9B35-4DDE-B307-BBC38366144B}.Debug|x86.Build.0 = Debug|Any CPU
		{4C41D0CF-9B35-4DDE-B307-BBC38366144B}.Release|Any CPU.ActiveCfg = Release|Any CPU
		{4C41D0CF-9B35-4DDE-B307-BBC38366144B}.Release|Any CPU.Build.0 = Release|Any CPU
		{4C41D0CF-9B35-4DDE-B307-BBC38366144B}.Release|x64.ActiveCfg = Release|Any CPU
		{4C41D0CF-9B35-4DDE-B307-BBC38366144B}.Release|x64.Build.0 = Release|Any CPU
		{4C41D0CF-9B35-4DDE-B307-BBC38366144B}.Release|x86.ActiveCfg = Release|Any CPU
		{4C41D0CF-9B35-4DDE-B307-BBC38366144B}.Release|x86.Build.0 = Release|Any CPU
		{04C9FAC7-85AC-499F-8550-D40629546CA3}.Debug|Any CPU.ActiveCfg = Debug|Any CPU
		{04C9FAC7-85AC-499F-8550-D40629546CA3}.Debug|Any CPU.Build.0 = Debug|Any CPU
		{04C9FAC7-85AC-499F-8550-D40629546CA3}.Debug|x64.ActiveCfg = Debug|Any CPU
		{04C9FAC7-85AC-499F-8550-D40629546CA3}.Debug|x64.Build.0 = Debug|Any CPU
		{04C9FAC7-85AC-499F-8550-D40629546CA3}.Debug|x86.ActiveCfg = Debug|Any CPU
		{04C9FAC7-85AC-499F-8550-D40629546CA3}.Debug|x86.Build.0 = Debug|Any CPU
		{04C9FAC7-85AC-499F-8550-D40629546CA3}.Release|Any CPU.ActiveCfg = Release|Any CPU
		{04C9FAC7-85AC-499F-8550-D40629546CA3}.Release|Any CPU.Build.0 = Release|Any CPU
		{04C9FAC7-85AC-499F-8550-D40629546CA3}.Release|x64.ActiveCfg = Release|Any CPU
		{04C9FAC7-85AC-499F-8550-D40629546CA3}.Release|x64.Build.0 = Release|Any CPU
		{04C9FAC7-85AC-499F-8550-D40629546CA3}.Release|x86.ActiveCfg = Release|Any CPU
		{04C9FAC7-85AC-499F-8550-D40629546CA3}.Release|x86.Build.0 = Release|Any CPU
		{02839F85-358A-41DF-99A0-0480AF21018A}.Debug|Any CPU.ActiveCfg = Debug|Any CPU
		{02839F85-358A-41DF-99A0-0480AF21018A}.Debug|Any CPU.Build.0 = Debug|Any CPU
		{02839F85-358A-41DF-99A0-0480AF21018A}.Debug|x64.ActiveCfg = Debug|Any CPU
		{02839F85-358A-41DF-99A0-0480AF21018A}.Debug|x64.Build.0 = Debug|Any CPU
		{02839F85-358A-41DF-99A0-0480AF21018A}.Debug|x86.ActiveCfg = Debug|Any CPU
		{02839F85-358A-41DF-99A0-0480AF21018A}.Debug|x86.Build.0 = Debug|Any CPU
		{02839F85-358A-41DF-99A0-0480AF21018A}.Release|Any CPU.ActiveCfg = Release|Any CPU
		{02839F85-358A-41DF-99A0-0480AF21018A}.Release|Any CPU.Build.0 = Release|Any CPU
		{02839F85-358A-41DF-99A0-0480AF21018A}.Release|x64.ActiveCfg = Release|Any CPU
		{02839F85-358A-41DF-99A0-0480AF21018A}.Release|x64.Build.0 = Release|Any CPU
		{02839F85-358A-41DF-99A0-0480AF21018A}.Release|x86.ActiveCfg = Release|Any CPU
		{02839F85-358A-41DF-99A0-0480AF21018A}.Release|x86.Build.0 = Release|Any CPU
		{C6832EC4-9947-4E87-B915-0D78C047E062}.Debug|Any CPU.ActiveCfg = Debug|Any CPU
		{C6832EC4-9947-4E87-B915-0D78C047E062}.Debug|Any CPU.Build.0 = Debug|Any CPU
		{C6832EC4-9947-4E87-B915-0D78C047E062}.Debug|x64.ActiveCfg = Debug|Any CPU
		{C6832EC4-9947-4E87-B915-0D78C047E062}.Debug|x64.Build.0 = Debug|Any CPU
		{C6832EC4-9947-4E87-B915-0D78C047E062}.Debug|x86.ActiveCfg = Debug|Any CPU
		{C6832EC4-9947-4E87-B915-0D78C047E062}.Debug|x86.Build.0 = Debug|Any CPU
		{C6832EC4-9947-4E87-B915-0D78C047E062}.Release|Any CPU.ActiveCfg = Release|Any CPU
		{C6832EC4-9947-4E87-B915-0D78C047E062}.Release|Any CPU.Build.0 = Release|Any CPU
		{C6832EC4-9947-4E87-B915-0D78C047E062}.Release|x64.ActiveCfg = Release|Any CPU
		{C6832EC4-9947-4E87-B915-0D78C047E062}.Release|x64.Build.0 = Release|Any CPU
		{C6832EC4-9947-4E87-B915-0D78C047E062}.Release|x86.ActiveCfg = Release|Any CPU
		{C6832EC4-9947-4E87-B915-0D78C047E062}.Release|x86.Build.0 = Release|Any CPU
		{0F99A5BD-3B42-455F-93AA-06C1A2F1CD2F}.Debug|Any CPU.ActiveCfg = Debug|Any CPU
		{0F99A5BD-3B42-455F-93AA-06C1A2F1CD2F}.Debug|Any CPU.Build.0 = Debug|Any CPU
		{0F99A5BD-3B42-455F-93AA-06C1A2F1CD2F}.Debug|x64.ActiveCfg = Debug|Any CPU
		{0F99A5BD-3B42-455F-93AA-06C1A2F1CD2F}.Debug|x64.Build.0 = Debug|Any CPU
		{0F99A5BD-3B42-455F-93AA-06C1A2F1CD2F}.Debug|x86.ActiveCfg = Debug|Any CPU
		{0F99A5BD-3B42-455F-93AA-06C1A2F1CD2F}.Debug|x86.Build.0 = Debug|Any CPU
		{0F99A5BD-3B42-455F-93AA-06C1A2F1CD2F}.Release|Any CPU.ActiveCfg = Release|Any CPU
		{0F99A5BD-3B42-455F-93AA-06C1A2F1CD2F}.Release|Any CPU.Build.0 = Release|Any CPU
		{0F99A5BD-3B42-455F-93AA-06C1A2F1CD2F}.Release|x64.ActiveCfg = Release|Any CPU
		{0F99A5BD-3B42-455F-93AA-06C1A2F1CD2F}.Release|x64.Build.0 = Release|Any CPU
		{0F99A5BD-3B42-455F-93AA-06C1A2F1CD2F}.Release|x86.ActiveCfg = Release|Any CPU
		{0F99A5BD-3B42-455F-93AA-06C1A2F1CD2F}.Release|x86.Build.0 = Release|Any CPU
	EndGlobalSection
	GlobalSection(SolutionProperties) = preSolution
		HideSolutionNode = FALSE
	EndGlobalSection
	GlobalSection(ExtensibilityGlobals) = postSolution
		SolutionGuid = {C75216F3-86D2-41D4-81CB-7E5C43266E10}
	EndGlobalSection
EndGlobal
