
Microsoft Visual Studio Solution File, Format Version 12.00
# Visual Studio Version 17
VisualStudioVersion = 17.2.32630.192
MinimumVisualStudioVersion = 10.0.40219.1
Project("{9A19103F-16F7-4668-BE54-9A1E7A4F7556}") = "R5T.F0000", "R5T.F0000\R5T.F0000.csproj", "{67A86141-BFFF-4445-A1E2-9A47A02104DD}"
EndProject
Project("{2150E333-8FDC-42A3-9474-1A3956D46DE8}") = "_Dependencies", "_Dependencies", "{7E6F86FD-4945-46D3-8898-1338D64F57F6}"
EndProject
Project("{9A19103F-16F7-4668-BE54-9A1E7A4F7556}") = "R5T.T0141", "..\..\R5T.T0141\source\R5T.T0141\R5T.T0141.csproj", "{7927FFE0-AF14-4964-90C2-7E05CC780857}"
EndProject
Project("{9A19103F-16F7-4668-BE54-9A1E7A4F7556}") = "R5T.Z0004", "..\..\R5T.Z0004\source\R5T.Z0004\R5T.Z0004.csproj", "{72352392-2BB9-4616-BFD9-057471E89A7D}"
EndProject
Project("{FAE04EC0-301F-11D3-BF4B-00C04F79EFBC}") = "R5T.F0000.V000", "R5T.F0000.V000\R5T.F0000.V000.csproj", "{9A21AA94-1A91-4545-BB89-C128D573FA0A}"
EndProject
Project("{9A19103F-16F7-4668-BE54-9A1E7A4F7556}") = "R5T.T0132", "..\..\R5T.T0132\source\R5T.T0132\R5T.T0132.csproj", "{650C5900-91B6-4500-8646-B750CCEF8D6D}"
EndProject
Project("{9A19103F-16F7-4668-BE54-9A1E7A4F7556}") = "R5T.Z0000", "..\..\R5T.Z0000\source\R5T.Z0000\R5T.Z0000.csproj", "{C9B076BF-735B-4CBE-BEB6-C04BA94600CA}"
EndProject
Project("{9A19103F-16F7-4668-BE54-9A1E7A4F7556}") = "R5T.T0131", "..\..\R5T.T0131\source\R5T.T0131\R5T.T0131.csproj", "{69FFAEA1-C79F-4A81-B26B-7EDF40B88737}"
EndProject
Project("{9A19103F-16F7-4668-BE54-9A1E7A4F7556}") = "R5T.Y0000", "..\..\R5T.Y0000\source\R5T.Y0000\R5T.Y0000.csproj", "{6EDDBBB1-03E7-45F4-A557-20224553BAEA}"
EndProject
Project("{9A19103F-16F7-4668-BE54-9A1E7A4F7556}") = "R5T.L0020", "..\..\R5T.L0020\source\R5T.L0020\R5T.L0020.csproj", "{24A960AC-A3D8-4CC7-8A92-6A9A28B96B0E}"
EndProject
Project("{9A19103F-16F7-4668-BE54-9A1E7A4F7556}") = "R5T.T0119.X001", "..\..\R5T.T0119\source\R5T.T0119.X001\R5T.T0119.X001.csproj", "{29ED8402-7428-450D-9F91-BFC2CF46BE8B}"
EndProject
Project("{9A19103F-16F7-4668-BE54-9A1E7A4F7556}") = "R5T.T0119", "..\..\R5T.T0119\source\R5T.T0119\R5T.T0119.csproj", "{0012EB9B-EBFC-44A4-97D4-4E129BFA6655}"
EndProject
Project("{9A19103F-16F7-4668-BE54-9A1E7A4F7556}") = "R5T.T0039.T002", "..\..\R5T.T0039\source\R5T.T0039.T002\R5T.T0039.T002.csproj", "{EB3DAA1C-6438-47F0-9FCD-D95578100305}"
EndProject
Project("{9A19103F-16F7-4668-BE54-9A1E7A4F7556}") = "R5T.T0120.X002", "..\..\R5T.T0120\source\R5T.T0120.X002\R5T.T0120.X002.csproj", "{C1CA2545-133B-4812-AE3A-9235374635D5}"
EndProject
Project("{9A19103F-16F7-4668-BE54-9A1E7A4F7556}") = "R5T.Magyar", "..\..\R5T.Magyar\source\R5T.Magyar\R5T.Magyar.csproj", "{228C3AB4-E834-4B94-871B-5432437F9654}"
EndProject
Project("{9A19103F-16F7-4668-BE54-9A1E7A4F7556}") = "R5T.T0120", "..\..\R5T.T0120\source\R5T.T0120\R5T.T0120.csproj", "{95508A58-36DD-48D9-B213-2EA5CF73AA73}"
EndProject
Project("{9A19103F-16F7-4668-BE54-9A1E7A4F7556}") = "R5T.F0000.T000", "R5T.F0000.T000\R5T.F0000.T000.csproj", "{235B17CD-CB4A-402D-8574-7107DB9C4900}"
EndProject
Project("{9A19103F-16F7-4668-BE54-9A1E7A4F7556}") = "R5T.T0142", "..\..\R5T.T0142\source\R5T.T0142\R5T.T0142.csproj", "{199F61C0-E27C-4745-92AE-C9468BDD2E9D}"
EndProject
Project("{9A19103F-16F7-4668-BE54-9A1E7A4F7556}") = "R5T.T0143", "..\..\R5T.T0143\source\R5T.T0143\R5T.T0143.csproj", "{37FC7264-25EB-4B4F-8264-6125B762F777}"
EndProject
Project("{9A19103F-16F7-4668-BE54-9A1E7A4F7556}") = "R5T.T0156", "..\..\R5T.T0156\source\R5T.T0156\R5T.T0156.csproj", "{F6AC6155-7A44-432C-A9A0-19F1EDB056EC}"
EndProject
Project("{9A19103F-16F7-4668-BE54-9A1E7A4F7556}") = "R5T.T0178", "..\..\R5T.T0178\source\R5T.T0178\R5T.T0178.csproj", "{7C9F4E8B-CD92-454D-A8AD-6F4577B90750}"
EndProject
Project("{9A19103F-16F7-4668-BE54-9A1E7A4F7556}") = "R5T.T0179", "..\..\R5T.T0179\source\R5T.T0179\R5T.T0179.csproj", "{CFD442B0-5A4C-4215-9536-D378B156D779}"
EndProject
Global
	GlobalSection(NestedProjects) = preSolution
		{7927FFE0-AF14-4964-90C2-7E05CC780857} = {7E6F86FD-4945-46D3-8898-1338D64F57F6}
		{72352392-2BB9-4616-BFD9-057471E89A7D} = {7E6F86FD-4945-46D3-8898-1338D64F57F6}
		{650C5900-91B6-4500-8646-B750CCEF8D6D} = {7E6F86FD-4945-46D3-8898-1338D64F57F6}
		{C9B076BF-735B-4CBE-BEB6-C04BA94600CA} = {7E6F86FD-4945-46D3-8898-1338D64F57F6}
		{69FFAEA1-C79F-4A81-B26B-7EDF40B88737} = {7E6F86FD-4945-46D3-8898-1338D64F57F6}
		{6EDDBBB1-03E7-45F4-A557-20224553BAEA} = {7E6F86FD-4945-46D3-8898-1338D64F57F6}
		{24A960AC-A3D8-4CC7-8A92-6A9A28B96B0E} = {7E6F86FD-4945-46D3-8898-1338D64F57F6}
		{29ED8402-7428-450D-9F91-BFC2CF46BE8B} = {7E6F86FD-4945-46D3-8898-1338D64F57F6}
		{0012EB9B-EBFC-44A4-97D4-4E129BFA6655} = {7E6F86FD-4945-46D3-8898-1338D64F57F6}
		{EB3DAA1C-6438-47F0-9FCD-D95578100305} = {7E6F86FD-4945-46D3-8898-1338D64F57F6}
		{C1CA2545-133B-4812-AE3A-9235374635D5} = {7E6F86FD-4945-46D3-8898-1338D64F57F6}
		{228C3AB4-E834-4B94-871B-5432437F9654} = {7E6F86FD-4945-46D3-8898-1338D64F57F6}
		{95508A58-36DD-48D9-B213-2EA5CF73AA73} = {7E6F86FD-4945-46D3-8898-1338D64F57F6}
		{235B17CD-CB4A-402D-8574-7107DB9C4900} = {7E6F86FD-4945-46D3-8898-1338D64F57F6}
		{199F61C0-E27C-4745-92AE-C9468BDD2E9D} = {7E6F86FD-4945-46D3-8898-1338D64F57F6}
		{37FC7264-25EB-4B4F-8264-6125B762F777} = {7E6F86FD-4945-46D3-8898-1338D64F57F6}
		{F6AC6155-7A44-432C-A9A0-19F1EDB056EC} = {7E6F86FD-4945-46D3-8898-1338D64F57F6}
		{7C9F4E8B-CD92-454D-A8AD-6F4577B90750} = {7E6F86FD-4945-46D3-8898-1338D64F57F6}
		{CFD442B0-5A4C-4215-9536-D378B156D779} = {7E6F86FD-4945-46D3-8898-1338D64F57F6}
	EndGlobalSection
	GlobalSection(SolutionConfigurationPlatforms) = preSolution
		Debug|Any CPU = Debug|Any CPU
		Debug|x64 = Debug|x64
		Debug|x86 = Debug|x86
		Release|Any CPU = Release|Any CPU
		Release|x64 = Release|x64
		Release|x86 = Release|x86
	EndGlobalSection
	GlobalSection(ProjectConfigurationPlatforms) = postSolution
		{67A86141-BFFF-4445-A1E2-9A47A02104DD}.Debug|Any CPU.ActiveCfg = Debug|Any CPU
		{67A86141-BFFF-4445-A1E2-9A47A02104DD}.Debug|Any CPU.Build.0 = Debug|Any CPU
		{67A86141-BFFF-4445-A1E2-9A47A02104DD}.Debug|x64.ActiveCfg = Debug|Any CPU
		{67A86141-BFFF-4445-A1E2-9A47A02104DD}.Debug|x64.Build.0 = Debug|Any CPU
		{67A86141-BFFF-4445-A1E2-9A47A02104DD}.Debug|x86.ActiveCfg = Debug|Any CPU
		{67A86141-BFFF-4445-A1E2-9A47A02104DD}.Debug|x86.Build.0 = Debug|Any CPU
		{67A86141-BFFF-4445-A1E2-9A47A02104DD}.Release|Any CPU.ActiveCfg = Release|Any CPU
		{67A86141-BFFF-4445-A1E2-9A47A02104DD}.Release|Any CPU.Build.0 = Release|Any CPU
		{67A86141-BFFF-4445-A1E2-9A47A02104DD}.Release|x64.ActiveCfg = Release|Any CPU
		{67A86141-BFFF-4445-A1E2-9A47A02104DD}.Release|x64.Build.0 = Release|Any CPU
		{67A86141-BFFF-4445-A1E2-9A47A02104DD}.Release|x86.ActiveCfg = Release|Any CPU
		{67A86141-BFFF-4445-A1E2-9A47A02104DD}.Release|x86.Build.0 = Release|Any CPU
		{7927FFE0-AF14-4964-90C2-7E05CC780857}.Debug|Any CPU.ActiveCfg = Debug|Any CPU
		{7927FFE0-AF14-4964-90C2-7E05CC780857}.Debug|Any CPU.Build.0 = Debug|Any CPU
		{7927FFE0-AF14-4964-90C2-7E05CC780857}.Debug|x64.ActiveCfg = Debug|Any CPU
		{7927FFE0-AF14-4964-90C2-7E05CC780857}.Debug|x64.Build.0 = Debug|Any CPU
		{7927FFE0-AF14-4964-90C2-7E05CC780857}.Debug|x86.ActiveCfg = Debug|Any CPU
		{7927FFE0-AF14-4964-90C2-7E05CC780857}.Debug|x86.Build.0 = Debug|Any CPU
		{7927FFE0-AF14-4964-90C2-7E05CC780857}.Release|Any CPU.ActiveCfg = Release|Any CPU
		{7927FFE0-AF14-4964-90C2-7E05CC780857}.Release|Any CPU.Build.0 = Release|Any CPU
		{7927FFE0-AF14-4964-90C2-7E05CC780857}.Release|x64.ActiveCfg = Release|Any CPU
		{7927FFE0-AF14-4964-90C2-7E05CC780857}.Release|x64.Build.0 = Release|Any CPU
		{7927FFE0-AF14-4964-90C2-7E05CC780857}.Release|x86.ActiveCfg = Release|Any CPU
		{7927FFE0-AF14-4964-90C2-7E05CC780857}.Release|x86.Build.0 = Release|Any CPU
		{72352392-2BB9-4616-BFD9-057471E89A7D}.Debug|Any CPU.ActiveCfg = Debug|Any CPU
		{72352392-2BB9-4616-BFD9-057471E89A7D}.Debug|Any CPU.Build.0 = Debug|Any CPU
		{72352392-2BB9-4616-BFD9-057471E89A7D}.Debug|x64.ActiveCfg = Debug|Any CPU
		{72352392-2BB9-4616-BFD9-057471E89A7D}.Debug|x64.Build.0 = Debug|Any CPU
		{72352392-2BB9-4616-BFD9-057471E89A7D}.Debug|x86.ActiveCfg = Debug|Any CPU
		{72352392-2BB9-4616-BFD9-057471E89A7D}.Debug|x86.Build.0 = Debug|Any CPU
		{72352392-2BB9-4616-BFD9-057471E89A7D}.Release|Any CPU.ActiveCfg = Release|Any CPU
		{72352392-2BB9-4616-BFD9-057471E89A7D}.Release|Any CPU.Build.0 = Release|Any CPU
		{72352392-2BB9-4616-BFD9-057471E89A7D}.Release|x64.ActiveCfg = Release|Any CPU
		{72352392-2BB9-4616-BFD9-057471E89A7D}.Release|x64.Build.0 = Release|Any CPU
		{72352392-2BB9-4616-BFD9-057471E89A7D}.Release|x86.ActiveCfg = Release|Any CPU
		{72352392-2BB9-4616-BFD9-057471E89A7D}.Release|x86.Build.0 = Release|Any CPU
		{9A21AA94-1A91-4545-BB89-C128D573FA0A}.Debug|Any CPU.ActiveCfg = Debug|Any CPU
		{9A21AA94-1A91-4545-BB89-C128D573FA0A}.Debug|Any CPU.Build.0 = Debug|Any CPU
		{9A21AA94-1A91-4545-BB89-C128D573FA0A}.Debug|x64.ActiveCfg = Debug|Any CPU
		{9A21AA94-1A91-4545-BB89-C128D573FA0A}.Debug|x64.Build.0 = Debug|Any CPU
		{9A21AA94-1A91-4545-BB89-C128D573FA0A}.Debug|x86.ActiveCfg = Debug|Any CPU
		{9A21AA94-1A91-4545-BB89-C128D573FA0A}.Debug|x86.Build.0 = Debug|Any CPU
		{9A21AA94-1A91-4545-BB89-C128D573FA0A}.Release|Any CPU.ActiveCfg = Release|Any CPU
		{9A21AA94-1A91-4545-BB89-C128D573FA0A}.Release|Any CPU.Build.0 = Release|Any CPU
		{9A21AA94-1A91-4545-BB89-C128D573FA0A}.Release|x64.ActiveCfg = Release|Any CPU
		{9A21AA94-1A91-4545-BB89-C128D573FA0A}.Release|x64.Build.0 = Release|Any CPU
		{9A21AA94-1A91-4545-BB89-C128D573FA0A}.Release|x86.ActiveCfg = Release|Any CPU
		{9A21AA94-1A91-4545-BB89-C128D573FA0A}.Release|x86.Build.0 = Release|Any CPU
		{650C5900-91B6-4500-8646-B750CCEF8D6D}.Debug|Any CPU.ActiveCfg = Debug|Any CPU
		{650C5900-91B6-4500-8646-B750CCEF8D6D}.Debug|Any CPU.Build.0 = Debug|Any CPU
		{650C5900-91B6-4500-8646-B750CCEF8D6D}.Debug|x64.ActiveCfg = Debug|Any CPU
		{650C5900-91B6-4500-8646-B750CCEF8D6D}.Debug|x64.Build.0 = Debug|Any CPU
		{650C5900-91B6-4500-8646-B750CCEF8D6D}.Debug|x86.ActiveCfg = Debug|Any CPU
		{650C5900-91B6-4500-8646-B750CCEF8D6D}.Debug|x86.Build.0 = Debug|Any CPU
		{650C5900-91B6-4500-8646-B750CCEF8D6D}.Release|Any CPU.ActiveCfg = Release|Any CPU
		{650C5900-91B6-4500-8646-B750CCEF8D6D}.Release|Any CPU.Build.0 = Release|Any CPU
		{650C5900-91B6-4500-8646-B750CCEF8D6D}.Release|x64.ActiveCfg = Release|Any CPU
		{650C5900-91B6-4500-8646-B750CCEF8D6D}.Release|x64.Build.0 = Release|Any CPU
		{650C5900-91B6-4500-8646-B750CCEF8D6D}.Release|x86.ActiveCfg = Release|Any CPU
		{650C5900-91B6-4500-8646-B750CCEF8D6D}.Release|x86.Build.0 = Release|Any CPU
		{C9B076BF-735B-4CBE-BEB6-C04BA94600CA}.Debug|Any CPU.ActiveCfg = Debug|Any CPU
		{C9B076BF-735B-4CBE-BEB6-C04BA94600CA}.Debug|Any CPU.Build.0 = Debug|Any CPU
		{C9B076BF-735B-4CBE-BEB6-C04BA94600CA}.Debug|x64.ActiveCfg = Debug|Any CPU
		{C9B076BF-735B-4CBE-BEB6-C04BA94600CA}.Debug|x64.Build.0 = Debug|Any CPU
		{C9B076BF-735B-4CBE-BEB6-C04BA94600CA}.Debug|x86.ActiveCfg = Debug|Any CPU
		{C9B076BF-735B-4CBE-BEB6-C04BA94600CA}.Debug|x86.Build.0 = Debug|Any CPU
		{C9B076BF-735B-4CBE-BEB6-C04BA94600CA}.Release|Any CPU.ActiveCfg = Release|Any CPU
		{C9B076BF-735B-4CBE-BEB6-C04BA94600CA}.Release|Any CPU.Build.0 = Release|Any CPU
		{C9B076BF-735B-4CBE-BEB6-C04BA94600CA}.Release|x64.ActiveCfg = Release|Any CPU
		{C9B076BF-735B-4CBE-BEB6-C04BA94600CA}.Release|x64.Build.0 = Release|Any CPU
		{C9B076BF-735B-4CBE-BEB6-C04BA94600CA}.Release|x86.ActiveCfg = Release|Any CPU
		{C9B076BF-735B-4CBE-BEB6-C04BA94600CA}.Release|x86.Build.0 = Release|Any CPU
		{69FFAEA1-C79F-4A81-B26B-7EDF40B88737}.Debug|Any CPU.ActiveCfg = Debug|Any CPU
		{69FFAEA1-C79F-4A81-B26B-7EDF40B88737}.Debug|Any CPU.Build.0 = Debug|Any CPU
		{69FFAEA1-C79F-4A81-B26B-7EDF40B88737}.Debug|x64.ActiveCfg = Debug|Any CPU
		{69FFAEA1-C79F-4A81-B26B-7EDF40B88737}.Debug|x64.Build.0 = Debug|Any CPU
		{69FFAEA1-C79F-4A81-B26B-7EDF40B88737}.Debug|x86.ActiveCfg = Debug|Any CPU
		{69FFAEA1-C79F-4A81-B26B-7EDF40B88737}.Debug|x86.Build.0 = Debug|Any CPU
		{69FFAEA1-C79F-4A81-B26B-7EDF40B88737}.Release|Any CPU.ActiveCfg = Release|Any CPU
		{69FFAEA1-C79F-4A81-B26B-7EDF40B88737}.Release|Any CPU.Build.0 = Release|Any CPU
		{69FFAEA1-C79F-4A81-B26B-7EDF40B88737}.Release|x64.ActiveCfg = Release|Any CPU
		{69FFAEA1-C79F-4A81-B26B-7EDF40B88737}.Release|x64.Build.0 = Release|Any CPU
		{69FFAEA1-C79F-4A81-B26B-7EDF40B88737}.Release|x86.ActiveCfg = Release|Any CPU
		{69FFAEA1-C79F-4A81-B26B-7EDF40B88737}.Release|x86.Build.0 = Release|Any CPU
		{6EDDBBB1-03E7-45F4-A557-20224553BAEA}.Debug|Any CPU.ActiveCfg = Debug|Any CPU
		{6EDDBBB1-03E7-45F4-A557-20224553BAEA}.Debug|Any CPU.Build.0 = Debug|Any CPU
		{6EDDBBB1-03E7-45F4-A557-20224553BAEA}.Debug|x64.ActiveCfg = Debug|Any CPU
		{6EDDBBB1-03E7-45F4-A557-20224553BAEA}.Debug|x64.Build.0 = Debug|Any CPU
		{6EDDBBB1-03E7-45F4-A557-20224553BAEA}.Debug|x86.ActiveCfg = Debug|Any CPU
		{6EDDBBB1-03E7-45F4-A557-20224553BAEA}.Debug|x86.Build.0 = Debug|Any CPU
		{6EDDBBB1-03E7-45F4-A557-20224553BAEA}.Release|Any CPU.ActiveCfg = Release|Any CPU
		{6EDDBBB1-03E7-45F4-A557-20224553BAEA}.Release|Any CPU.Build.0 = Release|Any CPU
		{6EDDBBB1-03E7-45F4-A557-20224553BAEA}.Release|x64.ActiveCfg = Release|Any CPU
		{6EDDBBB1-03E7-45F4-A557-20224553BAEA}.Release|x64.Build.0 = Release|Any CPU
		{6EDDBBB1-03E7-45F4-A557-20224553BAEA}.Release|x86.ActiveCfg = Release|Any CPU
		{6EDDBBB1-03E7-45F4-A557-20224553BAEA}.Release|x86.Build.0 = Release|Any CPU
		{24A960AC-A3D8-4CC7-8A92-6A9A28B96B0E}.Debug|Any CPU.ActiveCfg = Debug|Any CPU
		{24A960AC-A3D8-4CC7-8A92-6A9A28B96B0E}.Debug|Any CPU.Build.0 = Debug|Any CPU
		{24A960AC-A3D8-4CC7-8A92-6A9A28B96B0E}.Debug|x64.ActiveCfg = Debug|Any CPU
		{24A960AC-A3D8-4CC7-8A92-6A9A28B96B0E}.Debug|x64.Build.0 = Debug|Any CPU
		{24A960AC-A3D8-4CC7-8A92-6A9A28B96B0E}.Debug|x86.ActiveCfg = Debug|Any CPU
		{24A960AC-A3D8-4CC7-8A92-6A9A28B96B0E}.Debug|x86.Build.0 = Debug|Any CPU
		{24A960AC-A3D8-4CC7-8A92-6A9A28B96B0E}.Release|Any CPU.ActiveCfg = Release|Any CPU
		{24A960AC-A3D8-4CC7-8A92-6A9A28B96B0E}.Release|Any CPU.Build.0 = Release|Any CPU
		{24A960AC-A3D8-4CC7-8A92-6A9A28B96B0E}.Release|x64.ActiveCfg = Release|Any CPU
		{24A960AC-A3D8-4CC7-8A92-6A9A28B96B0E}.Release|x64.Build.0 = Release|Any CPU
		{24A960AC-A3D8-4CC7-8A92-6A9A28B96B0E}.Release|x86.ActiveCfg = Release|Any CPU
		{24A960AC-A3D8-4CC7-8A92-6A9A28B96B0E}.Release|x86.Build.0 = Release|Any CPU
		{29ED8402-7428-450D-9F91-BFC2CF46BE8B}.Debug|Any CPU.ActiveCfg = Debug|Any CPU
		{29ED8402-7428-450D-9F91-BFC2CF46BE8B}.Debug|Any CPU.Build.0 = Debug|Any CPU
		{29ED8402-7428-450D-9F91-BFC2CF46BE8B}.Debug|x64.ActiveCfg = Debug|Any CPU
		{29ED8402-7428-450D-9F91-BFC2CF46BE8B}.Debug|x64.Build.0 = Debug|Any CPU
		{29ED8402-7428-450D-9F91-BFC2CF46BE8B}.Debug|x86.ActiveCfg = Debug|Any CPU
		{29ED8402-7428-450D-9F91-BFC2CF46BE8B}.Debug|x86.Build.0 = Debug|Any CPU
		{29ED8402-7428-450D-9F91-BFC2CF46BE8B}.Release|Any CPU.ActiveCfg = Release|Any CPU
		{29ED8402-7428-450D-9F91-BFC2CF46BE8B}.Release|Any CPU.Build.0 = Release|Any CPU
		{29ED8402-7428-450D-9F91-BFC2CF46BE8B}.Release|x64.ActiveCfg = Release|Any CPU
		{29ED8402-7428-450D-9F91-BFC2CF46BE8B}.Release|x64.Build.0 = Release|Any CPU
		{29ED8402-7428-450D-9F91-BFC2CF46BE8B}.Release|x86.ActiveCfg = Release|Any CPU
		{29ED8402-7428-450D-9F91-BFC2CF46BE8B}.Release|x86.Build.0 = Release|Any CPU
		{0012EB9B-EBFC-44A4-97D4-4E129BFA6655}.Debug|Any CPU.ActiveCfg = Debug|Any CPU
		{0012EB9B-EBFC-44A4-97D4-4E129BFA6655}.Debug|Any CPU.Build.0 = Debug|Any CPU
		{0012EB9B-EBFC-44A4-97D4-4E129BFA6655}.Debug|x64.ActiveCfg = Debug|Any CPU
		{0012EB9B-EBFC-44A4-97D4-4E129BFA6655}.Debug|x64.Build.0 = Debug|Any CPU
		{0012EB9B-EBFC-44A4-97D4-4E129BFA6655}.Debug|x86.ActiveCfg = Debug|Any CPU
		{0012EB9B-EBFC-44A4-97D4-4E129BFA6655}.Debug|x86.Build.0 = Debug|Any CPU
		{0012EB9B-EBFC-44A4-97D4-4E129BFA6655}.Release|Any CPU.ActiveCfg = Release|Any CPU
		{0012EB9B-EBFC-44A4-97D4-4E129BFA6655}.Release|Any CPU.Build.0 = Release|Any CPU
		{0012EB9B-EBFC-44A4-97D4-4E129BFA6655}.Release|x64.ActiveCfg = Release|Any CPU
		{0012EB9B-EBFC-44A4-97D4-4E129BFA6655}.Release|x64.Build.0 = Release|Any CPU
		{0012EB9B-EBFC-44A4-97D4-4E129BFA6655}.Release|x86.ActiveCfg = Release|Any CPU
		{0012EB9B-EBFC-44A4-97D4-4E129BFA6655}.Release|x86.Build.0 = Release|Any CPU
		{EB3DAA1C-6438-47F0-9FCD-D95578100305}.Debug|Any CPU.ActiveCfg = Debug|Any CPU
		{EB3DAA1C-6438-47F0-9FCD-D95578100305}.Debug|Any CPU.Build.0 = Debug|Any CPU
		{EB3DAA1C-6438-47F0-9FCD-D95578100305}.Debug|x64.ActiveCfg = Debug|Any CPU
		{EB3DAA1C-6438-47F0-9FCD-D95578100305}.Debug|x64.Build.0 = Debug|Any CPU
		{EB3DAA1C-6438-47F0-9FCD-D95578100305}.Debug|x86.ActiveCfg = Debug|Any CPU
		{EB3DAA1C-6438-47F0-9FCD-D95578100305}.Debug|x86.Build.0 = Debug|Any CPU
		{EB3DAA1C-6438-47F0-9FCD-D95578100305}.Release|Any CPU.ActiveCfg = Release|Any CPU
		{EB3DAA1C-6438-47F0-9FCD-D95578100305}.Release|Any CPU.Build.0 = Release|Any CPU
		{EB3DAA1C-6438-47F0-9FCD-D95578100305}.Release|x64.ActiveCfg = Release|Any CPU
		{EB3DAA1C-6438-47F0-9FCD-D95578100305}.Release|x64.Build.0 = Release|Any CPU
		{EB3DAA1C-6438-47F0-9FCD-D95578100305}.Release|x86.ActiveCfg = Release|Any CPU
		{EB3DAA1C-6438-47F0-9FCD-D95578100305}.Release|x86.Build.0 = Release|Any CPU
		{C1CA2545-133B-4812-AE3A-9235374635D5}.Debug|Any CPU.ActiveCfg = Debug|Any CPU
		{C1CA2545-133B-4812-AE3A-9235374635D5}.Debug|Any CPU.Build.0 = Debug|Any CPU
		{C1CA2545-133B-4812-AE3A-9235374635D5}.Debug|x64.ActiveCfg = Debug|Any CPU
		{C1CA2545-133B-4812-AE3A-9235374635D5}.Debug|x64.Build.0 = Debug|Any CPU
		{C1CA2545-133B-4812-AE3A-9235374635D5}.Debug|x86.ActiveCfg = Debug|Any CPU
		{C1CA2545-133B-4812-AE3A-9235374635D5}.Debug|x86.Build.0 = Debug|Any CPU
		{C1CA2545-133B-4812-AE3A-9235374635D5}.Release|Any CPU.ActiveCfg = Release|Any CPU
		{C1CA2545-133B-4812-AE3A-9235374635D5}.Release|Any CPU.Build.0 = Release|Any CPU
		{C1CA2545-133B-4812-AE3A-9235374635D5}.Release|x64.ActiveCfg = Release|Any CPU
		{C1CA2545-133B-4812-AE3A-9235374635D5}.Release|x64.Build.0 = Release|Any CPU
		{C1CA2545-133B-4812-AE3A-9235374635D5}.Release|x86.ActiveCfg = Release|Any CPU
		{C1CA2545-133B-4812-AE3A-9235374635D5}.Release|x86.Build.0 = Release|Any CPU
		{228C3AB4-E834-4B94-871B-5432437F9654}.Debug|Any CPU.ActiveCfg = Debug|Any CPU
		{228C3AB4-E834-4B94-871B-5432437F9654}.Debug|Any CPU.Build.0 = Debug|Any CPU
		{228C3AB4-E834-4B94-871B-5432437F9654}.Debug|x64.ActiveCfg = Debug|Any CPU
		{228C3AB4-E834-4B94-871B-5432437F9654}.Debug|x64.Build.0 = Debug|Any CPU
		{228C3AB4-E834-4B94-871B-5432437F9654}.Debug|x86.ActiveCfg = Debug|Any CPU
		{228C3AB4-E834-4B94-871B-5432437F9654}.Debug|x86.Build.0 = Debug|Any CPU
		{228C3AB4-E834-4B94-871B-5432437F9654}.Release|Any CPU.ActiveCfg = Release|Any CPU
		{228C3AB4-E834-4B94-871B-5432437F9654}.Release|Any CPU.Build.0 = Release|Any CPU
		{228C3AB4-E834-4B94-871B-5432437F9654}.Release|x64.ActiveCfg = Release|Any CPU
		{228C3AB4-E834-4B94-871B-5432437F9654}.Release|x64.Build.0 = Release|Any CPU
		{228C3AB4-E834-4B94-871B-5432437F9654}.Release|x86.ActiveCfg = Release|Any CPU
		{228C3AB4-E834-4B94-871B-5432437F9654}.Release|x86.Build.0 = Release|Any CPU
		{95508A58-36DD-48D9-B213-2EA5CF73AA73}.Debug|Any CPU.ActiveCfg = Debug|Any CPU
		{95508A58-36DD-48D9-B213-2EA5CF73AA73}.Debug|Any CPU.Build.0 = Debug|Any CPU
		{95508A58-36DD-48D9-B213-2EA5CF73AA73}.Debug|x64.ActiveCfg = Debug|Any CPU
		{95508A58-36DD-48D9-B213-2EA5CF73AA73}.Debug|x64.Build.0 = Debug|Any CPU
		{95508A58-36DD-48D9-B213-2EA5CF73AA73}.Debug|x86.ActiveCfg = Debug|Any CPU
		{95508A58-36DD-48D9-B213-2EA5CF73AA73}.Debug|x86.Build.0 = Debug|Any CPU
		{95508A58-36DD-48D9-B213-2EA5CF73AA73}.Release|Any CPU.ActiveCfg = Release|Any CPU
		{95508A58-36DD-48D9-B213-2EA5CF73AA73}.Release|Any CPU.Build.0 = Release|Any CPU
		{95508A58-36DD-48D9-B213-2EA5CF73AA73}.Release|x64.ActiveCfg = Release|Any CPU
		{95508A58-36DD-48D9-B213-2EA5CF73AA73}.Release|x64.Build.0 = Release|Any CPU
		{95508A58-36DD-48D9-B213-2EA5CF73AA73}.Release|x86.ActiveCfg = Release|Any CPU
		{95508A58-36DD-48D9-B213-2EA5CF73AA73}.Release|x86.Build.0 = Release|Any CPU
		{235B17CD-CB4A-402D-8574-7107DB9C4900}.Debug|Any CPU.ActiveCfg = Debug|Any CPU
		{235B17CD-CB4A-402D-8574-7107DB9C4900}.Debug|Any CPU.Build.0 = Debug|Any CPU
		{235B17CD-CB4A-402D-8574-7107DB9C4900}.Debug|x64.ActiveCfg = Debug|Any CPU
		{235B17CD-CB4A-402D-8574-7107DB9C4900}.Debug|x64.Build.0 = Debug|Any CPU
		{235B17CD-CB4A-402D-8574-7107DB9C4900}.Debug|x86.ActiveCfg = Debug|Any CPU
		{235B17CD-CB4A-402D-8574-7107DB9C4900}.Debug|x86.Build.0 = Debug|Any CPU
		{235B17CD-CB4A-402D-8574-7107DB9C4900}.Release|Any CPU.ActiveCfg = Release|Any CPU
		{235B17CD-CB4A-402D-8574-7107DB9C4900}.Release|Any CPU.Build.0 = Release|Any CPU
		{235B17CD-CB4A-402D-8574-7107DB9C4900}.Release|x64.ActiveCfg = Release|Any CPU
		{235B17CD-CB4A-402D-8574-7107DB9C4900}.Release|x64.Build.0 = Release|Any CPU
		{235B17CD-CB4A-402D-8574-7107DB9C4900}.Release|x86.ActiveCfg = Release|Any CPU
		{235B17CD-CB4A-402D-8574-7107DB9C4900}.Release|x86.Build.0 = Release|Any CPU
		{199F61C0-E27C-4745-92AE-C9468BDD2E9D}.Debug|Any CPU.ActiveCfg = Debug|Any CPU
		{199F61C0-E27C-4745-92AE-C9468BDD2E9D}.Debug|Any CPU.Build.0 = Debug|Any CPU
		{199F61C0-E27C-4745-92AE-C9468BDD2E9D}.Debug|x64.ActiveCfg = Debug|Any CPU
		{199F61C0-E27C-4745-92AE-C9468BDD2E9D}.Debug|x64.Build.0 = Debug|Any CPU
		{199F61C0-E27C-4745-92AE-C9468BDD2E9D}.Debug|x86.ActiveCfg = Debug|Any CPU
		{199F61C0-E27C-4745-92AE-C9468BDD2E9D}.Debug|x86.Build.0 = Debug|Any CPU
		{199F61C0-E27C-4745-92AE-C9468BDD2E9D}.Release|Any CPU.ActiveCfg = Release|Any CPU
		{199F61C0-E27C-4745-92AE-C9468BDD2E9D}.Release|Any CPU.Build.0 = Release|Any CPU
		{199F61C0-E27C-4745-92AE-C9468BDD2E9D}.Release|x64.ActiveCfg = Release|Any CPU
		{199F61C0-E27C-4745-92AE-C9468BDD2E9D}.Release|x64.Build.0 = Release|Any CPU
		{199F61C0-E27C-4745-92AE-C9468BDD2E9D}.Release|x86.ActiveCfg = Release|Any CPU
		{199F61C0-E27C-4745-92AE-C9468BDD2E9D}.Release|x86.Build.0 = Release|Any CPU
		{37FC7264-25EB-4B4F-8264-6125B762F777}.Debug|Any CPU.ActiveCfg = Debug|Any CPU
		{37FC7264-25EB-4B4F-8264-6125B762F777}.Debug|Any CPU.Build.0 = Debug|Any CPU
		{37FC7264-25EB-4B4F-8264-6125B762F777}.Debug|x64.ActiveCfg = Debug|Any CPU
		{37FC7264-25EB-4B4F-8264-6125B762F777}.Debug|x64.Build.0 = Debug|Any CPU
		{37FC7264-25EB-4B4F-8264-6125B762F777}.Debug|x86.ActiveCfg = Debug|Any CPU
		{37FC7264-25EB-4B4F-8264-6125B762F777}.Debug|x86.Build.0 = Debug|Any CPU
		{37FC7264-25EB-4B4F-8264-6125B762F777}.Release|Any CPU.ActiveCfg = Release|Any CPU
		{37FC7264-25EB-4B4F-8264-6125B762F777}.Release|Any CPU.Build.0 = Release|Any CPU
		{37FC7264-25EB-4B4F-8264-6125B762F777}.Release|x64.ActiveCfg = Release|Any CPU
		{37FC7264-25EB-4B4F-8264-6125B762F777}.Release|x64.Build.0 = Release|Any CPU
		{37FC7264-25EB-4B4F-8264-6125B762F777}.Release|x86.ActiveCfg = Release|Any CPU
		{37FC7264-25EB-4B4F-8264-6125B762F777}.Release|x86.Build.0 = Release|Any CPU
		{F6AC6155-7A44-432C-A9A0-19F1EDB056EC}.Debug|Any CPU.ActiveCfg = Debug|Any CPU
		{F6AC6155-7A44-432C-A9A0-19F1EDB056EC}.Debug|Any CPU.Build.0 = Debug|Any CPU
		{F6AC6155-7A44-432C-A9A0-19F1EDB056EC}.Debug|x64.ActiveCfg = Debug|Any CPU
		{F6AC6155-7A44-432C-A9A0-19F1EDB056EC}.Debug|x64.Build.0 = Debug|Any CPU
		{F6AC6155-7A44-432C-A9A0-19F1EDB056EC}.Debug|x86.ActiveCfg = Debug|Any CPU
		{F6AC6155-7A44-432C-A9A0-19F1EDB056EC}.Debug|x86.Build.0 = Debug|Any CPU
		{F6AC6155-7A44-432C-A9A0-19F1EDB056EC}.Release|Any CPU.ActiveCfg = Release|Any CPU
		{F6AC6155-7A44-432C-A9A0-19F1EDB056EC}.Release|Any CPU.Build.0 = Release|Any CPU
		{F6AC6155-7A44-432C-A9A0-19F1EDB056EC}.Release|x64.ActiveCfg = Release|Any CPU
		{F6AC6155-7A44-432C-A9A0-19F1EDB056EC}.Release|x64.Build.0 = Release|Any CPU
		{F6AC6155-7A44-432C-A9A0-19F1EDB056EC}.Release|x86.ActiveCfg = Release|Any CPU
		{F6AC6155-7A44-432C-A9A0-19F1EDB056EC}.Release|x86.Build.0 = Release|Any CPU
		{7C9F4E8B-CD92-454D-A8AD-6F4577B90750}.Debug|Any CPU.ActiveCfg = Debug|Any CPU
		{7C9F4E8B-CD92-454D-A8AD-6F4577B90750}.Debug|Any CPU.Build.0 = Debug|Any CPU
		{7C9F4E8B-CD92-454D-A8AD-6F4577B90750}.Debug|x64.ActiveCfg = Debug|Any CPU
		{7C9F4E8B-CD92-454D-A8AD-6F4577B90750}.Debug|x64.Build.0 = Debug|Any CPU
		{7C9F4E8B-CD92-454D-A8AD-6F4577B90750}.Debug|x86.ActiveCfg = Debug|Any CPU
		{7C9F4E8B-CD92-454D-A8AD-6F4577B90750}.Debug|x86.Build.0 = Debug|Any CPU
		{7C9F4E8B-CD92-454D-A8AD-6F4577B90750}.Release|Any CPU.ActiveCfg = Release|Any CPU
		{7C9F4E8B-CD92-454D-A8AD-6F4577B90750}.Release|Any CPU.Build.0 = Release|Any CPU
		{7C9F4E8B-CD92-454D-A8AD-6F4577B90750}.Release|x64.ActiveCfg = Release|Any CPU
		{7C9F4E8B-CD92-454D-A8AD-6F4577B90750}.Release|x64.Build.0 = Release|Any CPU
		{7C9F4E8B-CD92-454D-A8AD-6F4577B90750}.Release|x86.ActiveCfg = Release|Any CPU
		{7C9F4E8B-CD92-454D-A8AD-6F4577B90750}.Release|x86.Build.0 = Release|Any CPU
		{CFD442B0-5A4C-4215-9536-D378B156D779}.Debug|Any CPU.ActiveCfg = Debug|Any CPU
		{CFD442B0-5A4C-4215-9536-D378B156D779}.Debug|Any CPU.Build.0 = Debug|Any CPU
		{CFD442B0-5A4C-4215-9536-D378B156D779}.Debug|x64.ActiveCfg = Debug|Any CPU
		{CFD442B0-5A4C-4215-9536-D378B156D779}.Debug|x64.Build.0 = Debug|Any CPU
		{CFD442B0-5A4C-4215-9536-D378B156D779}.Debug|x86.ActiveCfg = Debug|Any CPU
		{CFD442B0-5A4C-4215-9536-D378B156D779}.Debug|x86.Build.0 = Debug|Any CPU
		{CFD442B0-5A4C-4215-9536-D378B156D779}.Release|Any CPU.ActiveCfg = Release|Any CPU
		{CFD442B0-5A4C-4215-9536-D378B156D779}.Release|Any CPU.Build.0 = Release|Any CPU
		{CFD442B0-5A4C-4215-9536-D378B156D779}.Release|x64.ActiveCfg = Release|Any CPU
		{CFD442B0-5A4C-4215-9536-D378B156D779}.Release|x64.Build.0 = Release|Any CPU
		{CFD442B0-5A4C-4215-9536-D378B156D779}.Release|x86.ActiveCfg = Release|Any CPU
		{CFD442B0-5A4C-4215-9536-D378B156D779}.Release|x86.Build.0 = Release|Any CPU
	EndGlobalSection
	GlobalSection(SolutionProperties) = preSolution
		HideSolutionNode = FALSE
	EndGlobalSection
	GlobalSection(ExtensibilityGlobals) = postSolution
		SolutionGuid = {C75216F3-86D2-41D4-81CB-7E5C43266E10}
	EndGlobalSection
EndGlobal
