
Microsoft Visual Studio Solution File, Format Version 12.00
# Visual Studio Version 17
VisualStudioVersion = 17.2.32630.192
MinimumVisualStudioVersion = 10.0.40219.1
Project("{9A19103F-16F7-4668-BE54-9A1E7A4F7556}") = "R5T.F0000.Construction", "R5T.F0000.Construction\R5T.F0000.Construction.csproj", "{97FA1F33-25FE-4776-A0A4-2FFCB78956E6}"
EndProject
Project("{9A19103F-16F7-4668-BE54-9A1E7A4F7556}") = "R5T.F0000", "R5T.F0000\R5T.F0000.csproj", "{67A86141-BFFF-4445-A1E2-9A47A02104DD}"
EndProject
Project("{2150E333-8FDC-42A3-9474-1A3956D46DE8}") = "_Dependencies", "_Dependencies", "{7E6F86FD-4945-46D3-8898-1338D64F57F6}"
EndProject
Project("{9A19103F-16F7-4668-BE54-9A1E7A4F7556}") = "R5T.Z0004", "..\..\R5T.Z0004\source\R5T.Z0004\R5T.Z0004.csproj", "{72352392-2BB9-4616-BFD9-057471E89A7D}"
EndProject
Project("{9A19103F-16F7-4668-BE54-9A1E7A4F7556}") = "R5T.T0131", "..\..\R5T.T0131\source\R5T.T0131\R5T.T0131.csproj", "{937D8306-08B0-4D1D-BF4C-67CB29523000}"
EndProject
Project("{9A19103F-16F7-4668-BE54-9A1E7A4F7556}") = "R5T.T0143", "..\..\R5T.T0143\source\R5T.T0143\R5T.T0143.csproj", "{E71CCC5C-A952-4B0B-9437-115A988CC734}"
EndProject
Project("{9A19103F-16F7-4668-BE54-9A1E7A4F7556}") = "R5T.Y0000", "..\..\R5T.Y0000\source\R5T.Y0000\R5T.Y0000.csproj", "{93FD6F90-AB16-4418-BFA8-A9A96D72DC6E}"
EndProject
Project("{9A19103F-16F7-4668-BE54-9A1E7A4F7556}") = "R5T.T0132", "..\..\R5T.T0132\source\R5T.T0132\R5T.T0132.csproj", "{D4AF05D2-F76E-4C38-B89D-93CB546740DD}"
EndProject
Project("{9A19103F-16F7-4668-BE54-9A1E7A4F7556}") = "R5T.Z0000", "..\..\R5T.Z0000\source\R5T.Z0000\R5T.Z0000.csproj", "{B671DE5E-FBF5-45DF-A4B7-521608DBEF2C}"
EndProject
Project("{9A19103F-16F7-4668-BE54-9A1E7A4F7556}") = "R5T.T0140", "..\..\R5T.T0140\source\R5T.T0140\R5T.T0140.csproj", "{0B36FB05-F740-4D59-9F30-EE57C702326F}"
EndProject
Project("{9A19103F-16F7-4668-BE54-9A1E7A4F7556}") = "R5T.T0140.Z001", "..\..\R5T.T0140\source\R5T.T0140.Z001\R5T.T0140.Z001.csproj", "{7D9A0D17-C17A-48DE-A40A-467E6BDAFEB9}"
EndProject
Project("{9A19103F-16F7-4668-BE54-9A1E7A4F7556}") = "R5T.T0142", "..\..\R5T.T0142\source\R5T.T0142\R5T.T0142.csproj", "{84D75333-B992-4AF9-9C03-770E3A334E52}"
EndProject
Project("{9A19103F-16F7-4668-BE54-9A1E7A4F7556}") = "R5T.T0156", "..\..\R5T.T0156\source\R5T.T0156\R5T.T0156.csproj", "{E180F0F4-CC13-49BC-8A63-EA0F2BCE2B99}"
EndProject
Project("{9A19103F-16F7-4668-BE54-9A1E7A4F7556}") = "R5T.T0141", "..\..\R5T.T0141\source\R5T.T0141\R5T.T0141.csproj", "{F18E780D-276A-4FFB-9EFF-B0ACFEB2085D}"
EndProject
Project("{9A19103F-16F7-4668-BE54-9A1E7A4F7556}") = "R5T.F0000.T000", "R5T.F0000.T000\R5T.F0000.T000.csproj", "{CF2B11C7-ABE9-4445-8AE8-C646FC12DB4A}"
EndProject
Project("{9A19103F-16F7-4668-BE54-9A1E7A4F7556}") = "R5T.T0178", "..\..\R5T.T0178\source\R5T.T0178\R5T.T0178.csproj", "{8C16F4A7-4BEC-495D-B43F-74213E044B0B}"
EndProject
Project("{9A19103F-16F7-4668-BE54-9A1E7A4F7556}") = "R5T.T0179", "..\..\R5T.T0179\source\R5T.T0179\R5T.T0179.csproj", "{1FCEFF61-3DA3-4980-A805-A4224C6735A6}"
EndProject
Project("{9A19103F-16F7-4668-BE54-9A1E7A4F7556}") = "R5T.L0053", "..\..\R5T.L0053\source\R5T.L0053\R5T.L0053.csproj", "{997F2ACE-F80B-4777-940D-8BF2286DDA0A}"
EndProject
Global
	GlobalSection(NestedProjects) = preSolution
		{72352392-2BB9-4616-BFD9-057471E89A7D} = {7E6F86FD-4945-46D3-8898-1338D64F57F6}
		{937D8306-08B0-4D1D-BF4C-67CB29523000} = {7E6F86FD-4945-46D3-8898-1338D64F57F6}
		{E71CCC5C-A952-4B0B-9437-115A988CC734} = {7E6F86FD-4945-46D3-8898-1338D64F57F6}
		{93FD6F90-AB16-4418-BFA8-A9A96D72DC6E} = {7E6F86FD-4945-46D3-8898-1338D64F57F6}
		{D4AF05D2-F76E-4C38-B89D-93CB546740DD} = {7E6F86FD-4945-46D3-8898-1338D64F57F6}
		{B671DE5E-FBF5-45DF-A4B7-521608DBEF2C} = {7E6F86FD-4945-46D3-8898-1338D64F57F6}
		{0B36FB05-F740-4D59-9F30-EE57C702326F} = {7E6F86FD-4945-46D3-8898-1338D64F57F6}
		{7D9A0D17-C17A-48DE-A40A-467E6BDAFEB9} = {7E6F86FD-4945-46D3-8898-1338D64F57F6}
		{84D75333-B992-4AF9-9C03-770E3A334E52} = {7E6F86FD-4945-46D3-8898-1338D64F57F6}
		{E180F0F4-CC13-49BC-8A63-EA0F2BCE2B99} = {7E6F86FD-4945-46D3-8898-1338D64F57F6}
		{F18E780D-276A-4FFB-9EFF-B0ACFEB2085D} = {7E6F86FD-4945-46D3-8898-1338D64F57F6}
		{8C16F4A7-4BEC-495D-B43F-74213E044B0B} = {7E6F86FD-4945-46D3-8898-1338D64F57F6}
		{1FCEFF61-3DA3-4980-A805-A4224C6735A6} = {7E6F86FD-4945-46D3-8898-1338D64F57F6}
		{997F2ACE-F80B-4777-940D-8BF2286DDA0A} = {7E6F86FD-4945-46D3-8898-1338D64F57F6}
	EndGlobalSection
	GlobalSection(SolutionConfigurationPlatforms) = preSolution
		Debug|Any CPU = Debug|Any CPU
		Debug|x64 = Debug|x64
		Debug|x86 = Debug|x86
		Release|Any CPU = Release|Any CPU
		Release|x64 = Release|x64
		Release|x86 = Release|x86
	EndGlobalSection
	GlobalSection(ProjectConfigurationPlatforms) = postSolution
		{97FA1F33-25FE-4776-A0A4-2FFCB78956E6}.Debug|Any CPU.ActiveCfg = Debug|Any CPU
		{97FA1F33-25FE-4776-A0A4-2FFCB78956E6}.Debug|Any CPU.Build.0 = Debug|Any CPU
		{97FA1F33-25FE-4776-A0A4-2FFCB78956E6}.Debug|x64.ActiveCfg = Debug|Any CPU
		{97FA1F33-25FE-4776-A0A4-2FFCB78956E6}.Debug|x64.Build.0 = Debug|Any CPU
		{97FA1F33-25FE-4776-A0A4-2FFCB78956E6}.Debug|x86.ActiveCfg = Debug|Any CPU
		{97FA1F33-25FE-4776-A0A4-2FFCB78956E6}.Debug|x86.Build.0 = Debug|Any CPU
		{97FA1F33-25FE-4776-A0A4-2FFCB78956E6}.Release|Any CPU.ActiveCfg = Release|Any CPU
		{97FA1F33-25FE-4776-A0A4-2FFCB78956E6}.Release|Any CPU.Build.0 = Release|Any CPU
		{97FA1F33-25FE-4776-A0A4-2FFCB78956E6}.Release|x64.ActiveCfg = Release|Any CPU
		{97FA1F33-25FE-4776-A0A4-2FFCB78956E6}.Release|x64.Build.0 = Release|Any CPU
		{97FA1F33-25FE-4776-A0A4-2FFCB78956E6}.Release|x86.ActiveCfg = Release|Any CPU
		{97FA1F33-25FE-4776-A0A4-2FFCB78956E6}.Release|x86.Build.0 = Release|Any CPU
		{67A86141-BFFF-4445-A1E2-9A47A02104DD}.Debug|Any CPU.ActiveCfg = Debug|Any CPU
		{67A86141-BFFF-4445-A1E2-9A47A02104DD}.Debug|Any CPU.Build.0 = Debug|Any CPU
		{67A86141-BFFF-4445-A1E2-9A47A02104DD}.Debug|x64.ActiveCfg = Debug|Any CPU
		{67A86141-BFFF-4445-A1E2-9A47A02104DD}.Debug|x64.Build.0 = Debug|Any CPU
		{67A86141-BFFF-4445-A1E2-9A47A02104DD}.Debug|x86.ActiveCfg = Debug|Any CPU
		{67A86141-BFFF-4445-A1E2-9A47A02104DD}.Debug|x86.Build.0 = Debug|Any CPU
		{67A86141-BFFF-4445-A1E2-9A47A02104DD}.Release|Any CPU.ActiveCfg = Release|Any CPU
		{67A86141-BFFF-4445-A1E2-9A47A02104DD}.Release|Any CPU.Build.0 = Release|Any CPU
		{67A86141-BFFF-4445-A1E2-9A47A02104DD}.Release|x64.ActiveCfg = Release|Any CPU
		{67A86141-BFFF-4445-A1E2-9A47A02104DD}.Release|x64.Build.0 = Release|Any CPU
		{67A86141-BFFF-4445-A1E2-9A47A02104DD}.Release|x86.ActiveCfg = Release|Any CPU
		{67A86141-BFFF-4445-A1E2-9A47A02104DD}.Release|x86.Build.0 = Release|Any CPU
		{72352392-2BB9-4616-BFD9-057471E89A7D}.Debug|Any CPU.ActiveCfg = Debug|Any CPU
		{72352392-2BB9-4616-BFD9-057471E89A7D}.Debug|Any CPU.Build.0 = Debug|Any CPU
		{72352392-2BB9-4616-BFD9-057471E89A7D}.Debug|x64.ActiveCfg = Debug|Any CPU
		{72352392-2BB9-4616-BFD9-057471E89A7D}.Debug|x64.Build.0 = Debug|Any CPU
		{72352392-2BB9-4616-BFD9-057471E89A7D}.Debug|x86.ActiveCfg = Debug|Any CPU
		{72352392-2BB9-4616-BFD9-057471E89A7D}.Debug|x86.Build.0 = Debug|Any CPU
		{72352392-2BB9-4616-BFD9-057471E89A7D}.Release|Any CPU.ActiveCfg = Release|Any CPU
		{72352392-2BB9-4616-BFD9-057471E89A7D}.Release|Any CPU.Build.0 = Release|Any CPU
		{72352392-2BB9-4616-BFD9-057471E89A7D}.Release|x64.ActiveCfg = Release|Any CPU
		{72352392-2BB9-4616-BFD9-057471E89A7D}.Release|x64.Build.0 = Release|Any CPU
		{72352392-2BB9-4616-BFD9-057471E89A7D}.Release|x86.ActiveCfg = Release|Any CPU
		{72352392-2BB9-4616-BFD9-057471E89A7D}.Release|x86.Build.0 = Release|Any CPU
		{937D8306-08B0-4D1D-BF4C-67CB29523000}.Debug|Any CPU.ActiveCfg = Debug|Any CPU
		{937D8306-08B0-4D1D-BF4C-67CB29523000}.Debug|Any CPU.Build.0 = Debug|Any CPU
		{937D8306-08B0-4D1D-BF4C-67CB29523000}.Debug|x64.ActiveCfg = Debug|Any CPU
		{937D8306-08B0-4D1D-BF4C-67CB29523000}.Debug|x64.Build.0 = Debug|Any CPU
		{937D8306-08B0-4D1D-BF4C-67CB29523000}.Debug|x86.ActiveCfg = Debug|Any CPU
		{937D8306-08B0-4D1D-BF4C-67CB29523000}.Debug|x86.Build.0 = Debug|Any CPU
		{937D8306-08B0-4D1D-BF4C-67CB29523000}.Release|Any CPU.ActiveCfg = Release|Any CPU
		{937D8306-08B0-4D1D-BF4C-67CB29523000}.Release|Any CPU.Build.0 = Release|Any CPU
		{937D8306-08B0-4D1D-BF4C-67CB29523000}.Release|x64.ActiveCfg = Release|Any CPU
		{937D8306-08B0-4D1D-BF4C-67CB29523000}.Release|x64.Build.0 = Release|Any CPU
		{937D8306-08B0-4D1D-BF4C-67CB29523000}.Release|x86.ActiveCfg = Release|Any CPU
		{937D8306-08B0-4D1D-BF4C-67CB29523000}.Release|x86.Build.0 = Release|Any CPU
		{E71CCC5C-A952-4B0B-9437-115A988CC734}.Debug|Any CPU.ActiveCfg = Debug|Any CPU
		{E71CCC5C-A952-4B0B-9437-115A988CC734}.Debug|Any CPU.Build.0 = Debug|Any CPU
		{E71CCC5C-A952-4B0B-9437-115A988CC734}.Debug|x64.ActiveCfg = Debug|Any CPU
		{E71CCC5C-A952-4B0B-9437-115A988CC734}.Debug|x64.Build.0 = Debug|Any CPU
		{E71CCC5C-A952-4B0B-9437-115A988CC734}.Debug|x86.ActiveCfg = Debug|Any CPU
		{E71CCC5C-A952-4B0B-9437-115A988CC734}.Debug|x86.Build.0 = Debug|Any CPU
		{E71CCC5C-A952-4B0B-9437-115A988CC734}.Release|Any CPU.ActiveCfg = Release|Any CPU
		{E71CCC5C-A952-4B0B-9437-115A988CC734}.Release|Any CPU.Build.0 = Release|Any CPU
		{E71CCC5C-A952-4B0B-9437-115A988CC734}.Release|x64.ActiveCfg = Release|Any CPU
		{E71CCC5C-A952-4B0B-9437-115A988CC734}.Release|x64.Build.0 = Release|Any CPU
		{E71CCC5C-A952-4B0B-9437-115A988CC734}.Release|x86.ActiveCfg = Release|Any CPU
		{E71CCC5C-A952-4B0B-9437-115A988CC734}.Release|x86.Build.0 = Release|Any CPU
		{93FD6F90-AB16-4418-BFA8-A9A96D72DC6E}.Debug|Any CPU.ActiveCfg = Debug|Any CPU
		{93FD6F90-AB16-4418-BFA8-A9A96D72DC6E}.Debug|Any CPU.Build.0 = Debug|Any CPU
		{93FD6F90-AB16-4418-BFA8-A9A96D72DC6E}.Debug|x64.ActiveCfg = Debug|Any CPU
		{93FD6F90-AB16-4418-BFA8-A9A96D72DC6E}.Debug|x64.Build.0 = Debug|Any CPU
		{93FD6F90-AB16-4418-BFA8-A9A96D72DC6E}.Debug|x86.ActiveCfg = Debug|Any CPU
		{93FD6F90-AB16-4418-BFA8-A9A96D72DC6E}.Debug|x86.Build.0 = Debug|Any CPU
		{93FD6F90-AB16-4418-BFA8-A9A96D72DC6E}.Release|Any CPU.ActiveCfg = Release|Any CPU
		{93FD6F90-AB16-4418-BFA8-A9A96D72DC6E}.Release|Any CPU.Build.0 = Release|Any CPU
		{93FD6F90-AB16-4418-BFA8-A9A96D72DC6E}.Release|x64.ActiveCfg = Release|Any CPU
		{93FD6F90-AB16-4418-BFA8-A9A96D72DC6E}.Release|x64.Build.0 = Release|Any CPU
		{93FD6F90-AB16-4418-BFA8-A9A96D72DC6E}.Release|x86.ActiveCfg = Release|Any CPU
		{93FD6F90-AB16-4418-BFA8-A9A96D72DC6E}.Release|x86.Build.0 = Release|Any CPU
		{D4AF05D2-F76E-4C38-B89D-93CB546740DD}.Debug|Any CPU.ActiveCfg = Debug|Any CPU
		{D4AF05D2-F76E-4C38-B89D-93CB546740DD}.Debug|Any CPU.Build.0 = Debug|Any CPU
		{D4AF05D2-F76E-4C38-B89D-93CB546740DD}.Debug|x64.ActiveCfg = Debug|Any CPU
		{D4AF05D2-F76E-4C38-B89D-93CB546740DD}.Debug|x64.Build.0 = Debug|Any CPU
		{D4AF05D2-F76E-4C38-B89D-93CB546740DD}.Debug|x86.ActiveCfg = Debug|Any CPU
		{D4AF05D2-F76E-4C38-B89D-93CB546740DD}.Debug|x86.Build.0 = Debug|Any CPU
		{D4AF05D2-F76E-4C38-B89D-93CB546740DD}.Release|Any CPU.ActiveCfg = Release|Any CPU
		{D4AF05D2-F76E-4C38-B89D-93CB546740DD}.Release|Any CPU.Build.0 = Release|Any CPU
		{D4AF05D2-F76E-4C38-B89D-93CB546740DD}.Release|x64.ActiveCfg = Release|Any CPU
		{D4AF05D2-F76E-4C38-B89D-93CB546740DD}.Release|x64.Build.0 = Release|Any CPU
		{D4AF05D2-F76E-4C38-B89D-93CB546740DD}.Release|x86.ActiveCfg = Release|Any CPU
		{D4AF05D2-F76E-4C38-B89D-93CB546740DD}.Release|x86.Build.0 = Release|Any CPU
		{B671DE5E-FBF5-45DF-A4B7-521608DBEF2C}.Debug|Any CPU.ActiveCfg = Debug|Any CPU
		{B671DE5E-FBF5-45DF-A4B7-521608DBEF2C}.Debug|Any CPU.Build.0 = Debug|Any CPU
		{B671DE5E-FBF5-45DF-A4B7-521608DBEF2C}.Debug|x64.ActiveCfg = Debug|Any CPU
		{B671DE5E-FBF5-45DF-A4B7-521608DBEF2C}.Debug|x64.Build.0 = Debug|Any CPU
		{B671DE5E-FBF5-45DF-A4B7-521608DBEF2C}.Debug|x86.ActiveCfg = Debug|Any CPU
		{B671DE5E-FBF5-45DF-A4B7-521608DBEF2C}.Debug|x86.Build.0 = Debug|Any CPU
		{B671DE5E-FBF5-45DF-A4B7-521608DBEF2C}.Release|Any CPU.ActiveCfg = Release|Any CPU
		{B671DE5E-FBF5-45DF-A4B7-521608DBEF2C}.Release|Any CPU.Build.0 = Release|Any CPU
		{B671DE5E-FBF5-45DF-A4B7-521608DBEF2C}.Release|x64.ActiveCfg = Release|Any CPU
		{B671DE5E-FBF5-45DF-A4B7-521608DBEF2C}.Release|x64.Build.0 = Release|Any CPU
		{B671DE5E-FBF5-45DF-A4B7-521608DBEF2C}.Release|x86.ActiveCfg = Release|Any CPU
		{B671DE5E-FBF5-45DF-A4B7-521608DBEF2C}.Release|x86.Build.0 = Release|Any CPU
		{0B36FB05-F740-4D59-9F30-EE57C702326F}.Debug|Any CPU.ActiveCfg = Debug|Any CPU
		{0B36FB05-F740-4D59-9F30-EE57C702326F}.Debug|Any CPU.Build.0 = Debug|Any CPU
		{0B36FB05-F740-4D59-9F30-EE57C702326F}.Debug|x64.ActiveCfg = Debug|Any CPU
		{0B36FB05-F740-4D59-9F30-EE57C702326F}.Debug|x64.Build.0 = Debug|Any CPU
		{0B36FB05-F740-4D59-9F30-EE57C702326F}.Debug|x86.ActiveCfg = Debug|Any CPU
		{0B36FB05-F740-4D59-9F30-EE57C702326F}.Debug|x86.Build.0 = Debug|Any CPU
		{0B36FB05-F740-4D59-9F30-EE57C702326F}.Release|Any CPU.ActiveCfg = Release|Any CPU
		{0B36FB05-F740-4D59-9F30-EE57C702326F}.Release|Any CPU.Build.0 = Release|Any CPU
		{0B36FB05-F740-4D59-9F30-EE57C702326F}.Release|x64.ActiveCfg = Release|Any CPU
		{0B36FB05-F740-4D59-9F30-EE57C702326F}.Release|x64.Build.0 = Release|Any CPU
		{0B36FB05-F740-4D59-9F30-EE57C702326F}.Release|x86.ActiveCfg = Release|Any CPU
		{0B36FB05-F740-4D59-9F30-EE57C702326F}.Release|x86.Build.0 = Release|Any CPU
		{7D9A0D17-C17A-48DE-A40A-467E6BDAFEB9}.Debug|Any CPU.ActiveCfg = Debug|Any CPU
		{7D9A0D17-C17A-48DE-A40A-467E6BDAFEB9}.Debug|Any CPU.Build.0 = Debug|Any CPU
		{7D9A0D17-C17A-48DE-A40A-467E6BDAFEB9}.Debug|x64.ActiveCfg = Debug|Any CPU
		{7D9A0D17-C17A-48DE-A40A-467E6BDAFEB9}.Debug|x64.Build.0 = Debug|Any CPU
		{7D9A0D17-C17A-48DE-A40A-467E6BDAFEB9}.Debug|x86.ActiveCfg = Debug|Any CPU
		{7D9A0D17-C17A-48DE-A40A-467E6BDAFEB9}.Debug|x86.Build.0 = Debug|Any CPU
		{7D9A0D17-C17A-48DE-A40A-467E6BDAFEB9}.Release|Any CPU.ActiveCfg = Release|Any CPU
		{7D9A0D17-C17A-48DE-A40A-467E6BDAFEB9}.Release|Any CPU.Build.0 = Release|Any CPU
		{7D9A0D17-C17A-48DE-A40A-467E6BDAFEB9}.Release|x64.ActiveCfg = Release|Any CPU
		{7D9A0D17-C17A-48DE-A40A-467E6BDAFEB9}.Release|x64.Build.0 = Release|Any CPU
		{7D9A0D17-C17A-48DE-A40A-467E6BDAFEB9}.Release|x86.ActiveCfg = Release|Any CPU
		{7D9A0D17-C17A-48DE-A40A-467E6BDAFEB9}.Release|x86.Build.0 = Release|Any CPU
		{84D75333-B992-4AF9-9C03-770E3A334E52}.Debug|Any CPU.ActiveCfg = Debug|Any CPU
		{84D75333-B992-4AF9-9C03-770E3A334E52}.Debug|Any CPU.Build.0 = Debug|Any CPU
		{84D75333-B992-4AF9-9C03-770E3A334E52}.Debug|x64.ActiveCfg = Debug|Any CPU
		{84D75333-B992-4AF9-9C03-770E3A334E52}.Debug|x64.Build.0 = Debug|Any CPU
		{84D75333-B992-4AF9-9C03-770E3A334E52}.Debug|x86.ActiveCfg = Debug|Any CPU
		{84D75333-B992-4AF9-9C03-770E3A334E52}.Debug|x86.Build.0 = Debug|Any CPU
		{84D75333-B992-4AF9-9C03-770E3A334E52}.Release|Any CPU.ActiveCfg = Release|Any CPU
		{84D75333-B992-4AF9-9C03-770E3A334E52}.Release|Any CPU.Build.0 = Release|Any CPU
		{84D75333-B992-4AF9-9C03-770E3A334E52}.Release|x64.ActiveCfg = Release|Any CPU
		{84D75333-B992-4AF9-9C03-770E3A334E52}.Release|x64.Build.0 = Release|Any CPU
		{84D75333-B992-4AF9-9C03-770E3A334E52}.Release|x86.ActiveCfg = Release|Any CPU
		{84D75333-B992-4AF9-9C03-770E3A334E52}.Release|x86.Build.0 = Release|Any CPU
		{E180F0F4-CC13-49BC-8A63-EA0F2BCE2B99}.Debug|Any CPU.ActiveCfg = Debug|Any CPU
		{E180F0F4-CC13-49BC-8A63-EA0F2BCE2B99}.Debug|Any CPU.Build.0 = Debug|Any CPU
		{E180F0F4-CC13-49BC-8A63-EA0F2BCE2B99}.Debug|x64.ActiveCfg = Debug|Any CPU
		{E180F0F4-CC13-49BC-8A63-EA0F2BCE2B99}.Debug|x64.Build.0 = Debug|Any CPU
		{E180F0F4-CC13-49BC-8A63-EA0F2BCE2B99}.Debug|x86.ActiveCfg = Debug|Any CPU
		{E180F0F4-CC13-49BC-8A63-EA0F2BCE2B99}.Debug|x86.Build.0 = Debug|Any CPU
		{E180F0F4-CC13-49BC-8A63-EA0F2BCE2B99}.Release|Any CPU.ActiveCfg = Release|Any CPU
		{E180F0F4-CC13-49BC-8A63-EA0F2BCE2B99}.Release|Any CPU.Build.0 = Release|Any CPU
		{E180F0F4-CC13-49BC-8A63-EA0F2BCE2B99}.Release|x64.ActiveCfg = Release|Any CPU
		{E180F0F4-CC13-49BC-8A63-EA0F2BCE2B99}.Release|x64.Build.0 = Release|Any CPU
		{E180F0F4-CC13-49BC-8A63-EA0F2BCE2B99}.Release|x86.ActiveCfg = Release|Any CPU
		{E180F0F4-CC13-49BC-8A63-EA0F2BCE2B99}.Release|x86.Build.0 = Release|Any CPU
		{F18E780D-276A-4FFB-9EFF-B0ACFEB2085D}.Debug|Any CPU.ActiveCfg = Debug|Any CPU
		{F18E780D-276A-4FFB-9EFF-B0ACFEB2085D}.Debug|Any CPU.Build.0 = Debug|Any CPU
		{F18E780D-276A-4FFB-9EFF-B0ACFEB2085D}.Debug|x64.ActiveCfg = Debug|Any CPU
		{F18E780D-276A-4FFB-9EFF-B0ACFEB2085D}.Debug|x64.Build.0 = Debug|Any CPU
		{F18E780D-276A-4FFB-9EFF-B0ACFEB2085D}.Debug|x86.ActiveCfg = Debug|Any CPU
		{F18E780D-276A-4FFB-9EFF-B0ACFEB2085D}.Debug|x86.Build.0 = Debug|Any CPU
		{F18E780D-276A-4FFB-9EFF-B0ACFEB2085D}.Release|Any CPU.ActiveCfg = Release|Any CPU
		{F18E780D-276A-4FFB-9EFF-B0ACFEB2085D}.Release|Any CPU.Build.0 = Release|Any CPU
		{F18E780D-276A-4FFB-9EFF-B0ACFEB2085D}.Release|x64.ActiveCfg = Release|Any CPU
		{F18E780D-276A-4FFB-9EFF-B0ACFEB2085D}.Release|x64.Build.0 = Release|Any CPU
		{F18E780D-276A-4FFB-9EFF-B0ACFEB2085D}.Release|x86.ActiveCfg = Release|Any CPU
		{F18E780D-276A-4FFB-9EFF-B0ACFEB2085D}.Release|x86.Build.0 = Release|Any CPU
		{CF2B11C7-ABE9-4445-8AE8-C646FC12DB4A}.Debug|Any CPU.ActiveCfg = Debug|Any CPU
		{CF2B11C7-ABE9-4445-8AE8-C646FC12DB4A}.Debug|Any CPU.Build.0 = Debug|Any CPU
		{CF2B11C7-ABE9-4445-8AE8-C646FC12DB4A}.Debug|x64.ActiveCfg = Debug|Any CPU
		{CF2B11C7-ABE9-4445-8AE8-C646FC12DB4A}.Debug|x64.Build.0 = Debug|Any CPU
		{CF2B11C7-ABE9-4445-8AE8-C646FC12DB4A}.Debug|x86.ActiveCfg = Debug|Any CPU
		{CF2B11C7-ABE9-4445-8AE8-C646FC12DB4A}.Debug|x86.Build.0 = Debug|Any CPU
		{CF2B11C7-ABE9-4445-8AE8-C646FC12DB4A}.Release|Any CPU.ActiveCfg = Release|Any CPU
		{CF2B11C7-ABE9-4445-8AE8-C646FC12DB4A}.Release|Any CPU.Build.0 = Release|Any CPU
		{CF2B11C7-ABE9-4445-8AE8-C646FC12DB4A}.Release|x64.ActiveCfg = Release|Any CPU
		{CF2B11C7-ABE9-4445-8AE8-C646FC12DB4A}.Release|x64.Build.0 = Release|Any CPU
		{CF2B11C7-ABE9-4445-8AE8-C646FC12DB4A}.Release|x86.ActiveCfg = Release|Any CPU
		{CF2B11C7-ABE9-4445-8AE8-C646FC12DB4A}.Release|x86.Build.0 = Release|Any CPU
		{8C16F4A7-4BEC-495D-B43F-74213E044B0B}.Debug|Any CPU.ActiveCfg = Debug|Any CPU
		{8C16F4A7-4BEC-495D-B43F-74213E044B0B}.Debug|Any CPU.Build.0 = Debug|Any CPU
		{8C16F4A7-4BEC-495D-B43F-74213E044B0B}.Debug|x64.ActiveCfg = Debug|Any CPU
		{8C16F4A7-4BEC-495D-B43F-74213E044B0B}.Debug|x64.Build.0 = Debug|Any CPU
		{8C16F4A7-4BEC-495D-B43F-74213E044B0B}.Debug|x86.ActiveCfg = Debug|Any CPU
		{8C16F4A7-4BEC-495D-B43F-74213E044B0B}.Debug|x86.Build.0 = Debug|Any CPU
		{8C16F4A7-4BEC-495D-B43F-74213E044B0B}.Release|Any CPU.ActiveCfg = Release|Any CPU
		{8C16F4A7-4BEC-495D-B43F-74213E044B0B}.Release|Any CPU.Build.0 = Release|Any CPU
		{8C16F4A7-4BEC-495D-B43F-74213E044B0B}.Release|x64.ActiveCfg = Release|Any CPU
		{8C16F4A7-4BEC-495D-B43F-74213E044B0B}.Release|x64.Build.0 = Release|Any CPU
		{8C16F4A7-4BEC-495D-B43F-74213E044B0B}.Release|x86.ActiveCfg = Release|Any CPU
		{8C16F4A7-4BEC-495D-B43F-74213E044B0B}.Release|x86.Build.0 = Release|Any CPU
		{1FCEFF61-3DA3-4980-A805-A4224C6735A6}.Debug|Any CPU.ActiveCfg = Debug|Any CPU
		{1FCEFF61-3DA3-4980-A805-A4224C6735A6}.Debug|Any CPU.Build.0 = Debug|Any CPU
		{1FCEFF61-3DA3-4980-A805-A4224C6735A6}.Debug|x64.ActiveCfg = Debug|Any CPU
		{1FCEFF61-3DA3-4980-A805-A4224C6735A6}.Debug|x64.Build.0 = Debug|Any CPU
		{1FCEFF61-3DA3-4980-A805-A4224C6735A6}.Debug|x86.ActiveCfg = Debug|Any CPU
		{1FCEFF61-3DA3-4980-A805-A4224C6735A6}.Debug|x86.Build.0 = Debug|Any CPU
		{1FCEFF61-3DA3-4980-A805-A4224C6735A6}.Release|Any CPU.ActiveCfg = Release|Any CPU
		{1FCEFF61-3DA3-4980-A805-A4224C6735A6}.Release|Any CPU.Build.0 = Release|Any CPU
		{1FCEFF61-3DA3-4980-A805-A4224C6735A6}.Release|x64.ActiveCfg = Release|Any CPU
		{1FCEFF61-3DA3-4980-A805-A4224C6735A6}.Release|x64.Build.0 = Release|Any CPU
		{1FCEFF61-3DA3-4980-A805-A4224C6735A6}.Release|x86.ActiveCfg = Release|Any CPU
		{1FCEFF61-3DA3-4980-A805-A4224C6735A6}.Release|x86.Build.0 = Release|Any CPU
		{997F2ACE-F80B-4777-940D-8BF2286DDA0A}.Debug|Any CPU.ActiveCfg = Debug|Any CPU
		{997F2ACE-F80B-4777-940D-8BF2286DDA0A}.Debug|Any CPU.Build.0 = Debug|Any CPU
		{997F2ACE-F80B-4777-940D-8BF2286DDA0A}.Debug|x64.ActiveCfg = Debug|Any CPU
		{997F2ACE-F80B-4777-940D-8BF2286DDA0A}.Debug|x64.Build.0 = Debug|Any CPU
		{997F2ACE-F80B-4777-940D-8BF2286DDA0A}.Debug|x86.ActiveCfg = Debug|Any CPU
		{997F2ACE-F80B-4777-940D-8BF2286DDA0A}.Debug|x86.Build.0 = Debug|Any CPU
		{997F2ACE-F80B-4777-940D-8BF2286DDA0A}.Release|Any CPU.ActiveCfg = Release|Any CPU
		{997F2ACE-F80B-4777-940D-8BF2286DDA0A}.Release|Any CPU.Build.0 = Release|Any CPU
		{997F2ACE-F80B-4777-940D-8BF2286DDA0A}.Release|x64.ActiveCfg = Release|Any CPU
		{997F2ACE-F80B-4777-940D-8BF2286DDA0A}.Release|x64.Build.0 = Release|Any CPU
		{997F2ACE-F80B-4777-940D-8BF2286DDA0A}.Release|x86.ActiveCfg = Release|Any CPU
		{997F2ACE-F80B-4777-940D-8BF2286DDA0A}.Release|x86.Build.0 = Release|Any CPU
	EndGlobalSection
	GlobalSection(SolutionProperties) = preSolution
		HideSolutionNode = FALSE
	EndGlobalSection
	GlobalSection(ExtensibilityGlobals) = postSolution
		SolutionGuid = {C75216F3-86D2-41D4-81CB-7E5C43266E10}
	EndGlobalSection
EndGlobal
