
Microsoft Visual Studio Solution File, Format Version 12.00
# Visual Studio Version 17
VisualStudioVersion = 17.2.32630.192
MinimumVisualStudioVersion = 10.0.40219.1
Project("{9A19103F-16F7-4668-BE54-9A1E7A4F7556}") = "R5T.F0000", "R5T.F0000\R5T.F0000.csproj", "{D15DE205-BE89-4A42-8D3D-2C6A0CCAEC35}"
EndProject
Project("{2150E333-8FDC-42A3-9474-1A3956D46DE8}") = "_Dependencies", "_Dependencies", "{0D0FEF2D-829B-4B31-8E32-7C9632A25C10}"
EndProject
Project("{9A19103F-16F7-4668-BE54-9A1E7A4F7556}") = "R5T.T0132", "..\..\R5T.T0132\source\R5T.T0132\R5T.T0132.csproj", "{A218B47B-32F4-468F-9A67-874B0AAA347F}"
EndProject
Project("{9A19103F-16F7-4668-BE54-9A1E7A4F7556}") = "R5T.Z0000", "..\..\R5T.Z0000\source\R5T.Z0000\R5T.Z0000.csproj", "{65E0374F-86E2-41AE-A1EB-E048605F81A8}"
EndProject
Project("{9A19103F-16F7-4668-BE54-9A1E7A4F7556}") = "R5T.T0131", "..\..\R5T.T0131\source\R5T.T0131\R5T.T0131.csproj", "{BC818DC9-45A3-4C99-8961-4262270E36F3}"
EndProject
Project("{9A19103F-16F7-4668-BE54-9A1E7A4F7556}") = "R5T.Y0000", "..\..\R5T.Y0000\source\R5T.Y0000\R5T.Y0000.csproj", "{E5211945-BD5C-45FE-9BB3-A08EE1EB2AD0}"
EndProject
Project("{9A19103F-16F7-4668-BE54-9A1E7A4F7556}") = "R5T.T0142", "..\..\R5T.T0142\source\R5T.T0142\R5T.T0142.csproj", "{F98D834D-084C-481D-95CF-490D0BF61794}"
EndProject
Project("{9A19103F-16F7-4668-BE54-9A1E7A4F7556}") = "R5T.T0143", "..\..\R5T.T0143\source\R5T.T0143\R5T.T0143.csproj", "{AAD24A53-1798-40F0-B041-1113956B46C0}"
EndProject
Project("{9A19103F-16F7-4668-BE54-9A1E7A4F7556}") = "R5T.T0156", "..\..\R5T.T0156\source\R5T.T0156\R5T.T0156.csproj", "{218081ED-900F-4D8C-BA1B-2903A08053D2}"
EndProject
Project("{9A19103F-16F7-4668-BE54-9A1E7A4F7556}") = "R5T.L0053", "..\..\R5T.L0053\source\R5T.L0053\R5T.L0053.csproj", "{C9A59624-5926-47FF-9719-196873DE5E89}"
EndProject
Global
	GlobalSection(NestedProjects) = preSolution
		{A218B47B-32F4-468F-9A67-874B0AAA347F} = {0D0FEF2D-829B-4B31-8E32-7C9632A25C10}
		{65E0374F-86E2-41AE-A1EB-E048605F81A8} = {0D0FEF2D-829B-4B31-8E32-7C9632A25C10}
		{BC818DC9-45A3-4C99-8961-4262270E36F3} = {0D0FEF2D-829B-4B31-8E32-7C9632A25C10}
		{E5211945-BD5C-45FE-9BB3-A08EE1EB2AD0} = {0D0FEF2D-829B-4B31-8E32-7C9632A25C10}
		{F98D834D-084C-481D-95CF-490D0BF61794} = {0D0FEF2D-829B-4B31-8E32-7C9632A25C10}
		{AAD24A53-1798-40F0-B041-1113956B46C0} = {0D0FEF2D-829B-4B31-8E32-7C9632A25C10}
		{218081ED-900F-4D8C-BA1B-2903A08053D2} = {0D0FEF2D-829B-4B31-8E32-7C9632A25C10}
		{C9A59624-5926-47FF-9719-196873DE5E89} = {0D0FEF2D-829B-4B31-8E32-7C9632A25C10}
	EndGlobalSection
	GlobalSection(SolutionConfigurationPlatforms) = preSolution
		Debug|Any CPU = Debug|Any CPU
		Debug|x64 = Debug|x64
		Debug|x86 = Debug|x86
		Release|Any CPU = Release|Any CPU
		Release|x64 = Release|x64
		Release|x86 = Release|x86
	EndGlobalSection
	GlobalSection(ProjectConfigurationPlatforms) = postSolution
		{D15DE205-BE89-4A42-8D3D-2C6A0CCAEC35}.Debug|Any CPU.ActiveCfg = Debug|Any CPU
		{D15DE205-BE89-4A42-8D3D-2C6A0CCAEC35}.Debug|Any CPU.Build.0 = Debug|Any CPU
		{D15DE205-BE89-4A42-8D3D-2C6A0CCAEC35}.Debug|x64.ActiveCfg = Debug|Any CPU
		{D15DE205-BE89-4A42-8D3D-2C6A0CCAEC35}.Debug|x64.Build.0 = Debug|Any CPU
		{D15DE205-BE89-4A42-8D3D-2C6A0CCAEC35}.Debug|x86.ActiveCfg = Debug|Any CPU
		{D15DE205-BE89-4A42-8D3D-2C6A0CCAEC35}.Debug|x86.Build.0 = Debug|Any CPU
		{D15DE205-BE89-4A42-8D3D-2C6A0CCAEC35}.Release|Any CPU.ActiveCfg = Release|Any CPU
		{D15DE205-BE89-4A42-8D3D-2C6A0CCAEC35}.Release|Any CPU.Build.0 = Release|Any CPU
		{D15DE205-BE89-4A42-8D3D-2C6A0CCAEC35}.Release|x64.ActiveCfg = Release|Any CPU
		{D15DE205-BE89-4A42-8D3D-2C6A0CCAEC35}.Release|x64.Build.0 = Release|Any CPU
		{D15DE205-BE89-4A42-8D3D-2C6A0CCAEC35}.Release|x86.ActiveCfg = Release|Any CPU
		{D15DE205-BE89-4A42-8D3D-2C6A0CCAEC35}.Release|x86.Build.0 = Release|Any CPU
		{A218B47B-32F4-468F-9A67-874B0AAA347F}.Debug|Any CPU.ActiveCfg = Debug|Any CPU
		{A218B47B-32F4-468F-9A67-874B0AAA347F}.Debug|Any CPU.Build.0 = Debug|Any CPU
		{A218B47B-32F4-468F-9A67-874B0AAA347F}.Debug|x64.ActiveCfg = Debug|Any CPU
		{A218B47B-32F4-468F-9A67-874B0AAA347F}.Debug|x64.Build.0 = Debug|Any CPU
		{A218B47B-32F4-468F-9A67-874B0AAA347F}.Debug|x86.ActiveCfg = Debug|Any CPU
		{A218B47B-32F4-468F-9A67-874B0AAA347F}.Debug|x86.Build.0 = Debug|Any CPU
		{A218B47B-32F4-468F-9A67-874B0AAA347F}.Release|Any CPU.ActiveCfg = Release|Any CPU
		{A218B47B-32F4-468F-9A67-874B0AAA347F}.Release|Any CPU.Build.0 = Release|Any CPU
		{A218B47B-32F4-468F-9A67-874B0AAA347F}.Release|x64.ActiveCfg = Release|Any CPU
		{A218B47B-32F4-468F-9A67-874B0AAA347F}.Release|x64.Build.0 = Release|Any CPU
		{A218B47B-32F4-468F-9A67-874B0AAA347F}.Release|x86.ActiveCfg = Release|Any CPU
		{A218B47B-32F4-468F-9A67-874B0AAA347F}.Release|x86.Build.0 = Release|Any CPU
		{65E0374F-86E2-41AE-A1EB-E048605F81A8}.Debug|Any CPU.ActiveCfg = Debug|Any CPU
		{65E0374F-86E2-41AE-A1EB-E048605F81A8}.Debug|Any CPU.Build.0 = Debug|Any CPU
		{65E0374F-86E2-41AE-A1EB-E048605F81A8}.Debug|x64.ActiveCfg = Debug|Any CPU
		{65E0374F-86E2-41AE-A1EB-E048605F81A8}.Debug|x64.Build.0 = Debug|Any CPU
		{65E0374F-86E2-41AE-A1EB-E048605F81A8}.Debug|x86.ActiveCfg = Debug|Any CPU
		{65E0374F-86E2-41AE-A1EB-E048605F81A8}.Debug|x86.Build.0 = Debug|Any CPU
		{65E0374F-86E2-41AE-A1EB-E048605F81A8}.Release|Any CPU.ActiveCfg = Release|Any CPU
		{65E0374F-86E2-41AE-A1EB-E048605F81A8}.Release|Any CPU.Build.0 = Release|Any CPU
		{65E0374F-86E2-41AE-A1EB-E048605F81A8}.Release|x64.ActiveCfg = Release|Any CPU
		{65E0374F-86E2-41AE-A1EB-E048605F81A8}.Release|x64.Build.0 = Release|Any CPU
		{65E0374F-86E2-41AE-A1EB-E048605F81A8}.Release|x86.ActiveCfg = Release|Any CPU
		{65E0374F-86E2-41AE-A1EB-E048605F81A8}.Release|x86.Build.0 = Release|Any CPU
		{BC818DC9-45A3-4C99-8961-4262270E36F3}.Debug|Any CPU.ActiveCfg = Debug|Any CPU
		{BC818DC9-45A3-4C99-8961-4262270E36F3}.Debug|Any CPU.Build.0 = Debug|Any CPU
		{BC818DC9-45A3-4C99-8961-4262270E36F3}.Debug|x64.ActiveCfg = Debug|Any CPU
		{BC818DC9-45A3-4C99-8961-4262270E36F3}.Debug|x64.Build.0 = Debug|Any CPU
		{BC818DC9-45A3-4C99-8961-4262270E36F3}.Debug|x86.ActiveCfg = Debug|Any CPU
		{BC818DC9-45A3-4C99-8961-4262270E36F3}.Debug|x86.Build.0 = Debug|Any CPU
		{BC818DC9-45A3-4C99-8961-4262270E36F3}.Release|Any CPU.ActiveCfg = Release|Any CPU
		{BC818DC9-45A3-4C99-8961-4262270E36F3}.Release|Any CPU.Build.0 = Release|Any CPU
		{BC818DC9-45A3-4C99-8961-4262270E36F3}.Release|x64.ActiveCfg = Release|Any CPU
		{BC818DC9-45A3-4C99-8961-4262270E36F3}.Release|x64.Build.0 = Release|Any CPU
		{BC818DC9-45A3-4C99-8961-4262270E36F3}.Release|x86.ActiveCfg = Release|Any CPU
		{BC818DC9-45A3-4C99-8961-4262270E36F3}.Release|x86.Build.0 = Release|Any CPU
		{E5211945-BD5C-45FE-9BB3-A08EE1EB2AD0}.Debug|Any CPU.ActiveCfg = Debug|Any CPU
		{E5211945-BD5C-45FE-9BB3-A08EE1EB2AD0}.Debug|Any CPU.Build.0 = Debug|Any CPU
		{E5211945-BD5C-45FE-9BB3-A08EE1EB2AD0}.Debug|x64.ActiveCfg = Debug|Any CPU
		{E5211945-BD5C-45FE-9BB3-A08EE1EB2AD0}.Debug|x64.Build.0 = Debug|Any CPU
		{E5211945-BD5C-45FE-9BB3-A08EE1EB2AD0}.Debug|x86.ActiveCfg = Debug|Any CPU
		{E5211945-BD5C-45FE-9BB3-A08EE1EB2AD0}.Debug|x86.Build.0 = Debug|Any CPU
		{E5211945-BD5C-45FE-9BB3-A08EE1EB2AD0}.Release|Any CPU.ActiveCfg = Release|Any CPU
		{E5211945-BD5C-45FE-9BB3-A08EE1EB2AD0}.Release|Any CPU.Build.0 = Release|Any CPU
		{E5211945-BD5C-45FE-9BB3-A08EE1EB2AD0}.Release|x64.ActiveCfg = Release|Any CPU
		{E5211945-BD5C-45FE-9BB3-A08EE1EB2AD0}.Release|x64.Build.0 = Release|Any CPU
		{E5211945-BD5C-45FE-9BB3-A08EE1EB2AD0}.Release|x86.ActiveCfg = Release|Any CPU
		{E5211945-BD5C-45FE-9BB3-A08EE1EB2AD0}.Release|x86.Build.0 = Release|Any CPU
		{F98D834D-084C-481D-95CF-490D0BF61794}.Debug|Any CPU.ActiveCfg = Debug|Any CPU
		{F98D834D-084C-481D-95CF-490D0BF61794}.Debug|Any CPU.Build.0 = Debug|Any CPU
		{F98D834D-084C-481D-95CF-490D0BF61794}.Debug|x64.ActiveCfg = Debug|Any CPU
		{F98D834D-084C-481D-95CF-490D0BF61794}.Debug|x64.Build.0 = Debug|Any CPU
		{F98D834D-084C-481D-95CF-490D0BF61794}.Debug|x86.ActiveCfg = Debug|Any CPU
		{F98D834D-084C-481D-95CF-490D0BF61794}.Debug|x86.Build.0 = Debug|Any CPU
		{F98D834D-084C-481D-95CF-490D0BF61794}.Release|Any CPU.ActiveCfg = Release|Any CPU
		{F98D834D-084C-481D-95CF-490D0BF61794}.Release|Any CPU.Build.0 = Release|Any CPU
		{F98D834D-084C-481D-95CF-490D0BF61794}.Release|x64.ActiveCfg = Release|Any CPU
		{F98D834D-084C-481D-95CF-490D0BF61794}.Release|x64.Build.0 = Release|Any CPU
		{F98D834D-084C-481D-95CF-490D0BF61794}.Release|x86.ActiveCfg = Release|Any CPU
		{F98D834D-084C-481D-95CF-490D0BF61794}.Release|x86.Build.0 = Release|Any CPU
		{AAD24A53-1798-40F0-B041-1113956B46C0}.Debug|Any CPU.ActiveCfg = Debug|Any CPU
		{AAD24A53-1798-40F0-B041-1113956B46C0}.Debug|Any CPU.Build.0 = Debug|Any CPU
		{AAD24A53-1798-40F0-B041-1113956B46C0}.Debug|x64.ActiveCfg = Debug|Any CPU
		{AAD24A53-1798-40F0-B041-1113956B46C0}.Debug|x64.Build.0 = Debug|Any CPU
		{AAD24A53-1798-40F0-B041-1113956B46C0}.Debug|x86.ActiveCfg = Debug|Any CPU
		{AAD24A53-1798-40F0-B041-1113956B46C0}.Debug|x86.Build.0 = Debug|Any CPU
		{AAD24A53-1798-40F0-B041-1113956B46C0}.Release|Any CPU.ActiveCfg = Release|Any CPU
		{AAD24A53-1798-40F0-B041-1113956B46C0}.Release|Any CPU.Build.0 = Release|Any CPU
		{AAD24A53-1798-40F0-B041-1113956B46C0}.Release|x64.ActiveCfg = Release|Any CPU
		{AAD24A53-1798-40F0-B041-1113956B46C0}.Release|x64.Build.0 = Release|Any CPU
		{AAD24A53-1798-40F0-B041-1113956B46C0}.Release|x86.ActiveCfg = Release|Any CPU
		{AAD24A53-1798-40F0-B041-1113956B46C0}.Release|x86.Build.0 = Release|Any CPU
		{218081ED-900F-4D8C-BA1B-2903A08053D2}.Debug|Any CPU.ActiveCfg = Debug|Any CPU
		{218081ED-900F-4D8C-BA1B-2903A08053D2}.Debug|Any CPU.Build.0 = Debug|Any CPU
		{218081ED-900F-4D8C-BA1B-2903A08053D2}.Debug|x64.ActiveCfg = Debug|Any CPU
		{218081ED-900F-4D8C-BA1B-2903A08053D2}.Debug|x64.Build.0 = Debug|Any CPU
		{218081ED-900F-4D8C-BA1B-2903A08053D2}.Debug|x86.ActiveCfg = Debug|Any CPU
		{218081ED-900F-4D8C-BA1B-2903A08053D2}.Debug|x86.Build.0 = Debug|Any CPU
		{218081ED-900F-4D8C-BA1B-2903A08053D2}.Release|Any CPU.ActiveCfg = Release|Any CPU
		{218081ED-900F-4D8C-BA1B-2903A08053D2}.Release|Any CPU.Build.0 = Release|Any CPU
		{218081ED-900F-4D8C-BA1B-2903A08053D2}.Release|x64.ActiveCfg = Release|Any CPU
		{218081ED-900F-4D8C-BA1B-2903A08053D2}.Release|x64.Build.0 = Release|Any CPU
		{218081ED-900F-4D8C-BA1B-2903A08053D2}.Release|x86.ActiveCfg = Release|Any CPU
		{218081ED-900F-4D8C-BA1B-2903A08053D2}.Release|x86.Build.0 = Release|Any CPU
		{C9A59624-5926-47FF-9719-196873DE5E89}.Debug|Any CPU.ActiveCfg = Debug|Any CPU
		{C9A59624-5926-47FF-9719-196873DE5E89}.Debug|Any CPU.Build.0 = Debug|Any CPU
		{C9A59624-5926-47FF-9719-196873DE5E89}.Debug|x64.ActiveCfg = Debug|Any CPU
		{C9A59624-5926-47FF-9719-196873DE5E89}.Debug|x64.Build.0 = Debug|Any CPU
		{C9A59624-5926-47FF-9719-196873DE5E89}.Debug|x86.ActiveCfg = Debug|Any CPU
		{C9A59624-5926-47FF-9719-196873DE5E89}.Debug|x86.Build.0 = Debug|Any CPU
		{C9A59624-5926-47FF-9719-196873DE5E89}.Release|Any CPU.ActiveCfg = Release|Any CPU
		{C9A59624-5926-47FF-9719-196873DE5E89}.Release|Any CPU.Build.0 = Release|Any CPU
		{C9A59624-5926-47FF-9719-196873DE5E89}.Release|x64.ActiveCfg = Release|Any CPU
		{C9A59624-5926-47FF-9719-196873DE5E89}.Release|x64.Build.0 = Release|Any CPU
		{C9A59624-5926-47FF-9719-196873DE5E89}.Release|x86.ActiveCfg = Release|Any CPU
		{C9A59624-5926-47FF-9719-196873DE5E89}.Release|x86.Build.0 = Release|Any CPU
	EndGlobalSection
	GlobalSection(SolutionProperties) = preSolution
		HideSolutionNode = FALSE
	EndGlobalSection
	GlobalSection(ExtensibilityGlobals) = postSolution
		SolutionGuid = {C7264B90-C9AE-4D0E-8DC2-B8DF3202D756}
	EndGlobalSection
EndGlobal
